
Microsoft Visual Studio Solution File, Format Version 11.00
# Visual Studio Version 16
Project("{8BC9CEB8-8B4A-11D0-8D11-00A0C91BC942}") = "3d", "3d.vcxproj", "{287981C2-52A6-4961-9736-1984FF6309A4}"
EndProject
Project("{8BC9CEB8-8B4A-11D0-8D11-00A0C91BC942}") = "asyncio", "asyncio.vcxproj", "{08EAA56B-28E1-4450-B6C9-59D4ECE42089}"
EndProject
Project("{8BC9CEB8-8B4A-11D0-8D11-00A0C91BC942}") = "channel_groups", "channel_groups.vcxproj", "{6155496F-EFAF-4786-93E9-78D16B78DC4A}"
EndProject
Project("{8BC9CEB8-8B4A-11D0-8D11-00A0C91BC942}") = "convolution_reverb", "convolution_reverb.vcxproj", "{20ABAC78-9096-4960-AF6E-4078FA72B55B}"
EndProject
Project("{8BC9CEB8-8B4A-11D0-8D11-00A0C91BC942}") = "dsp_custom", "dsp_custom.vcxproj", "{3E3DDF2D-7DD4-4807-B961-DD348B28AD6D}"
EndProject
Project("{8BC9CEB8-8B4A-11D0-8D11-00A0C91BC942}") = "dsp_effect_per_speaker", "dsp_effect_per_speaker.vcxproj", "{255B53D9-4404-4245-8DB6-D3FD46620E6E}"
EndProject
Project("{8BC9CEB8-8B4A-11D0-8D11-00A0C91BC942}") = "dsp_inspector", "dsp_inspector.vcxproj", "{708AB448-969D-453D-BA00-B3650DBA0418}"
EndProject
Project("{8BC9CEB8-8B4A-11D0-8D11-00A0C91BC942}") = "effects", "effects.vcxproj", "{F2D7AA3B-556D-4D26-8611-8E62D3698F12}"
EndProject
Project("{8BC9CEB8-8B4A-11D0-8D11-00A0C91BC942}") = "gapless_playback", "gapless_playback.vcxproj", "{E3F227BD-D906-40ED-91E5-0123203292AC}"
EndProject
Project("{8BC9CEB8-8B4A-11D0-8D11-00A0C91BC942}") = "generate_tone", "generate_tone.vcxproj", "{F50288AE-D413-4A2A-A017-329A26625047}"
EndProject
Project("{8BC9CEB8-8B4A-11D0-8D11-00A0C91BC942}") = "granular_synth", "granular_synth.vcxproj", "{FEF02623-C6F8-4B73-8A70-B917A82F6C98}"
EndProject
Project("{8BC9CEB8-8B4A-11D0-8D11-00A0C91BC942}") = "load_from_memory", "load_from_memory.vcxproj", "{E1E61D05-F3C7-421E-B931-9C2E0926318C}"
EndProject
Project("{8BC9CEB8-8B4A-11D0-8D11-00A0C91BC942}") = "multiple_speaker", "multiple_speaker.vcxproj", "{217C9C5D-A6D8-4EA3-B017-93C00CB72B23}"
EndProject
Project("{8BC9CEB8-8B4A-11D0-8D11-00A0C91BC942}") = "multiple_system", "multiple_system.vcxproj", "{220A9A99-E6F3-48E0-94A1-C882FF147E9D}"
EndProject
Project("{8BC9CEB8-8B4A-11D0-8D11-00A0C91BC942}") = "net_stream", "net_stream.vcxproj", "{9A73EC4D-3EC9-4E95-90E7-864024C8C99E}"
EndProject
Project("{8BC9CEB8-8B4A-11D0-8D11-00A0C91BC942}") = "play_sound", "play_sound.vcxproj", "{5E7F1F4C-8C02-4658-A071-4B6B297EA027}"
EndProject
Project("{8BC9CEB8-8B4A-11D0-8D11-00A0C91BC942}") = "play_stream", "play_stream.vcxproj", "{844A9B84-2345-4E28-8937-4DD41CADE9D4}"
EndProject
Project("{8BC9CEB8-8B4A-11D0-8D11-00A0C91BC942}") = "record", "record.vcxproj", "{32185213-4598-4237-A869-9F565BB52B42}"
EndProject
Project("{8BC9CEB8-8B4A-11D0-8D11-00A0C91BC942}") = "record_enumeration", "record_enumeration.vcxproj", "{2A5D4631-9D64-4E64-8045-3A6964261DB8}"
EndProject
Project("{8BC9CEB8-8B4A-11D0-8D11-00A0C91BC942}") = "user_created_sound", "user_created_sound.vcxproj", "{CE977500-DEAB-4C27-B63A-D3CA6F7C8F9F}"
EndProject
Project("{8BC9CEB8-8B4A-11D0-8D11-00A0C91BC942}") = "fmod_codec_raw", "fmod_codec_raw.vcxproj", "{F78D48E5-C950-4A63-8D69-FD42B3235620}"
EndProject
Project("{8BC9CEB8-8B4A-11D0-8D11-00A0C91BC942}") = "fmod_distance_filter", "fmod_distance_filter.vcxproj", "{504CDE1A-25CD-4510-A843-B6127E583214}"
EndProject
Project("{8BC9CEB8-8B4A-11D0-8D11-00A0C91BC942}") = "fmod_gain", "fmod_gain.vcxproj", "{91B77607-21C7-4B22-95EB-4FA4F61255FE}"
EndProject
Project("{8BC9CEB8-8B4A-11D0-8D11-00A0C91BC942}") = "fmod_noise", "fmod_noise.vcxproj", "{E6F738AC-CC68-46B8-845B-50EA6548DA90}"
EndProject
Project("{8BC9CEB8-8B4A-11D0-8D11-00A0C91BC942}") = "output_mp3", "output_mp3.vcxproj", "{AD49F1D5-C111-4563-AEE4-9206FA8EA82A}"
EndProject
Global
	GlobalSection(SolutionConfigurationPlatforms) = preSolution
		Debug|Win32 = Debug|Win32
		Debug|x64 = Debug|x64
		Debug|ARM64 = Debug|ARM64
		Release|Win32 = Release|Win32
		Release|x64 = Release|x64
		Release|ARM64 = Release|ARM64
	EndGlobalSection
	GlobalSection(ProjectConfigurationPlatforms) = postSolution
		{287981C2-52A6-4961-9736-1984FF6309A4}.Debug|Win32.ActiveCfg = Debug|Win32
		{287981C2-52A6-4961-9736-1984FF6309A4}.Debug|Win32.Build.0 = Debug|Win32
		{287981C2-52A6-4961-9736-1984FF6309A4}.Debug|Win32.Deploy.0 = Debug|Win32
		{287981C2-52A6-4961-9736-1984FF6309A4}.Debug|x64.ActiveCfg = Debug|x64
		{287981C2-52A6-4961-9736-1984FF6309A4}.Debug|x64.Build.0 = Debug|x64
		{287981C2-52A6-4961-9736-1984FF6309A4}.Debug|x64.Deploy.0 = Debug|x64
		{287981C2-52A6-4961-9736-1984FF6309A4}.Debug|ARM64.ActiveCfg = Debug|ARM64
		{287981C2-52A6-4961-9736-1984FF6309A4}.Debug|ARM64.Build.0 = Debug|ARM64
		{287981C2-52A6-4961-9736-1984FF6309A4}.Debug|ARM64.Deploy.0 = Debug|ARM64
		{287981C2-52A6-4961-9736-1984FF6309A4}.Release|Win32.ActiveCfg = Release|Win32
		{287981C2-52A6-4961-9736-1984FF6309A4}.Release|Win32.Build.0 = Release|Win32
		{287981C2-52A6-4961-9736-1984FF6309A4}.Release|Win32.Deploy.0 = Release|Win32
		{287981C2-52A6-4961-9736-1984FF6309A4}.Release|x64.ActiveCfg = Release|x64
		{287981C2-52A6-4961-9736-1984FF6309A4}.Release|x64.Build.0 = Release|x64
		{287981C2-52A6-4961-9736-1984FF6309A4}.Release|x64.Deploy.0 = Release|x64
		{287981C2-52A6-4961-9736-1984FF6309A4}.Release|ARM64.ActiveCfg = Release|ARM64
		{287981C2-52A6-4961-9736-1984FF6309A4}.Release|ARM64.Build.0 = Release|ARM64
		{287981C2-52A6-4961-9736-1984FF6309A4}.Release|ARM64.Deploy.0 = Release|ARM64
		{08EAA56B-28E1-4450-B6C9-59D4ECE42089}.Debug|Win32.ActiveCfg = Debug|Win32
		{08EAA56B-28E1-4450-B6C9-59D4ECE42089}.Debug|Win32.Build.0 = Debug|Win32
		{08EAA56B-28E1-4450-B6C9-59D4ECE42089}.Debug|Win32.Deploy.0 = Debug|Win32
		{08EAA56B-28E1-4450-B6C9-59D4ECE42089}.Debug|x64.ActiveCfg = Debug|x64
		{08EAA56B-28E1-4450-B6C9-59D4ECE42089}.Debug|x64.Build.0 = Debug|x64
		{08EAA56B-28E1-4450-B6C9-59D4ECE42089}.Debug|x64.Deploy.0 = Debug|x64
		{08EAA56B-28E1-4450-B6C9-59D4ECE42089}.Debug|ARM64.ActiveCfg = Debug|ARM64
		{08EAA56B-28E1-4450-B6C9-59D4ECE42089}.Debug|ARM64.Build.0 = Debug|ARM64
		{08EAA56B-28E1-4450-B6C9-59D4ECE42089}.Debug|ARM64.Deploy.0 = Debug|ARM64
		{08EAA56B-28E1-4450-B6C9-59D4ECE42089}.Release|Win32.ActiveCfg = Release|Win32
		{08EAA56B-28E1-4450-B6C9-59D4ECE42089}.Release|Win32.Build.0 = Release|Win32
		{08EAA56B-28E1-4450-B6C9-59D4ECE42089}.Release|Win32.Deploy.0 = Release|Win32
		{08EAA56B-28E1-4450-B6C9-59D4ECE42089}.Release|x64.ActiveCfg = Release|x64
		{08EAA56B-28E1-4450-B6C9-59D4ECE42089}.Release|x64.Build.0 = Release|x64
		{08EAA56B-28E1-4450-B6C9-59D4ECE42089}.Release|x64.Deploy.0 = Release|x64
		{08EAA56B-28E1-4450-B6C9-59D4ECE42089}.Release|ARM64.ActiveCfg = Release|ARM64
		{08EAA56B-28E1-4450-B6C9-59D4ECE42089}.Release|ARM64.Build.0 = Release|ARM64
		{08EAA56B-28E1-4450-B6C9-59D4ECE42089}.Release|ARM64.Deploy.0 = Release|ARM64
		{6155496F-EFAF-4786-93E9-78D16B78DC4A}.Debug|Win32.ActiveCfg = Debug|Win32
		{6155496F-EFAF-4786-93E9-78D16B78DC4A}.Debug|Win32.Build.0 = Debug|Win32
		{6155496F-EFAF-4786-93E9-78D16B78DC4A}.Debug|Win32.Deploy.0 = Debug|Win32
		{6155496F-EFAF-4786-93E9-78D16B78DC4A}.Debug|x64.ActiveCfg = Debug|x64
		{6155496F-EFAF-4786-93E9-78D16B78DC4A}.Debug|x64.Build.0 = Debug|x64
		{6155496F-EFAF-4786-93E9-78D16B78DC4A}.Debug|x64.Deploy.0 = Debug|x64
		{6155496F-EFAF-4786-93E9-78D16B78DC4A}.Debug|ARM64.ActiveCfg = Debug|ARM64
		{6155496F-EFAF-4786-93E9-78D16B78DC4A}.Debug|ARM64.Build.0 = Debug|ARM64
		{6155496F-EFAF-4786-93E9-78D16B78DC4A}.Debug|ARM64.Deploy.0 = Debug|ARM64
		{6155496F-EFAF-4786-93E9-78D16B78DC4A}.Release|Win32.ActiveCfg = Release|Win32
		{6155496F-EFAF-4786-93E9-78D16B78DC4A}.Release|Win32.Build.0 = Release|Win32
		{6155496F-EFAF-4786-93E9-78D16B78DC4A}.Release|Win32.Deploy.0 = Release|Win32
		{6155496F-EFAF-4786-93E9-78D16B78DC4A}.Release|x64.ActiveCfg = Release|x64
		{6155496F-EFAF-4786-93E9-78D16B78DC4A}.Release|x64.Build.0 = Release|x64
		{6155496F-EFAF-4786-93E9-78D16B78DC4A}.Release|x64.Deploy.0 = Release|x64
		{6155496F-EFAF-4786-93E9-78D16B78DC4A}.Release|ARM64.ActiveCfg = Release|ARM64
		{6155496F-EFAF-4786-93E9-78D16B78DC4A}.Release|ARM64.Build.0 = Release|ARM64
		{6155496F-EFAF-4786-93E9-78D16B78DC4A}.Release|ARM64.Deploy.0 = Release|ARM64
		{20ABAC78-9096-4960-AF6E-4078FA72B55B}.Debug|Win32.ActiveCfg = Debug|Win32
		{20ABAC78-9096-4960-AF6E-4078FA72B55B}.Debug|Win32.Build.0 = Debug|Win32
		{20ABAC78-9096-4960-AF6E-4078FA72B55B}.Debug|Win32.Deploy.0 = Debug|Win32
		{20ABAC78-9096-4960-AF6E-4078FA72B55B}.Debug|x64.ActiveCfg = Debug|x64
		{20ABAC78-9096-4960-AF6E-4078FA72B55B}.Debug|x64.Build.0 = Debug|x64
		{20ABAC78-9096-4960-AF6E-4078FA72B55B}.Debug|x64.Deploy.0 = Debug|x64
		{20ABAC78-9096-4960-AF6E-4078FA72B55B}.Debug|ARM64.ActiveCfg = Debug|ARM64
		{20ABAC78-9096-4960-AF6E-4078FA72B55B}.Debug|ARM64.Build.0 = Debug|ARM64
		{20ABAC78-9096-4960-AF6E-4078FA72B55B}.Debug|ARM64.Deploy.0 = Debug|ARM64
		{20ABAC78-9096-4960-AF6E-4078FA72B55B}.Release|Win32.ActiveCfg = Release|Win32
		{20ABAC78-9096-4960-AF6E-4078FA72B55B}.Release|Win32.Build.0 = Release|Win32
		{20ABAC78-9096-4960-AF6E-4078FA72B55B}.Release|Win32.Deploy.0 = Release|Win32
		{20ABAC78-9096-4960-AF6E-4078FA72B55B}.Release|x64.ActiveCfg = Release|x64
		{20ABAC78-9096-4960-AF6E-4078FA72B55B}.Release|x64.Build.0 = Release|x64
		{20ABAC78-9096-4960-AF6E-4078FA72B55B}.Release|x64.Deploy.0 = Release|x64
		{20ABAC78-9096-4960-AF6E-4078FA72B55B}.Release|ARM64.ActiveCfg = Release|ARM64
		{20ABAC78-9096-4960-AF6E-4078FA72B55B}.Release|ARM64.Build.0 = Release|ARM64
		{20ABAC78-9096-4960-AF6E-4078FA72B55B}.Release|ARM64.Deploy.0 = Release|ARM64
		{3E3DDF2D-7DD4-4807-B961-DD348B28AD6D}.Debug|Win32.ActiveCfg = Debug|Win32
		{3E3DDF2D-7DD4-4807-B961-DD348B28AD6D}.Debug|Win32.Build.0 = Debug|Win32
		{3E3DDF2D-7DD4-4807-B961-DD348B28AD6D}.Debug|Win32.Deploy.0 = Debug|Win32
		{3E3DDF2D-7DD4-4807-B961-DD348B28AD6D}.Debug|x64.ActiveCfg = Debug|x64
		{3E3DDF2D-7DD4-4807-B961-DD348B28AD6D}.Debug|x64.Build.0 = Debug|x64
		{3E3DDF2D-7DD4-4807-B961-DD348B28AD6D}.Debug|x64.Deploy.0 = Debug|x64
		{3E3DDF2D-7DD4-4807-B961-DD348B28AD6D}.Debug|ARM64.ActiveCfg = Debug|ARM64
		{3E3DDF2D-7DD4-4807-B961-DD348B28AD6D}.Debug|ARM64.Build.0 = Debug|ARM64
		{3E3DDF2D-7DD4-4807-B961-DD348B28AD6D}.Debug|ARM64.Deploy.0 = Debug|ARM64
		{3E3DDF2D-7DD4-4807-B961-DD348B28AD6D}.Release|Win32.ActiveCfg = Release|Win32
		{3E3DDF2D-7DD4-4807-B961-DD348B28AD6D}.Release|Win32.Build.0 = Release|Win32
		{3E3DDF2D-7DD4-4807-B961-DD348B28AD6D}.Release|Win32.Deploy.0 = Release|Win32
		{3E3DDF2D-7DD4-4807-B961-DD348B28AD6D}.Release|x64.ActiveCfg = Release|x64
		{3E3DDF2D-7DD4-4807-B961-DD348B28AD6D}.Release|x64.Build.0 = Release|x64
		{3E3DDF2D-7DD4-4807-B961-DD348B28AD6D}.Release|x64.Deploy.0 = Release|x64
		{3E3DDF2D-7DD4-4807-B961-DD348B28AD6D}.Release|ARM64.ActiveCfg = Release|ARM64
		{3E3DDF2D-7DD4-4807-B961-DD348B28AD6D}.Release|ARM64.Build.0 = Release|ARM64
		{3E3DDF2D-7DD4-4807-B961-DD348B28AD6D}.Release|ARM64.Deploy.0 = Release|ARM64
		{255B53D9-4404-4245-8DB6-D3FD46620E6E}.Debug|Win32.ActiveCfg = Debug|Win32
		{255B53D9-4404-4245-8DB6-D3FD46620E6E}.Debug|Win32.Build.0 = Debug|Win32
		{255B53D9-4404-4245-8DB6-D3FD46620E6E}.Debug|Win32.Deploy.0 = Debug|Win32
		{255B53D9-4404-4245-8DB6-D3FD46620E6E}.Debug|x64.ActiveCfg = Debug|x64
		{255B53D9-4404-4245-8DB6-D3FD46620E6E}.Debug|x64.Build.0 = Debug|x64
		{255B53D9-4404-4245-8DB6-D3FD46620E6E}.Debug|x64.Deploy.0 = Debug|x64
		{255B53D9-4404-4245-8DB6-D3FD46620E6E}.Debug|ARM64.ActiveCfg = Debug|ARM64
		{255B53D9-4404-4245-8DB6-D3FD46620E6E}.Debug|ARM64.Build.0 = Debug|ARM64
		{255B53D9-4404-4245-8DB6-D3FD46620E6E}.Debug|ARM64.Deploy.0 = Debug|ARM64
		{255B53D9-4404-4245-8DB6-D3FD46620E6E}.Release|Win32.ActiveCfg = Release|Win32
		{255B53D9-4404-4245-8DB6-D3FD46620E6E}.Release|Win32.Build.0 = Release|Win32
		{255B53D9-4404-4245-8DB6-D3FD46620E6E}.Release|Win32.Deploy.0 = Release|Win32
		{255B53D9-4404-4245-8DB6-D3FD46620E6E}.Release|x64.ActiveCfg = Release|x64
		{255B53D9-4404-4245-8DB6-D3FD46620E6E}.Release|x64.Build.0 = Release|x64
		{255B53D9-4404-4245-8DB6-D3FD46620E6E}.Release|x64.Deploy.0 = Release|x64
		{255B53D9-4404-4245-8DB6-D3FD46620E6E}.Release|ARM64.ActiveCfg = Release|ARM64
		{255B53D9-4404-4245-8DB6-D3FD46620E6E}.Release|ARM64.Build.0 = Release|ARM64
		{255B53D9-4404-4245-8DB6-D3FD46620E6E}.Release|ARM64.Deploy.0 = Release|ARM64
		{708AB448-969D-453D-BA00-B3650DBA0418}.Debug|Win32.ActiveCfg = Debug|Win32
		{708AB448-969D-453D-BA00-B3650DBA0418}.Debug|Win32.Build.0 = Debug|Win32
		{708AB448-969D-453D-BA00-B3650DBA0418}.Debug|Win32.Deploy.0 = Debug|Win32
		{708AB448-969D-453D-BA00-B3650DBA0418}.Debug|x64.ActiveCfg = Debug|x64
		{708AB448-969D-453D-BA00-B3650DBA0418}.Debug|x64.Build.0 = Debug|x64
		{708AB448-969D-453D-BA00-B3650DBA0418}.Debug|x64.Deploy.0 = Debug|x64
		{708AB448-969D-453D-BA00-B3650DBA0418}.Debug|ARM64.ActiveCfg = Debug|ARM64
		{708AB448-969D-453D-BA00-B3650DBA0418}.Debug|ARM64.Build.0 = Debug|ARM64
		{708AB448-969D-453D-BA00-B3650DBA0418}.Debug|ARM64.Deploy.0 = Debug|ARM64
		{708AB448-969D-453D-BA00-B3650DBA0418}.Release|Win32.ActiveCfg = Release|Win32
		{708AB448-969D-453D-BA00-B3650DBA0418}.Release|Win32.Build.0 = Release|Win32
		{708AB448-969D-453D-BA00-B3650DBA0418}.Release|Win32.Deploy.0 = Release|Win32
		{708AB448-969D-453D-BA00-B3650DBA0418}.Release|x64.ActiveCfg = Release|x64
		{708AB448-969D-453D-BA00-B3650DBA0418}.Release|x64.Build.0 = Release|x64
		{708AB448-969D-453D-BA00-B3650DBA0418}.Release|x64.Deploy.0 = Release|x64
		{708AB448-969D-453D-BA00-B3650DBA0418}.Release|ARM64.ActiveCfg = Release|ARM64
		{708AB448-969D-453D-BA00-B3650DBA0418}.Release|ARM64.Build.0 = Release|ARM64
		{708AB448-969D-453D-BA00-B3650DBA0418}.Release|ARM64.Deploy.0 = Release|ARM64
		{F2D7AA3B-556D-4D26-8611-8E62D3698F12}.Debug|Win32.ActiveCfg = Debug|Win32
		{F2D7AA3B-556D-4D26-8611-8E62D3698F12}.Debug|Win32.Build.0 = Debug|Win32
		{F2D7AA3B-556D-4D26-8611-8E62D3698F12}.Debug|Win32.Deploy.0 = Debug|Win32
		{F2D7AA3B-556D-4D26-8611-8E62D3698F12}.Debug|x64.ActiveCfg = Debug|x64
		{F2D7AA3B-556D-4D26-8611-8E62D3698F12}.Debug|x64.Build.0 = Debug|x64
		{F2D7AA3B-556D-4D26-8611-8E62D3698F12}.Debug|x64.Deploy.0 = Debug|x64
		{F2D7AA3B-556D-4D26-8611-8E62D3698F12}.Debug|ARM64.ActiveCfg = Debug|ARM64
		{F2D7AA3B-556D-4D26-8611-8E62D3698F12}.Debug|ARM64.Build.0 = Debug|ARM64
		{F2D7AA3B-556D-4D26-8611-8E62D3698F12}.Debug|ARM64.Deploy.0 = Debug|ARM64
		{F2D7AA3B-556D-4D26-8611-8E62D3698F12}.Release|Win32.ActiveCfg = Release|Win32
		{F2D7AA3B-556D-4D26-8611-8E62D3698F12}.Release|Win32.Build.0 = Release|Win32
		{F2D7AA3B-556D-4D26-8611-8E62D3698F12}.Release|Win32.Deploy.0 = Release|Win32
		{F2D7AA3B-556D-4D26-8611-8E62D3698F12}.Release|x64.ActiveCfg = Release|x64
		{F2D7AA3B-556D-4D26-8611-8E62D3698F12}.Release|x64.Build.0 = Release|x64
		{F2D7AA3B-556D-4D26-8611-8E62D3698F12}.Release|x64.Deploy.0 = Release|x64
		{F2D7AA3B-556D-4D26-8611-8E62D3698F12}.Release|ARM64.ActiveCfg = Release|ARM64
		{F2D7AA3B-556D-4D26-8611-8E62D3698F12}.Release|ARM64.Build.0 = Release|ARM64
		{F2D7AA3B-556D-4D26-8611-8E62D3698F12}.Release|ARM64.Deploy.0 = Release|ARM64
		{E3F227BD-D906-40ED-91E5-0123203292AC}.Debug|Win32.ActiveCfg = Debug|Win32
		{E3F227BD-D906-40ED-91E5-0123203292AC}.Debug|Win32.Build.0 = Debug|Win32
		{E3F227BD-D906-40ED-91E5-0123203292AC}.Debug|Win32.Deploy.0 = Debug|Win32
		{E3F227BD-D906-40ED-91E5-0123203292AC}.Debug|x64.ActiveCfg = Debug|x64
		{E3F227BD-D906-40ED-91E5-0123203292AC}.Debug|x64.Build.0 = Debug|x64
		{E3F227BD-D906-40ED-91E5-0123203292AC}.Debug|x64.Deploy.0 = Debug|x64
		{E3F227BD-D906-40ED-91E5-0123203292AC}.Debug|ARM64.ActiveCfg = Debug|ARM64
		{E3F227BD-D906-40ED-91E5-0123203292AC}.Debug|ARM64.Build.0 = Debug|ARM64
		{E3F227BD-D906-40ED-91E5-0123203292AC}.Debug|ARM64.Deploy.0 = Debug|ARM64
		{E3F227BD-D906-40ED-91E5-0123203292AC}.Release|Win32.ActiveCfg = Release|Win32
		{E3F227BD-D906-40ED-91E5-0123203292AC}.Release|Win32.Build.0 = Release|Win32
		{E3F227BD-D906-40ED-91E5-0123203292AC}.Release|Win32.Deploy.0 = Release|Win32
		{E3F227BD-D906-40ED-91E5-0123203292AC}.Release|x64.ActiveCfg = Release|x64
		{E3F227BD-D906-40ED-91E5-0123203292AC}.Release|x64.Build.0 = Release|x64
		{E3F227BD-D906-40ED-91E5-0123203292AC}.Release|x64.Deploy.0 = Release|x64
		{E3F227BD-D906-40ED-91E5-0123203292AC}.Release|ARM64.ActiveCfg = Release|ARM64
		{E3F227BD-D906-40ED-91E5-0123203292AC}.Release|ARM64.Build.0 = Release|ARM64
		{E3F227BD-D906-40ED-91E5-0123203292AC}.Release|ARM64.Deploy.0 = Release|ARM64
		{F50288AE-D413-4A2A-A017-329A26625047}.Debug|Win32.ActiveCfg = Debug|Win32
		{F50288AE-D413-4A2A-A017-329A26625047}.Debug|Win32.Build.0 = Debug|Win32
		{F50288AE-D413-4A2A-A017-329A26625047}.Debug|Win32.Deploy.0 = Debug|Win32
		{F50288AE-D413-4A2A-A017-329A26625047}.Debug|x64.ActiveCfg = Debug|x64
		{F50288AE-D413-4A2A-A017-329A26625047}.Debug|x64.Build.0 = Debug|x64
		{F50288AE-D413-4A2A-A017-329A26625047}.Debug|x64.Deploy.0 = Debug|x64
		{F50288AE-D413-4A2A-A017-329A26625047}.Debug|ARM64.ActiveCfg = Debug|ARM64
		{F50288AE-D413-4A2A-A017-329A26625047}.Debug|ARM64.Build.0 = Debug|ARM64
		{F50288AE-D413-4A2A-A017-329A26625047}.Debug|ARM64.Deploy.0 = Debug|ARM64
		{F50288AE-D413-4A2A-A017-329A26625047}.Release|Win32.ActiveCfg = Release|Win32
		{F50288AE-D413-4A2A-A017-329A26625047}.Release|Win32.Build.0 = Release|Win32
		{F50288AE-D413-4A2A-A017-329A26625047}.Release|Win32.Deploy.0 = Release|Win32
		{F50288AE-D413-4A2A-A017-329A26625047}.Release|x64.ActiveCfg = Release|x64
		{F50288AE-D413-4A2A-A017-329A26625047}.Release|x64.Build.0 = Release|x64
		{F50288AE-D413-4A2A-A017-329A26625047}.Release|x64.Deploy.0 = Release|x64
		{F50288AE-D413-4A2A-A017-329A26625047}.Release|ARM64.ActiveCfg = Release|ARM64
		{F50288AE-D413-4A2A-A017-329A26625047}.Release|ARM64.Build.0 = Release|ARM64
		{F50288AE-D413-4A2A-A017-329A26625047}.Release|ARM64.Deploy.0 = Release|ARM64
		{FEF02623-C6F8-4B73-8A70-B917A82F6C98}.Debug|Win32.ActiveCfg = Debug|Win32
		{FEF02623-C6F8-4B73-8A70-B917A82F6C98}.Debug|Win32.Build.0 = Debug|Win32
		{FEF02623-C6F8-4B73-8A70-B917A82F6C98}.Debug|Win32.Deploy.0 = Debug|Win32
		{FEF02623-C6F8-4B73-8A70-B917A82F6C98}.Debug|x64.ActiveCfg = Debug|x64
		{FEF02623-C6F8-4B73-8A70-B917A82F6C98}.Debug|x64.Build.0 = Debug|x64
		{FEF02623-C6F8-4B73-8A70-B917A82F6C98}.Debug|x64.Deploy.0 = Debug|x64
		{FEF02623-C6F8-4B73-8A70-B917A82F6C98}.Debug|ARM64.ActiveCfg = Debug|ARM64
		{FEF02623-C6F8-4B73-8A70-B917A82F6C98}.Debug|ARM64.Build.0 = Debug|ARM64
		{FEF02623-C6F8-4B73-8A70-B917A82F6C98}.Debug|ARM64.Deploy.0 = Debug|ARM64
		{FEF02623-C6F8-4B73-8A70-B917A82F6C98}.Release|Win32.ActiveCfg = Release|Win32
		{FEF02623-C6F8-4B73-8A70-B917A82F6C98}.Release|Win32.Build.0 = Release|Win32
		{FEF02623-C6F8-4B73-8A70-B917A82F6C98}.Release|Win32.Deploy.0 = Release|Win32
		{FEF02623-C6F8-4B73-8A70-B917A82F6C98}.Release|x64.ActiveCfg = Release|x64
		{FEF02623-C6F8-4B73-8A70-B917A82F6C98}.Release|x64.Build.0 = Release|x64
		{FEF02623-C6F8-4B73-8A70-B917A82F6C98}.Release|x64.Deploy.0 = Release|x64
		{FEF02623-C6F8-4B73-8A70-B917A82F6C98}.Release|ARM64.ActiveCfg = Release|ARM64
		{FEF02623-C6F8-4B73-8A70-B917A82F6C98}.Release|ARM64.Build.0 = Release|ARM64
		{FEF02623-C6F8-4B73-8A70-B917A82F6C98}.Release|ARM64.Deploy.0 = Release|ARM64
		{E1E61D05-F3C7-421E-B931-9C2E0926318C}.Debug|Win32.ActiveCfg = Debug|Win32
		{E1E61D05-F3C7-421E-B931-9C2E0926318C}.Debug|Win32.Build.0 = Debug|Win32
		{E1E61D05-F3C7-421E-B931-9C2E0926318C}.Debug|Win32.Deploy.0 = Debug|Win32
		{E1E61D05-F3C7-421E-B931-9C2E0926318C}.Debug|x64.ActiveCfg = Debug|x64
		{E1E61D05-F3C7-421E-B931-9C2E0926318C}.Debug|x64.Build.0 = Debug|x64
		{E1E61D05-F3C7-421E-B931-9C2E0926318C}.Debug|x64.Deploy.0 = Debug|x64
		{E1E61D05-F3C7-421E-B931-9C2E0926318C}.Debug|ARM64.ActiveCfg = Debug|ARM64
		{E1E61D05-F3C7-421E-B931-9C2E0926318C}.Debug|ARM64.Build.0 = Debug|ARM64
		{E1E61D05-F3C7-421E-B931-9C2E0926318C}.Debug|ARM64.Deploy.0 = Debug|ARM64
		{E1E61D05-F3C7-421E-B931-9C2E0926318C}.Release|Win32.ActiveCfg = Release|Win32
		{E1E61D05-F3C7-421E-B931-9C2E0926318C}.Release|Win32.Build.0 = Release|Win32
		{E1E61D05-F3C7-421E-B931-9C2E0926318C}.Release|Win32.Deploy.0 = Release|Win32
		{E1E61D05-F3C7-421E-B931-9C2E0926318C}.Release|x64.ActiveCfg = Release|x64
		{E1E61D05-F3C7-421E-B931-9C2E0926318C}.Release|x64.Build.0 = Release|x64
		{E1E61D05-F3C7-421E-B931-9C2E0926318C}.Release|x64.Deploy.0 = Release|x64
		{E1E61D05-F3C7-421E-B931-9C2E0926318C}.Release|ARM64.ActiveCfg = Release|ARM64
		{E1E61D05-F3C7-421E-B931-9C2E0926318C}.Release|ARM64.Build.0 = Release|ARM64
		{E1E61D05-F3C7-421E-B931-9C2E0926318C}.Release|ARM64.Deploy.0 = Release|ARM64
		{217C9C5D-A6D8-4EA3-B017-93C00CB72B23}.Debug|Win32.ActiveCfg = Debug|Win32
		{217C9C5D-A6D8-4EA3-B017-93C00CB72B23}.Debug|Win32.Build.0 = Debug|Win32
		{217C9C5D-A6D8-4EA3-B017-93C00CB72B23}.Debug|Win32.Deploy.0 = Debug|Win32
		{217C9C5D-A6D8-4EA3-B017-93C00CB72B23}.Debug|x64.ActiveCfg = Debug|x64
		{217C9C5D-A6D8-4EA3-B017-93C00CB72B23}.Debug|x64.Build.0 = Debug|x64
		{217C9C5D-A6D8-4EA3-B017-93C00CB72B23}.Debug|x64.Deploy.0 = Debug|x64
		{217C9C5D-A6D8-4EA3-B017-93C00CB72B23}.Debug|ARM64.ActiveCfg = Debug|ARM64
		{217C9C5D-A6D8-4EA3-B017-93C00CB72B23}.Debug|ARM64.Build.0 = Debug|ARM64
		{217C9C5D-A6D8-4EA3-B017-93C00CB72B23}.Debug|ARM64.Deploy.0 = Debug|ARM64
		{217C9C5D-A6D8-4EA3-B017-93C00CB72B23}.Release|Win32.ActiveCfg = Release|Win32
		{217C9C5D-A6D8-4EA3-B017-93C00CB72B23}.Release|Win32.Build.0 = Release|Win32
		{217C9C5D-A6D8-4EA3-B017-93C00CB72B23}.Release|Win32.Deploy.0 = Release|Win32
		{217C9C5D-A6D8-4EA3-B017-93C00CB72B23}.Release|x64.ActiveCfg = Release|x64
		{217C9C5D-A6D8-4EA3-B017-93C00CB72B23}.Release|x64.Build.0 = Release|x64
		{217C9C5D-A6D8-4EA3-B017-93C00CB72B23}.Release|x64.Deploy.0 = Release|x64
		{217C9C5D-A6D8-4EA3-B017-93C00CB72B23}.Release|ARM64.ActiveCfg = Release|ARM64
		{217C9C5D-A6D8-4EA3-B017-93C00CB72B23}.Release|ARM64.Build.0 = Release|ARM64
		{217C9C5D-A6D8-4EA3-B017-93C00CB72B23}.Release|ARM64.Deploy.0 = Release|ARM64
		{220A9A99-E6F3-48E0-94A1-C882FF147E9D}.Debug|Win32.ActiveCfg = Debug|Win32
		{220A9A99-E6F3-48E0-94A1-C882FF147E9D}.Debug|Win32.Build.0 = Debug|Win32
		{220A9A99-E6F3-48E0-94A1-C882FF147E9D}.Debug|Win32.Deploy.0 = Debug|Win32
		{220A9A99-E6F3-48E0-94A1-C882FF147E9D}.Debug|x64.ActiveCfg = Debug|x64
		{220A9A99-E6F3-48E0-94A1-C882FF147E9D}.Debug|x64.Build.0 = Debug|x64
		{220A9A99-E6F3-48E0-94A1-C882FF147E9D}.Debug|x64.Deploy.0 = Debug|x64
		{220A9A99-E6F3-48E0-94A1-C882FF147E9D}.Debug|ARM64.ActiveCfg = Debug|ARM64
		{220A9A99-E6F3-48E0-94A1-C882FF147E9D}.Debug|ARM64.Build.0 = Debug|ARM64
		{220A9A99-E6F3-48E0-94A1-C882FF147E9D}.Debug|ARM64.Deploy.0 = Debug|ARM64
		{220A9A99-E6F3-48E0-94A1-C882FF147E9D}.Release|Win32.ActiveCfg = Release|Win32
		{220A9A99-E6F3-48E0-94A1-C882FF147E9D}.Release|Win32.Build.0 = Release|Win32
		{220A9A99-E6F3-48E0-94A1-C882FF147E9D}.Release|Win32.Deploy.0 = Release|Win32
		{220A9A99-E6F3-48E0-94A1-C882FF147E9D}.Release|x64.ActiveCfg = Release|x64
		{220A9A99-E6F3-48E0-94A1-C882FF147E9D}.Release|x64.Build.0 = Release|x64
		{220A9A99-E6F3-48E0-94A1-C882FF147E9D}.Release|x64.Deploy.0 = Release|x64
		{220A9A99-E6F3-48E0-94A1-C882FF147E9D}.Release|ARM64.ActiveCfg = Release|ARM64
		{220A9A99-E6F3-48E0-94A1-C882FF147E9D}.Release|ARM64.Build.0 = Release|ARM64
		{220A9A99-E6F3-48E0-94A1-C882FF147E9D}.Release|ARM64.Deploy.0 = Release|ARM64
		{9A73EC4D-3EC9-4E95-90E7-864024C8C99E}.Debug|Win32.ActiveCfg = Debug|Win32
		{9A73EC4D-3EC9-4E95-90E7-864024C8C99E}.Debug|Win32.Build.0 = Debug|Win32
		{9A73EC4D-3EC9-4E95-90E7-864024C8C99E}.Debug|Win32.Deploy.0 = Debug|Win32
		{9A73EC4D-3EC9-4E95-90E7-864024C8C99E}.Debug|x64.ActiveCfg = Debug|x64
		{9A73EC4D-3EC9-4E95-90E7-864024C8C99E}.Debug|x64.Build.0 = Debug|x64
		{9A73EC4D-3EC9-4E95-90E7-864024C8C99E}.Debug|x64.Deploy.0 = Debug|x64
		{9A73EC4D-3EC9-4E95-90E7-864024C8C99E}.Debug|ARM64.ActiveCfg = Debug|ARM64
		{9A73EC4D-3EC9-4E95-90E7-864024C8C99E}.Debug|ARM64.Build.0 = Debug|ARM64
		{9A73EC4D-3EC9-4E95-90E7-864024C8C99E}.Debug|ARM64.Deploy.0 = Debug|ARM64
		{9A73EC4D-3EC9-4E95-90E7-864024C8C99E}.Release|Win32.ActiveCfg = Release|Win32
		{9A73EC4D-3EC9-4E95-90E7-864024C8C99E}.Release|Win32.Build.0 = Release|Win32
		{9A73EC4D-3EC9-4E95-90E7-864024C8C99E}.Release|Win32.Deploy.0 = Release|Win32
		{9A73EC4D-3EC9-4E95-90E7-864024C8C99E}.Release|x64.ActiveCfg = Release|x64
		{9A73EC4D-3EC9-4E95-90E7-864024C8C99E}.Release|x64.Build.0 = Release|x64
		{9A73EC4D-3EC9-4E95-90E7-864024C8C99E}.Release|x64.Deploy.0 = Release|x64
		{9A73EC4D-3EC9-4E95-90E7-864024C8C99E}.Release|ARM64.ActiveCfg = Release|ARM64
		{9A73EC4D-3EC9-4E95-90E7-864024C8C99E}.Release|ARM64.Build.0 = Release|ARM64
		{9A73EC4D-3EC9-4E95-90E7-864024C8C99E}.Release|ARM64.Deploy.0 = Release|ARM64
		{5E7F1F4C-8C02-4658-A071-4B6B297EA027}.Debug|Win32.ActiveCfg = Debug|Win32
		{5E7F1F4C-8C02-4658-A071-4B6B297EA027}.Debug|Win32.Build.0 = Debug|Win32
		{5E7F1F4C-8C02-4658-A071-4B6B297EA027}.Debug|Win32.Deploy.0 = Debug|Win32
		{5E7F1F4C-8C02-4658-A071-4B6B297EA027}.Debug|x64.ActiveCfg = Debug|x64
		{5E7F1F4C-8C02-4658-A071-4B6B297EA027}.Debug|x64.Build.0 = Debug|x64
		{5E7F1F4C-8C02-4658-A071-4B6B297EA027}.Debug|x64.Deploy.0 = Debug|x64
		{5E7F1F4C-8C02-4658-A071-4B6B297EA027}.Debug|ARM64.ActiveCfg = Debug|ARM64
		{5E7F1F4C-8C02-4658-A071-4B6B297EA027}.Debug|ARM64.Build.0 = Debug|ARM64
		{5E7F1F4C-8C02-4658-A071-4B6B297EA027}.Debug|ARM64.Deploy.0 = Debug|ARM64
		{5E7F1F4C-8C02-4658-A071-4B6B297EA027}.Release|Win32.ActiveCfg = Release|Win32
		{5E7F1F4C-8C02-4658-A071-4B6B297EA027}.Release|Win32.Build.0 = Release|Win32
		{5E7F1F4C-8C02-4658-A071-4B6B297EA027}.Release|Win32.Deploy.0 = Release|Win32
		{5E7F1F4C-8C02-4658-A071-4B6B297EA027}.Release|x64.ActiveCfg = Release|x64
		{5E7F1F4C-8C02-4658-A071-4B6B297EA027}.Release|x64.Build.0 = Release|x64
		{5E7F1F4C-8C02-4658-A071-4B6B297EA027}.Release|x64.Deploy.0 = Release|x64
		{5E7F1F4C-8C02-4658-A071-4B6B297EA027}.Release|ARM64.ActiveCfg = Release|ARM64
		{5E7F1F4C-8C02-4658-A071-4B6B297EA027}.Release|ARM64.Build.0 = Release|ARM64
		{5E7F1F4C-8C02-4658-A071-4B6B297EA027}.Release|ARM64.Deploy.0 = Release|ARM64
		{844A9B84-2345-4E28-8937-4DD41CADE9D4}.Debug|Win32.ActiveCfg = Debug|Win32
		{844A9B84-2345-4E28-8937-4DD41CADE9D4}.Debug|Win32.Build.0 = Debug|Win32
		{844A9B84-2345-4E28-8937-4DD41CADE9D4}.Debug|Win32.Deploy.0 = Debug|Win32
		{844A9B84-2345-4E28-8937-4DD41CADE9D4}.Debug|x64.ActiveCfg = Debug|x64
		{844A9B84-2345-4E28-8937-4DD41CADE9D4}.Debug|x64.Build.0 = Debug|x64
		{844A9B84-2345-4E28-8937-4DD41CADE9D4}.Debug|x64.Deploy.0 = Debug|x64
		{844A9B84-2345-4E28-8937-4DD41CADE9D4}.Debug|ARM64.ActiveCfg = Debug|ARM64
		{844A9B84-2345-4E28-8937-4DD41CADE9D4}.Debug|ARM64.Build.0 = Debug|ARM64
		{844A9B84-2345-4E28-8937-4DD41CADE9D4}.Debug|ARM64.Deploy.0 = Debug|ARM64
		{844A9B84-2345-4E28-8937-4DD41CADE9D4}.Release|Win32.ActiveCfg = Release|Win32
		{844A9B84-2345-4E28-8937-4DD41CADE9D4}.Release|Win32.Build.0 = Release|Win32
		{844A9B84-2345-4E28-8937-4DD41CADE9D4}.Release|Win32.Deploy.0 = Release|Win32
		{844A9B84-2345-4E28-8937-4DD41CADE9D4}.Release|x64.ActiveCfg = Release|x64
		{844A9B84-2345-4E28-8937-4DD41CADE9D4}.Release|x64.Build.0 = Release|x64
		{844A9B84-2345-4E28-8937-4DD41CADE9D4}.Release|x64.Deploy.0 = Release|x64
		{844A9B84-2345-4E28-8937-4DD41CADE9D4}.Release|ARM64.ActiveCfg = Release|ARM64
		{844A9B84-2345-4E28-8937-4DD41CADE9D4}.Release|ARM64.Build.0 = Release|ARM64
		{844A9B84-2345-4E28-8937-4DD41CADE9D4}.Release|ARM64.Deploy.0 = Release|ARM64
		{32185213-4598-4237-A869-9F565BB52B42}.Debug|Win32.ActiveCfg = Debug|Win32
		{32185213-4598-4237-A869-9F565BB52B42}.Debug|Win32.Build.0 = Debug|Win32
		{32185213-4598-4237-A869-9F565BB52B42}.Debug|Win32.Deploy.0 = Debug|Win32
		{32185213-4598-4237-A869-9F565BB52B42}.Debug|x64.ActiveCfg = Debug|x64
		{32185213-4598-4237-A869-9F565BB52B42}.Debug|x64.Build.0 = Debug|x64
		{32185213-4598-4237-A869-9F565BB52B42}.Debug|x64.Deploy.0 = Debug|x64
		{32185213-4598-4237-A869-9F565BB52B42}.Debug|ARM64.ActiveCfg = Debug|ARM64
		{32185213-4598-4237-A869-9F565BB52B42}.Debug|ARM64.Build.0 = Debug|ARM64
		{32185213-4598-4237-A869-9F565BB52B42}.Debug|ARM64.Deploy.0 = Debug|ARM64
		{32185213-4598-4237-A869-9F565BB52B42}.Release|Win32.ActiveCfg = Release|Win32
		{32185213-4598-4237-A869-9F565BB52B42}.Release|Win32.Build.0 = Release|Win32
		{32185213-4598-4237-A869-9F565BB52B42}.Release|Win32.Deploy.0 = Release|Win32
		{32185213-4598-4237-A869-9F565BB52B42}.Release|x64.ActiveCfg = Release|x64
		{32185213-4598-4237-A869-9F565BB52B42}.Release|x64.Build.0 = Release|x64
		{32185213-4598-4237-A869-9F565BB52B42}.Release|x64.Deploy.0 = Release|x64
		{32185213-4598-4237-A869-9F565BB52B42}.Release|ARM64.ActiveCfg = Release|ARM64
		{32185213-4598-4237-A869-9F565BB52B42}.Release|ARM64.Build.0 = Release|ARM64
		{32185213-4598-4237-A869-9F565BB52B42}.Release|ARM64.Deploy.0 = Release|ARM64
		{2A5D4631-9D64-4E64-8045-3A6964261DB8}.Debug|Win32.ActiveCfg = Debug|Win32
		{2A5D4631-9D64-4E64-8045-3A6964261DB8}.Debug|Win32.Build.0 = Debug|Win32
		{2A5D4631-9D64-4E64-8045-3A6964261DB8}.Debug|Win32.Deploy.0 = Debug|Win32
		{2A5D4631-9D64-4E64-8045-3A6964261DB8}.Debug|x64.ActiveCfg = Debug|x64
		{2A5D4631-9D64-4E64-8045-3A6964261DB8}.Debug|x64.Build.0 = Debug|x64
		{2A5D4631-9D64-4E64-8045-3A6964261DB8}.Debug|x64.Deploy.0 = Debug|x64
		{2A5D4631-9D64-4E64-8045-3A6964261DB8}.Debug|ARM64.ActiveCfg = Debug|ARM64
		{2A5D4631-9D64-4E64-8045-3A6964261DB8}.Debug|ARM64.Build.0 = Debug|ARM64
		{2A5D4631-9D64-4E64-8045-3A6964261DB8}.Debug|ARM64.Deploy.0 = Debug|ARM64
		{2A5D4631-9D64-4E64-8045-3A6964261DB8}.Release|Win32.ActiveCfg = Release|Win32
		{2A5D4631-9D64-4E64-8045-3A6964261DB8}.Release|Win32.Build.0 = Release|Win32
		{2A5D4631-9D64-4E64-8045-3A6964261DB8}.Release|Win32.Deploy.0 = Release|Win32
		{2A5D4631-9D64-4E64-8045-3A6964261DB8}.Release|x64.ActiveCfg = Release|x64
		{2A5D4631-9D64-4E64-8045-3A6964261DB8}.Release|x64.Build.0 = Release|x64
		{2A5D4631-9D64-4E64-8045-3A6964261DB8}.Release|x64.Deploy.0 = Release|x64
		{2A5D4631-9D64-4E64-8045-3A6964261DB8}.Release|ARM64.ActiveCfg = Release|ARM64
		{2A5D4631-9D64-4E64-8045-3A6964261DB8}.Release|ARM64.Build.0 = Release|ARM64
		{2A5D4631-9D64-4E64-8045-3A6964261DB8}.Release|ARM64.Deploy.0 = Release|ARM64
		{CE977500-DEAB-4C27-B63A-D3CA6F7C8F9F}.Debug|Win32.ActiveCfg = Debug|Win32
		{CE977500-DEAB-4C27-B63A-D3CA6F7C8F9F}.Debug|Win32.Build.0 = Debug|Win32
		{CE977500-DEAB-4C27-B63A-D3CA6F7C8F9F}.Debug|Win32.Deploy.0 = Debug|Win32
		{CE977500-DEAB-4C27-B63A-D3CA6F7C8F9F}.Debug|x64.ActiveCfg = Debug|x64
		{CE977500-DEAB-4C27-B63A-D3CA6F7C8F9F}.Debug|x64.Build.0 = Debug|x64
		{CE977500-DEAB-4C27-B63A-D3CA6F7C8F9F}.Debug|x64.Deploy.0 = Debug|x64
		{CE977500-DEAB-4C27-B63A-D3CA6F7C8F9F}.Debug|ARM64.ActiveCfg = Debug|ARM64
		{CE977500-DEAB-4C27-B63A-D3CA6F7C8F9F}.Debug|ARM64.Build.0 = Debug|ARM64
		{CE977500-DEAB-4C27-B63A-D3CA6F7C8F9F}.Debug|ARM64.Deploy.0 = Debug|ARM64
		{CE977500-DEAB-4C27-B63A-D3CA6F7C8F9F}.Release|Win32.ActiveCfg = Release|Win32
		{CE977500-DEAB-4C27-B63A-D3CA6F7C8F9F}.Release|Win32.Build.0 = Release|Win32
		{CE977500-DEAB-4C27-B63A-D3CA6F7C8F9F}.Release|Win32.Deploy.0 = Release|Win32
		{CE977500-DEAB-4C27-B63A-D3CA6F7C8F9F}.Release|x64.ActiveCfg = Release|x64
		{CE977500-DEAB-4C27-B63A-D3CA6F7C8F9F}.Release|x64.Build.0 = Release|x64
		{CE977500-DEAB-4C27-B63A-D3CA6F7C8F9F}.Release|x64.Deploy.0 = Release|x64
		{CE977500-DEAB-4C27-B63A-D3CA6F7C8F9F}.Release|ARM64.ActiveCfg = Release|ARM64
		{CE977500-DEAB-4C27-B63A-D3CA6F7C8F9F}.Release|ARM64.Build.0 = Release|ARM64
		{CE977500-DEAB-4C27-B63A-D3CA6F7C8F9F}.Release|ARM64.Deploy.0 = Release|ARM64
		{F78D48E5-C950-4A63-8D69-FD42B3235620}.Debug|Win32.ActiveCfg = Debug|Win32
		{F78D48E5-C950-4A63-8D69-FD42B3235620}.Debug|Win32.Build.0 = Debug|Win32
		{F78D48E5-C950-4A63-8D69-FD42B3235620}.Debug|Win32.Deploy.0 = Debug|Win32
		{F78D48E5-C950-4A63-8D69-FD42B3235620}.Debug|x64.ActiveCfg = Debug|x64
		{F78D48E5-C950-4A63-8D69-FD42B3235620}.Debug|x64.Build.0 = Debug|x64
		{F78D48E5-C950-4A63-8D69-FD42B3235620}.Debug|x64.Deploy.0 = Debug|x64
		{F78D48E5-C950-4A63-8D69-FD42B3235620}.Debug|ARM64.ActiveCfg = Debug|ARM64
		{F78D48E5-C950-4A63-8D69-FD42B3235620}.Debug|ARM64.Build.0 = Debug|ARM64
		{F78D48E5-C950-4A63-8D69-FD42B3235620}.Debug|ARM64.Deploy.0 = Debug|ARM64
		{F78D48E5-C950-4A63-8D69-FD42B3235620}.Release|Win32.ActiveCfg = Release|Win32
		{F78D48E5-C950-4A63-8D69-FD42B3235620}.Release|Win32.Build.0 = Release|Win32
		{F78D48E5-C950-4A63-8D69-FD42B3235620}.Release|Win32.Deploy.0 = Release|Win32
		{F78D48E5-C950-4A63-8D69-FD42B3235620}.Release|x64.ActiveCfg = Release|x64
		{F78D48E5-C950-4A63-8D69-FD42B3235620}.Release|x64.Build.0 = Release|x64
		{F78D48E5-C950-4A63-8D69-FD42B3235620}.Release|x64.Deploy.0 = Release|x64
		{F78D48E5-C950-4A63-8D69-FD42B3235620}.Release|ARM64.ActiveCfg = Release|ARM64
		{F78D48E5-C950-4A63-8D69-FD42B3235620}.Release|ARM64.Build.0 = Release|ARM64
		{F78D48E5-C950-4A63-8D69-FD42B3235620}.Release|ARM64.Deploy.0 = Release|ARM64
		{504CDE1A-25CD-4510-A843-B6127E583214}.Debug|Win32.ActiveCfg = Debug|Win32
		{504CDE1A-25CD-4510-A843-B6127E583214}.Debug|Win32.Build.0 = Debug|Win32
		{504CDE1A-25CD-4510-A843-B6127E583214}.Debug|Win32.Deploy.0 = Debug|Win32
		{504CDE1A-25CD-4510-A843-B6127E583214}.Debug|x64.ActiveCfg = Debug|x64
		{504CDE1A-25CD-4510-A843-B6127E583214}.Debug|x64.Build.0 = Debug|x64
		{504CDE1A-25CD-4510-A843-B6127E583214}.Debug|x64.Deploy.0 = Debug|x64
		{504CDE1A-25CD-4510-A843-B6127E583214}.Debug|ARM64.ActiveCfg = Debug|ARM64
		{504CDE1A-25CD-4510-A843-B6127E583214}.Debug|ARM64.Build.0 = Debug|ARM64
		{504CDE1A-25CD-4510-A843-B6127E583214}.Debug|ARM64.Deploy.0 = Debug|ARM64
		{504CDE1A-25CD-4510-A843-B6127E583214}.Release|Win32.ActiveCfg = Release|Win32
		{504CDE1A-25CD-4510-A843-B6127E583214}.Release|Win32.Build.0 = Release|Win32
		{504CDE1A-25CD-4510-A843-B6127E583214}.Release|Win32.Deploy.0 = Release|Win32
		{504CDE1A-25CD-4510-A843-B6127E583214}.Release|x64.ActiveCfg = Release|x64
		{504CDE1A-25CD-4510-A843-B6127E583214}.Release|x64.Build.0 = Release|x64
		{504CDE1A-25CD-4510-A843-B6127E583214}.Release|x64.Deploy.0 = Release|x64
		{504CDE1A-25CD-4510-A843-B6127E583214}.Release|ARM64.ActiveCfg = Release|ARM64
		{504CDE1A-25CD-4510-A843-B6127E583214}.Release|ARM64.Build.0 = Release|ARM64
		{504CDE1A-25CD-4510-A843-B6127E583214}.Release|ARM64.Deploy.0 = Release|ARM64
		{91B77607-21C7-4B22-95EB-4FA4F61255FE}.Debug|Win32.ActiveCfg = Debug|Win32
		{91B77607-21C7-4B22-95EB-4FA4F61255FE}.Debug|Win32.Build.0 = Debug|Win32
		{91B77607-21C7-4B22-95EB-4FA4F61255FE}.Debug|Win32.Deploy.0 = Debug|Win32
		{91B77607-21C7-4B22-95EB-4FA4F61255FE}.Debug|x64.ActiveCfg = Debug|x64
		{91B77607-21C7-4B22-95EB-4FA4F61255FE}.Debug|x64.Build.0 = Debug|x64
		{91B77607-21C7-4B22-95EB-4FA4F61255FE}.Debug|x64.Deploy.0 = Debug|x64
		{91B77607-21C7-4B22-95EB-4FA4F61255FE}.Debug|ARM64.ActiveCfg = Debug|ARM64
		{91B77607-21C7-4B22-95EB-4FA4F61255FE}.Debug|ARM64.Build.0 = Debug|ARM64
		{91B77607-21C7-4B22-95EB-4FA4F61255FE}.Debug|ARM64.Deploy.0 = Debug|ARM64
		{91B77607-21C7-4B22-95EB-4FA4F61255FE}.Release|Win32.ActiveCfg = Release|Win32
		{91B77607-21C7-4B22-95EB-4FA4F61255FE}.Release|Win32.Build.0 = Release|Win32
		{91B77607-21C7-4B22-95EB-4FA4F61255FE}.Release|Win32.Deploy.0 = Release|Win32
		{91B77607-21C7-4B22-95EB-4FA4F61255FE}.Release|x64.ActiveCfg = Release|x64
		{91B77607-21C7-4B22-95EB-4FA4F61255FE}.Release|x64.Build.0 = Release|x64
		{91B77607-21C7-4B22-95EB-4FA4F61255FE}.Release|x64.Deploy.0 = Release|x64
		{91B77607-21C7-4B22-95EB-4FA4F61255FE}.Release|ARM64.ActiveCfg = Release|ARM64
		{91B77607-21C7-4B22-95EB-4FA4F61255FE}.Release|ARM64.Build.0 = Release|ARM64
		{91B77607-21C7-4B22-95EB-4FA4F61255FE}.Release|ARM64.Deploy.0 = Release|ARM64
		{E6F738AC-CC68-46B8-845B-50EA6548DA90}.Debug|Win32.ActiveCfg = Debug|Win32
		{E6F738AC-CC68-46B8-845B-50EA6548DA90}.Debug|Win32.Build.0 = Debug|Win32
		{E6F738AC-CC68-46B8-845B-50EA6548DA90}.Debug|Win32.Deploy.0 = Debug|Win32
		{E6F738AC-CC68-46B8-845B-50EA6548DA90}.Debug|x64.ActiveCfg = Debug|x64
		{E6F738AC-CC68-46B8-845B-50EA6548DA90}.Debug|x64.Build.0 = Debug|x64
		{E6F738AC-CC68-46B8-845B-50EA6548DA90}.Debug|x64.Deploy.0 = Debug|x64
		{E6F738AC-CC68-46B8-845B-50EA6548DA90}.Debug|ARM64.ActiveCfg = Debug|ARM64
		{E6F738AC-CC68-46B8-845B-50EA6548DA90}.Debug|ARM64.Build.0 = Debug|ARM64
		{E6F738AC-CC68-46B8-845B-50EA6548DA90}.Debug|ARM64.Deploy.0 = Debug|ARM64
		{E6F738AC-CC68-46B8-845B-50EA6548DA90}.Release|Win32.ActiveCfg = Release|Win32
		{E6F738AC-CC68-46B8-845B-50EA6548DA90}.Release|Win32.Build.0 = Release|Win32
		{E6F738AC-CC68-46B8-845B-50EA6548DA90}.Release|Win32.Deploy.0 = Release|Win32
		{E6F738AC-CC68-46B8-845B-50EA6548DA90}.Release|x64.ActiveCfg = Release|x64
		{E6F738AC-CC68-46B8-845B-50EA6548DA90}.Release|x64.Build.0 = Release|x64
		{E6F738AC-CC68-46B8-845B-50EA6548DA90}.Release|x64.Deploy.0 = Release|x64
		{E6F738AC-CC68-46B8-845B-50EA6548DA90}.Release|ARM64.ActiveCfg = Release|ARM64
		{E6F738AC-CC68-46B8-845B-50EA6548DA90}.Release|ARM64.Build.0 = Release|ARM64
		{E6F738AC-CC68-46B8-845B-50EA6548DA90}.Release|ARM64.Deploy.0 = Release|ARM64
		{AD49F1D5-C111-4563-AEE4-9206FA8EA82A}.Debug|Win32.ActiveCfg = Debug|Win32
		{AD49F1D5-C111-4563-AEE4-9206FA8EA82A}.Debug|Win32.Build.0 = Debug|Win32
		{AD49F1D5-C111-4563-AEE4-9206FA8EA82A}.Debug|Win32.Deploy.0 = Debug|Win32
		{AD49F1D5-C111-4563-AEE4-9206FA8EA82A}.Debug|x64.ActiveCfg = Debug|x64
		{AD49F1D5-C111-4563-AEE4-9206FA8EA82A}.Debug|x64.Build.0 = Debug|x64
		{AD49F1D5-C111-4563-AEE4-9206FA8EA82A}.Debug|x64.Deploy.0 = Debug|x64
		{AD49F1D5-C111-4563-AEE4-9206FA8EA82A}.Debug|ARM64.ActiveCfg = Debug|ARM64
		{AD49F1D5-C111-4563-AEE4-9206FA8EA82A}.Debug|ARM64.Build.0 = Debug|ARM64
		{AD49F1D5-C111-4563-AEE4-9206FA8EA82A}.Debug|ARM64.Deploy.0 = Debug|ARM64
		{AD49F1D5-C111-4563-AEE4-9206FA8EA82A}.Release|Win32.ActiveCfg = Release|Win32
		{AD49F1D5-C111-4563-AEE4-9206FA8EA82A}.Release|Win32.Build.0 = Release|Win32
		{AD49F1D5-C111-4563-AEE4-9206FA8EA82A}.Release|Win32.Deploy.0 = Release|Win32
		{AD49F1D5-C111-4563-AEE4-9206FA8EA82A}.Release|x64.ActiveCfg = Release|x64
		{AD49F1D5-C111-4563-AEE4-9206FA8EA82A}.Release|x64.Build.0 = Release|x64
		{AD49F1D5-C111-4563-AEE4-9206FA8EA82A}.Release|x64.Deploy.0 = Release|x64
		{AD49F1D5-C111-4563-AEE4-9206FA8EA82A}.Release|ARM64.ActiveCfg = Release|ARM64
		{AD49F1D5-C111-4563-AEE4-9206FA8EA82A}.Release|ARM64.Build.0 = Release|ARM64
		{AD49F1D5-C111-4563-AEE4-9206FA8EA82A}.Release|ARM64.Deploy.0 = Release|ARM64
	EndGlobalSection
	GlobalSection(SolutionProperties) = preSolution
		HideSolutionNode = FALSE
	EndGlobalSection
EndGlobal
