<?xml version="1.0" encoding="utf-8"?>
<Project ToolsVersion="4.0" xmlns="http://schemas.microsoft.com/developer/msbuild/2003">
  <ItemGroup>
    <Filter Include="SricptCode">
      <UniqueIdentifier>{adea13f6-df24-498c-8695-591149a489c0}</UniqueIdentifier>
    </Filter>
    <Filter Include="ScriptHeaders">
      <UniqueIdentifier>{e1c46372-ff12-408a-8bfc-3a56552ae226}</UniqueIdentifier>
    </Filter>
    <Filter Include="Utils">
      <UniqueIdentifier>{c6e27a37-576d-4ba4-96c5-6b19a29a42e0}</UniqueIdentifier>
    </Filter>
  </ItemGroup>
  <ItemGroup>
    <ClInclude Include="Keys.h">
      <Filter>Utils</Filter>
    </ClInclude>
    <ClInclude Include="..\Game\Assets\Scripts\TestScript.h">
      <Filter>ScriptHeaders</Filter>
    </ClInclude>
    <ClInclude Include="..\Game\Assets\Scripts\PlayerController.h">
      <Filter>ScriptHeaders</Filter>
    </ClInclude>
    <ClInclude Include="..\Game\Assets\Scripts\Enemy.h">
      <Filter>ScriptHeaders</Filter>
    </ClInclude>
    <ClInclude Include="..\Game\Assets\Scripts\EnemyExplosive.h">
      <Filter>ScriptHeaders</Filter>
    </ClInclude>
    <ClInclude Include="..\Game\Assets\Scripts\EnemyRobot.h">
      <Filter>ScriptHeaders</Filter>
    </ClInclude>
    <ClInclude Include="..\Game\Assets\Scripts\PlayerCamera.h">
      <Filter>ScriptHeaders</Filter>
    </ClInclude>
    <ClInclude Include="..\Game\Assets\Scripts\GameManager.h">
      <Filter>ScriptHeaders</Filter>
    </ClInclude>
    <ClInclude Include="..\Game\Assets\Scripts\MainMenu.h">
      <Filter>ScriptHeaders</Filter>
    </ClInclude>
    <ClInclude Include="Level1AManager.h">
      <Filter>ScriptHeaders</Filter>
    </ClInclude>
    <ClInclude Include="MainMenuManager.h">
      <Filter>ScriptHeaders</Filter>
    </ClInclude>
    <ClInclude Include="..\Game\Assets\Scripts\Bullet.h">
      <Filter>ScriptHeaders</Filter>
    </ClInclude>
    <ClInclude Include="..\Game\Assets\Scripts\ObjectPool.h">
      <Filter>ScriptHeaders</Filter>
    </ClInclude>
    <ClInclude Include="..\Game\Assets\Scripts\ItemShield.h">
      <Filter>ScriptHeaders</Filter>
    </ClInclude>
    <ClInclude Include="StateMachineTest.h">
      <Filter>ScriptHeaders</Filter>
    </ClInclude>
  </ItemGroup>
  <ItemGroup>
    <ClCompile Include="Macros.h">
      <Filter>Utils</Filter>
    </ClCompile>
    <ClCompile Include="TestScript.cpp">
      <Filter>SricptCode</Filter>
    </ClCompile>
    <ClCompile Include="PlayerController.cpp">
      <Filter>SricptCode</Filter>
    </ClCompile>
    <ClCompile Include="Enemy.cpp">
      <Filter>SricptCode</Filter>
    </ClCompile>
    <ClCompile Include="EnemyExplosive.cpp">
      <Filter>SricptCode</Filter>
    </ClCompile>
    <ClCompile Include="EnemyRobot.cpp">
      <Filter>SricptCode</Filter>
    </ClCompile>
    <ClCompile Include="PlayerCamera.cpp">
      <Filter>SricptCode</Filter>
    </ClCompile>
    <ClCompile Include="GameManager.cpp">
      <Filter>SricptCode</Filter>
    </ClCompile>
    <ClCompile Include="MainMenu.cpp">
      <Filter>SricptCode</Filter>
    </ClCompile>
    <ClCompile Include="Level1AManager.cpp">
      <Filter>SricptCode</Filter>
    </ClCompile>
    <ClCompile Include="MainMenuManager.cpp">
      <Filter>SricptCode</Filter>
    </ClCompile>
    <ClCompile Include="Bullet.cpp">
      <Filter>SricptCode</Filter>
    </ClCompile>
    <ClCompile Include="ObjectPool.cpp">
      <Filter>SricptCode</Filter>
    </ClCompile>
    <ClCompile Include="ItemShield.cpp">
      <Filter>SricptCode</Filter>
    </ClCompile>
    <ClCompile Include="StateMachineTest.cpp">
      <Filter>SricptCode</Filter>
    </ClCompile>
  </ItemGroup>
</Project>