<?xml version="1.0" encoding="utf-8"?>
<Project ToolsVersion="4.0" xmlns="http://schemas.microsoft.com/developer/msbuild/2003">
  <ItemGroup>
    <Filter Include="Utils">
      <UniqueIdentifier>{c6e27a37-576d-4ba4-96c5-6b19a29a42e0}</UniqueIdentifier>
    </Filter>
    <Filter Include="Weapons">
      <UniqueIdentifier>{a7bf8d75-7f03-45a1-b6f5-f509be09373a}</UniqueIdentifier>
    </Filter>
    <Filter Include="Enemies">
      <UniqueIdentifier>{9ec33e2e-78f0-48bf-95ad-0fd5de1feb50}</UniqueIdentifier>
    </Filter>
    <Filter Include="Managers">
      <UniqueIdentifier>{31b01f4c-7c82-436f-b62b-72a15c6bcea3}</UniqueIdentifier>
    </Filter>
    <Filter Include="Player">
      <UniqueIdentifier>{dc78f4f6-f403-4de3-86a0-bb4cc3921b16}</UniqueIdentifier>
    </Filter>
    <Filter Include="UI">
      <UniqueIdentifier>{23585057-e09e-4ec7-b536-f7a1bd17e6f4}</UniqueIdentifier>
    </Filter>
    <Filter Include="Sound">
      <UniqueIdentifier>{c7e2f35b-49aa-45e2-b9b3-786402cac0a0}</UniqueIdentifier>
    </Filter>
    <Filter Include="Weapons\Melee">
      <UniqueIdentifier>{af3599da-f46a-407d-957c-6e0c61d4d39f}</UniqueIdentifier>
    </Filter>
    <Filter Include="Weapons\Range">
      <UniqueIdentifier>{a5234334-8063-4966-9fdf-1bdf4286b373}</UniqueIdentifier>
    </Filter>
    <Filter Include="States">
      <UniqueIdentifier>{dab926c2-b3d8-4b05-9554-248d057853e8}</UniqueIdentifier>
    </Filter>
    <Filter Include="States\Move">
      <UniqueIdentifier>{80e247c2-a634-48fe-b9f2-db894f956ba8}</UniqueIdentifier>
    </Filter>
    <Filter Include="States\Attack">
      <UniqueIdentifier>{30388697-f73b-4a9c-9e6d-8d5797552617}</UniqueIdentifier>
    </Filter>
    <Filter Include="Sound\Test">
      <UniqueIdentifier>{a76f27bd-e8d6-4a04-80b8-3f021cb5f28f}</UniqueIdentifier>
    </Filter>
    <Filter Include="Pools">
      <UniqueIdentifier>{475c614c-9d94-4dab-9927-3f6f3e127db0}</UniqueIdentifier>
    </Filter>
  </ItemGroup>
  <ItemGroup>
    <ClInclude Include="Keys.h">
      <Filter>Utils</Filter>
    </ClInclude>
    <ClInclude Include="..\Game\Assets\Scripts\TestScript.h" />
    <ClInclude Include="..\Game\Assets\Scripts\Weapon.h">
      <Filter>Weapons</Filter>
    </ClInclude>
    <ClInclude Include="..\Game\Assets\Scripts\Enemy.h">
      <Filter>Enemies</Filter>
    </ClInclude>
    <ClInclude Include="..\Game\Assets\Scripts\EnemyExplosive.h">
      <Filter>Enemies</Filter>
    </ClInclude>
    <ClInclude Include="..\Game\Assets\Scripts\ItemDrop.h">
      <Filter>Player</Filter>
    </ClInclude>
    <ClInclude Include="..\Game\Assets\Scripts\PlayerCamera.h">
      <Filter>Player</Filter>
    </ClInclude>
    <ClInclude Include="..\Game\Assets\Scripts\PlayerController.h">
      <Filter>Player</Filter>
    </ClInclude>
    <ClInclude Include="..\Game\Assets\Scripts\MainMenu.h">
      <Filter>UI</Filter>
    </ClInclude>
    <ClInclude Include="..\Game\Assets\Scripts\MeleeWeapon.h">
      <Filter>Weapons\Melee</Filter>
    </ClInclude>
    <ClInclude Include="..\Game\Assets\Scripts\RangeWeapon.h">
      <Filter>Weapons\Range</Filter>
    </ClInclude>
    <ClInclude Include="..\Game\Assets\Scripts\Bullet.h">
      <Filter>Weapons</Filter>
    </ClInclude>
    <ClInclude Include="..\Game\Assets\Scripts\Pistol.h">
      <Filter>Weapons\Range</Filter>
    </ClInclude>
    <ClInclude Include="..\Game\Assets\Scripts\MainMenuManager.h">
      <Filter>Sound</Filter>
    </ClInclude>
    <ClInclude Include="..\Game\Assets\Scripts\AimState.h">
      <Filter>States\Attack</Filter>
    </ClInclude>
    <ClInclude Include="..\Game\Assets\Scripts\AttackState.h">
      <Filter>States\Attack</Filter>
    </ClInclude>
    <ClInclude Include="..\Game\Assets\Scripts\GrenadeState.h">
      <Filter>States\Attack</Filter>
    </ClInclude>
    <ClInclude Include="..\Game\Assets\Scripts\ReloadState.h">
      <Filter>States\Attack</Filter>
    </ClInclude>
    <ClInclude Include="..\Game\Assets\Scripts\SpecialState.h">
      <Filter>States\Attack</Filter>
    </ClInclude>
    <ClInclude Include="..\Game\Assets\Scripts\SwitchState.h">
      <Filter>States\Attack</Filter>
    </ClInclude>
    <ClInclude Include="..\Game\Assets\Scripts\DashState.h">
      <Filter>States\Move</Filter>
    </ClInclude>
    <ClInclude Include="..\Game\Assets\Scripts\IdleState.h">
      <Filter>States\Move</Filter>
    </ClInclude>
    <ClInclude Include="..\Game\Assets\Scripts\MoveState.h">
      <Filter>States\Move</Filter>
    </ClInclude>
    <ClInclude Include="..\Game\Assets\Scripts\State.h">
      <Filter>States</Filter>
    </ClInclude>
    <ClInclude Include="..\Game\Assets\Scripts\Bat.h">
      <Filter>Weapons\Melee</Filter>
    </ClInclude>
    <ClInclude Include="..\Game\Assets\Scripts\Grenade.h">
      <Filter>Weapons</Filter>
    </ClInclude>
    <ClInclude Include="..\Game\Assets\Scripts\HudController.h">
      <Filter>UI</Filter>
    </ClInclude>
    <ClInclude Include="..\Game\Assets\Scripts\Sanity.h" />
    <ClInclude Include="..\Game\Assets\Scripts\Hammer.h">
      <Filter>Weapons\Melee</Filter>
    </ClInclude>
    <ClInclude Include="..\Game\Assets\Scripts\Katana.h">
      <Filter>Weapons\Melee</Filter>
    </ClInclude>
    <ClInclude Include="..\Game\Assets\Scripts\Shootgun.h">
      <Filter>Weapons\Range</Filter>
    </ClInclude>
    <ClInclude Include="..\Game\Assets\Scripts\Machinegun.h">
      <Filter>Weapons\Range</Filter>
    </ClInclude>
    <ClInclude Include="..\Game\Assets\Scripts\AudioTester.h">
      <Filter>Sound\Test</Filter>
    </ClInclude>
    <ClInclude Include="..\Game\Assets\Scripts\Spawner.h">
      <Filter>Enemies</Filter>
    </ClInclude>
    <ClInclude Include="..\Game\Assets\Scripts\GameManager.h">
      <Filter>Managers</Filter>
    </ClInclude>
    <ClInclude Include="..\Game\Assets\Scripts\ObjectPool.h">
      <Filter>Pools</Filter>
    </ClInclude>
    <ClInclude Include="..\Game\Assets\Scripts\HudController.h">
      <Filter>Managers</Filter>
    </ClInclude>
    <ClInclude Include="..\Game\Assets\Scripts\BattleArea.h" />
    <ClInclude Include="..\Game\Assets\Scripts\EnemyRobotRange.h">
      <Filter>Enemies</Filter>
    </ClInclude>
    <ClInclude Include="..\Game\Assets\Scripts\EnemyRobotMelee.h">
      <Filter>Enemies</Filter>
    </ClInclude>
    <ClInclude Include="..\Game\Assets\Scripts\PoolManager.h">
      <Filter>Pools</Filter>
    </ClInclude>
    <ClInclude Include="..\Game\Assets\Scripts\Teleporter.h" />
    <ClInclude Include="..\Game\Assets\Scripts\TimerScript.h">
      <Filter>Utils</Filter>
    </ClInclude>
    <ClInclude Include="..\Game\Assets\Scripts\ElectricTrapController.h" />
    <ClInclude Include="..\Game\Assets\Scripts\EnemyCreatureRange.h">
      <Filter>Enemies</Filter>
    </ClInclude>
    <ClInclude Include="..\Game\Assets\Scripts\EnemyCreatureMelee.h">
      <Filter>Enemies</Filter>
    </ClInclude>
    <ClInclude Include="..\Game\Assets\Scripts\Dialog.h" />
    <ClInclude Include="..\Game\Assets\Scripts\UltimateAttack.h" />
    <ClInclude Include="..\Game\Assets\Scripts\BossLaser.h">
      <Filter>Enemies</Filter>
    </ClInclude>
    <ClInclude Include="..\Game\Assets\Scripts\BombBoss.h">
      <Filter>Enemies</Filter>
    </ClInclude>
    <ClInclude Include="..\Game\Assets\Scripts\EnemyBoss.h">
      <Filter>Enemies</Filter>
    </ClInclude>
    <ClInclude Include="..\Game\Assets\Scripts\RayCastBullet.h" />
    <ClInclude Include="..\Game\Assets\Scripts\AudioManager.h">
      <Filter>Managers</Filter>
    </ClInclude>
    <ClInclude Include="..\Game\Assets\Scripts\UltimateState.h">
      <Filter>States\Attack</Filter>
    </ClInclude>
    <ClInclude Include="..\Game\Assets\Scripts\UltimateChargeState.h">
      <Filter>States\Attack</Filter>
    </ClInclude>
  </ItemGroup>
  <ItemGroup>
    <ClCompile Include="Macros.h">
      <Filter>Utils</Filter>
    </ClCompile>
    <ClCompile Include="TestScript.cpp" />
    <ClCompile Include="Weapon.cpp">
      <Filter>Weapons</Filter>
    </ClCompile>
    <ClCompile Include="Enemy.cpp">
      <Filter>Enemies</Filter>
    </ClCompile>
    <ClCompile Include="EnemyExplosive.cpp">
      <Filter>Enemies</Filter>
    </ClCompile>
    <ClCompile Include="GameManager.cpp">
      <Filter>Managers</Filter>
    </ClCompile>
    <ClCompile Include="ItemDrop.cpp">
      <Filter>Player</Filter>
    </ClCompile>
    <ClCompile Include="PlayerCamera.cpp">
      <Filter>Player</Filter>
    </ClCompile>
    <ClCompile Include="PlayerController.cpp">
      <Filter>Player</Filter>
    </ClCompile>
    <ClCompile Include="MainMenu.cpp">
      <Filter>UI</Filter>
    </ClCompile>
    <ClCompile Include="MainMenuManager.cpp">
      <Filter>Sound</Filter>
    </ClCompile>
    <ClCompile Include="MeleeWeapon.cpp">
      <Filter>Weapons\Melee</Filter>
    </ClCompile>
    <ClCompile Include="RangeWeapon.cpp">
      <Filter>Weapons\Range</Filter>
    </ClCompile>
    <ClCompile Include="HudController.cpp">
      <Filter>Managers</Filter>
    </ClCompile>
    <ClCompile Include="State.cpp">
      <Filter>States</Filter>
    </ClCompile>
    <ClCompile Include="MoveState.cpp">
      <Filter>States\Move</Filter>
    </ClCompile>
    <ClCompile Include="IdleState.cpp">
      <Filter>States\Move</Filter>
    </ClCompile>
    <ClCompile Include="DashState.cpp">
      <Filter>States\Move</Filter>
    </ClCompile>
    <ClCompile Include="AimState.cpp">
      <Filter>States\Attack</Filter>
    </ClCompile>
    <ClCompile Include="AttackState.cpp">
      <Filter>States\Attack</Filter>
    </ClCompile>
    <ClCompile Include="GrenadeState.cpp">
      <Filter>States\Attack</Filter>
    </ClCompile>
    <ClCompile Include="SwitchState.cpp">
      <Filter>States\Attack</Filter>
    </ClCompile>
    <ClCompile Include="SpecialState.cpp">
      <Filter>States\Attack</Filter>
    </ClCompile>
    <ClCompile Include="Bullet.cpp">
      <Filter>Weapons</Filter>
    </ClCompile>
    <ClCompile Include="Grenade.cpp">
      <Filter>Weapons</Filter>
    </ClCompile>
    <ClCompile Include="ReloadState.cpp">
      <Filter>States\Attack</Filter>
    </ClCompile>
    <ClCompile Include="Bat.cpp">
      <Filter>Weapons\Melee</Filter>
    </ClCompile>
    <ClCompile Include="Pistol.cpp">
      <Filter>Weapons\Range</Filter>
    </ClCompile>
    <ClCompile Include="BattleArea.cpp" />
    <ClCompile Include="Spawner.cpp">
      <Filter>Enemies</Filter>
    </ClCompile>
    <ClCompile Include="Sanity.cpp" />
    <ClCompile Include="Machinegun.cpp">
      <Filter>Weapons\Range</Filter>
    </ClCompile>
    <ClCompile Include="Shootgun.cpp">
      <Filter>Weapons\Range</Filter>
    </ClCompile>
    <ClCompile Include="Katana.cpp">
      <Filter>Weapons\Melee</Filter>
    </ClCompile>
    <ClCompile Include="Hammer.cpp">
      <Filter>Weapons\Melee</Filter>
    </ClCompile>
    <ClCompile Include="AudioTester.cpp">
      <Filter>Sound\Test</Filter>
    </ClCompile>
    <ClCompile Include="ObjectPool.cpp">
      <Filter>Pools</Filter>
    </ClCompile>
    <ClCompile Include="HudController.cpp">
      <Filter>Managers</Filter>
    </ClCompile>
    <ClCompile Include="AudioTester.cpp" />
    <ClCompile Include="AudioManager.cpp">
      <Filter>Managers</Filter>
    </ClCompile>
    <ClCompile Include="EnemyRobotRange.cpp">
      <Filter>Enemies</Filter>
    </ClCompile>
    <ClCompile Include="EnemyRobotMelee.cpp">
      <Filter>Enemies</Filter>
    </ClCompile>
    <ClCompile Include="PoolManager.cpp">
      <Filter>Pools</Filter>
    </ClCompile>
    <ClCompile Include="Teleporter.cpp" />
    <ClCompile Include="TimerScript.cpp">
      <Filter>Utils</Filter>
    </ClCompile>
    <ClCompile Include="ElectricTrapController.cpp" />
    <ClCompile Include="EnemyCreatureRange.cpp">
      <Filter>Enemies</Filter>
    </ClCompile>
    <ClCompile Include="EnemyCreatureMelee.cpp">
      <Filter>Enemies</Filter>
    </ClCompile>
    <ClCompile Include="Dialog.cpp" />
    <ClCompile Include="BombBoss.cpp">
      <Filter>Enemies</Filter>
    </ClCompile>
    <ClCompile Include="EnemyBoss.cpp">
      <Filter>Enemies</Filter>
    </ClCompile>
    <ClCompile Include="UltimateAttack.cpp" />
    <ClCompile Include="BossLaser.cpp">
      <Filter>Enemies</Filter>
    </ClCompile>
    <ClCompile Include="RayCastBullet.cpp" />
    <ClCompile Include="UltimateChargeState.cpp">
      <Filter>States\Attack</Filter>
    </ClCompile>
    <ClCompile Include="UltimateState.cpp">
      <Filter>States\Attack</Filter>
    </ClCompile>
  </ItemGroup>
</Project>