
Microsoft Visual Studio Solution File, Format Version 11.00
# Visual Studio 15
Project("{8BC9CEB8-8B4A-11D0-8D11-00A0C91BC942}") = "3d", "3d.vcxproj", "{775F2858-B431-4BF4-9C8F-2072A38439AE}"
EndProject
Project("{8BC9CEB8-8B4A-11D0-8D11-00A0C91BC942}") = "asyncio", "asyncio.vcxproj", "{B8B8B014-1FF5-495E-B000-5CFC13BA2FCE}"
EndProject
Project("{8BC9CEB8-8B4A-11D0-8D11-00A0C91BC942}") = "channel_groups", "channel_groups.vcxproj", "{30241EE9-6B9B-4235-85C8-1255FF018647}"
EndProject
Project("{8BC9CEB8-8B4A-11D0-8D11-00A0C91BC942}") = "convolution_reverb", "convolution_reverb.vcxproj", "{6BA47F4D-86F7-4565-B19E-BA56E6A8530E}"
EndProject
Project("{8BC9CEB8-8B4A-11D0-8D11-00A0C91BC942}") = "dsp_custom", "dsp_custom.vcxproj", "{47863E17-2DA3-4B04-BD4F-EC44C25F6C3D}"
EndProject
Project("{8BC9CEB8-8B4A-11D0-8D11-00A0C91BC942}") = "dsp_effect_per_speaker", "dsp_effect_per_speaker.vcxproj", "{F4193ABC-7265-4FFC-A760-CD95E4FFFCA9}"
EndProject
Project("{8BC9CEB8-8B4A-11D0-8D11-00A0C91BC942}") = "dsp_inspector", "dsp_inspector.vcxproj", "{DF96FEFB-3663-405F-ACE9-79A3AAFA0302}"
EndProject
Project("{8BC9CEB8-8B4A-11D0-8D11-00A0C91BC942}") = "effects", "effects.vcxproj", "{D8F13991-054F-4904-8B72-94B2D493E2A4}"
EndProject
Project("{8BC9CEB8-8B4A-11D0-8D11-00A0C91BC942}") = "gapless_playback", "gapless_playback.vcxproj", "{57EEB488-1772-44C2-BDF6-457329D93868}"
EndProject
Project("{8BC9CEB8-8B4A-11D0-8D11-00A0C91BC942}") = "generate_tone", "generate_tone.vcxproj", "{A29DDCCB-F44A-409B-9294-7037B86F81AA}"
EndProject
Project("{8BC9CEB8-8B4A-11D0-8D11-00A0C91BC942}") = "granular_synth", "granular_synth.vcxproj", "{BC8F3C87-181C-460B-91C6-A0132AF4272C}"
EndProject
Project("{8BC9CEB8-8B4A-11D0-8D11-00A0C91BC942}") = "load_from_memory", "load_from_memory.vcxproj", "{651C93F6-F177-4C6D-8160-CEF917570DB4}"
EndProject
Project("{8BC9CEB8-8B4A-11D0-8D11-00A0C91BC942}") = "multiple_speaker", "multiple_speaker.vcxproj", "{B62960E1-7A98-4DF3-AB1C-6EF4A8CF40EB}"
EndProject
Project("{8BC9CEB8-8B4A-11D0-8D11-00A0C91BC942}") = "multiple_system", "multiple_system.vcxproj", "{85BB7D18-8624-4B61-8AA2-B35F6D676DB3}"
EndProject
Project("{8BC9CEB8-8B4A-11D0-8D11-00A0C91BC942}") = "net_stream", "net_stream.vcxproj", "{45295700-DE11-4AE0-98A7-00B2E5DC3B89}"
EndProject
Project("{8BC9CEB8-8B4A-11D0-8D11-00A0C91BC942}") = "play_sound", "play_sound.vcxproj", "{82F77FC2-DB03-4B20-979D-935B2269F9EC}"
EndProject
Project("{8BC9CEB8-8B4A-11D0-8D11-00A0C91BC942}") = "play_stream", "play_stream.vcxproj", "{6F0DD69A-E374-4E05-B8D3-581BF4BF2FDD}"
EndProject
Project("{8BC9CEB8-8B4A-11D0-8D11-00A0C91BC942}") = "record", "record.vcxproj", "{9CD3FDE9-4F76-43A6-93B3-3D6F9F372BAC}"
EndProject
Project("{8BC9CEB8-8B4A-11D0-8D11-00A0C91BC942}") = "record_enumeration", "record_enumeration.vcxproj", "{88566027-1AC0-44D9-A99C-58C6E8F66DCD}"
EndProject
Project("{8BC9CEB8-8B4A-11D0-8D11-00A0C91BC942}") = "user_created_sound", "user_created_sound.vcxproj", "{AE3FC83D-37AF-4130-AB73-BBDF14EEC029}"
EndProject
Project("{8BC9CEB8-8B4A-11D0-8D11-00A0C91BC942}") = "fmod_codec_raw", "fmod_codec_raw.vcxproj", "{A996C068-FDB5-4751-B287-3D855BEF2BA5}"
EndProject
Project("{8BC9CEB8-8B4A-11D0-8D11-00A0C91BC942}") = "fmod_distance_filter", "fmod_distance_filter.vcxproj", "{31C784C7-FE62-4743-BBDC-19505C7FFD17}"
EndProject
Project("{8BC9CEB8-8B4A-11D0-8D11-00A0C91BC942}") = "fmod_gain", "fmod_gain.vcxproj", "{8722A18B-42F6-48FC-B130-19140DFBAA96}"
EndProject
Project("{8BC9CEB8-8B4A-11D0-8D11-00A0C91BC942}") = "fmod_noise", "fmod_noise.vcxproj", "{B906B448-7754-4006-B1EC-7B678CF89ED1}"
EndProject
Project("{8BC9CEB8-8B4A-11D0-8D11-00A0C91BC942}") = "output_mp3", "output_mp3.vcxproj", "{76076CAC-FE3D-4675-9595-C1ECC796408C}"
EndProject
Global
	GlobalSection(SolutionConfigurationPlatforms) = preSolution
		Debug|Win32 = Debug|Win32
		Debug|x64 = Debug|x64
		Debug|ARM64 = Debug|ARM64
		Release|Win32 = Release|Win32
		Release|x64 = Release|x64
		Release|ARM64 = Release|ARM64
	EndGlobalSection
	GlobalSection(ProjectConfigurationPlatforms) = postSolution
		{775F2858-B431-4BF4-9C8F-2072A38439AE}.Debug|Win32.ActiveCfg = Debug|Win32
		{775F2858-B431-4BF4-9C8F-2072A38439AE}.Debug|Win32.Build.0 = Debug|Win32
		{775F2858-B431-4BF4-9C8F-2072A38439AE}.Debug|Win32.Deploy.0 = Debug|Win32
		{775F2858-B431-4BF4-9C8F-2072A38439AE}.Debug|x64.ActiveCfg = Debug|x64
		{775F2858-B431-4BF4-9C8F-2072A38439AE}.Debug|x64.Build.0 = Debug|x64
		{775F2858-B431-4BF4-9C8F-2072A38439AE}.Debug|x64.Deploy.0 = Debug|x64
		{775F2858-B431-4BF4-9C8F-2072A38439AE}.Debug|ARM64.ActiveCfg = Debug|ARM64
		{775F2858-B431-4BF4-9C8F-2072A38439AE}.Debug|ARM64.Build.0 = Debug|ARM64
		{775F2858-B431-4BF4-9C8F-2072A38439AE}.Debug|ARM64.Deploy.0 = Debug|ARM64
		{775F2858-B431-4BF4-9C8F-2072A38439AE}.Release|Win32.ActiveCfg = Release|Win32
		{775F2858-B431-4BF4-9C8F-2072A38439AE}.Release|Win32.Build.0 = Release|Win32
		{775F2858-B431-4BF4-9C8F-2072A38439AE}.Release|Win32.Deploy.0 = Release|Win32
		{775F2858-B431-4BF4-9C8F-2072A38439AE}.Release|x64.ActiveCfg = Release|x64
		{775F2858-B431-4BF4-9C8F-2072A38439AE}.Release|x64.Build.0 = Release|x64
		{775F2858-B431-4BF4-9C8F-2072A38439AE}.Release|x64.Deploy.0 = Release|x64
		{775F2858-B431-4BF4-9C8F-2072A38439AE}.Release|ARM64.ActiveCfg = Release|ARM64
		{775F2858-B431-4BF4-9C8F-2072A38439AE}.Release|ARM64.Build.0 = Release|ARM64
		{775F2858-B431-4BF4-9C8F-2072A38439AE}.Release|ARM64.Deploy.0 = Release|ARM64
		{B8B8B014-1FF5-495E-B000-5CFC13BA2FCE}.Debug|Win32.ActiveCfg = Debug|Win32
		{B8B8B014-1FF5-495E-B000-5CFC13BA2FCE}.Debug|Win32.Build.0 = Debug|Win32
		{B8B8B014-1FF5-495E-B000-5CFC13BA2FCE}.Debug|Win32.Deploy.0 = Debug|Win32
		{B8B8B014-1FF5-495E-B000-5CFC13BA2FCE}.Debug|x64.ActiveCfg = Debug|x64
		{B8B8B014-1FF5-495E-B000-5CFC13BA2FCE}.Debug|x64.Build.0 = Debug|x64
		{B8B8B014-1FF5-495E-B000-5CFC13BA2FCE}.Debug|x64.Deploy.0 = Debug|x64
		{B8B8B014-1FF5-495E-B000-5CFC13BA2FCE}.Debug|ARM64.ActiveCfg = Debug|ARM64
		{B8B8B014-1FF5-495E-B000-5CFC13BA2FCE}.Debug|ARM64.Build.0 = Debug|ARM64
		{B8B8B014-1FF5-495E-B000-5CFC13BA2FCE}.Debug|ARM64.Deploy.0 = Debug|ARM64
		{B8B8B014-1FF5-495E-B000-5CFC13BA2FCE}.Release|Win32.ActiveCfg = Release|Win32
		{B8B8B014-1FF5-495E-B000-5CFC13BA2FCE}.Release|Win32.Build.0 = Release|Win32
		{B8B8B014-1FF5-495E-B000-5CFC13BA2FCE}.Release|Win32.Deploy.0 = Release|Win32
		{B8B8B014-1FF5-495E-B000-5CFC13BA2FCE}.Release|x64.ActiveCfg = Release|x64
		{B8B8B014-1FF5-495E-B000-5CFC13BA2FCE}.Release|x64.Build.0 = Release|x64
		{B8B8B014-1FF5-495E-B000-5CFC13BA2FCE}.Release|x64.Deploy.0 = Release|x64
		{B8B8B014-1FF5-495E-B000-5CFC13BA2FCE}.Release|ARM64.ActiveCfg = Release|ARM64
		{B8B8B014-1FF5-495E-B000-5CFC13BA2FCE}.Release|ARM64.Build.0 = Release|ARM64
		{B8B8B014-1FF5-495E-B000-5CFC13BA2FCE}.Release|ARM64.Deploy.0 = Release|ARM64
		{30241EE9-6B9B-4235-85C8-1255FF018647}.Debug|Win32.ActiveCfg = Debug|Win32
		{30241EE9-6B9B-4235-85C8-1255FF018647}.Debug|Win32.Build.0 = Debug|Win32
		{30241EE9-6B9B-4235-85C8-1255FF018647}.Debug|Win32.Deploy.0 = Debug|Win32
		{30241EE9-6B9B-4235-85C8-1255FF018647}.Debug|x64.ActiveCfg = Debug|x64
		{30241EE9-6B9B-4235-85C8-1255FF018647}.Debug|x64.Build.0 = Debug|x64
		{30241EE9-6B9B-4235-85C8-1255FF018647}.Debug|x64.Deploy.0 = Debug|x64
		{30241EE9-6B9B-4235-85C8-1255FF018647}.Debug|ARM64.ActiveCfg = Debug|ARM64
		{30241EE9-6B9B-4235-85C8-1255FF018647}.Debug|ARM64.Build.0 = Debug|ARM64
		{30241EE9-6B9B-4235-85C8-1255FF018647}.Debug|ARM64.Deploy.0 = Debug|ARM64
		{30241EE9-6B9B-4235-85C8-1255FF018647}.Release|Win32.ActiveCfg = Release|Win32
		{30241EE9-6B9B-4235-85C8-1255FF018647}.Release|Win32.Build.0 = Release|Win32
		{30241EE9-6B9B-4235-85C8-1255FF018647}.Release|Win32.Deploy.0 = Release|Win32
		{30241EE9-6B9B-4235-85C8-1255FF018647}.Release|x64.ActiveCfg = Release|x64
		{30241EE9-6B9B-4235-85C8-1255FF018647}.Release|x64.Build.0 = Release|x64
		{30241EE9-6B9B-4235-85C8-1255FF018647}.Release|x64.Deploy.0 = Release|x64
		{30241EE9-6B9B-4235-85C8-1255FF018647}.Release|ARM64.ActiveCfg = Release|ARM64
		{30241EE9-6B9B-4235-85C8-1255FF018647}.Release|ARM64.Build.0 = Release|ARM64
		{30241EE9-6B9B-4235-85C8-1255FF018647}.Release|ARM64.Deploy.0 = Release|ARM64
		{6BA47F4D-86F7-4565-B19E-BA56E6A8530E}.Debug|Win32.ActiveCfg = Debug|Win32
		{6BA47F4D-86F7-4565-B19E-BA56E6A8530E}.Debug|Win32.Build.0 = Debug|Win32
		{6BA47F4D-86F7-4565-B19E-BA56E6A8530E}.Debug|Win32.Deploy.0 = Debug|Win32
		{6BA47F4D-86F7-4565-B19E-BA56E6A8530E}.Debug|x64.ActiveCfg = Debug|x64
		{6BA47F4D-86F7-4565-B19E-BA56E6A8530E}.Debug|x64.Build.0 = Debug|x64
		{6BA47F4D-86F7-4565-B19E-BA56E6A8530E}.Debug|x64.Deploy.0 = Debug|x64
		{6BA47F4D-86F7-4565-B19E-BA56E6A8530E}.Debug|ARM64.ActiveCfg = Debug|ARM64
		{6BA47F4D-86F7-4565-B19E-BA56E6A8530E}.Debug|ARM64.Build.0 = Debug|ARM64
		{6BA47F4D-86F7-4565-B19E-BA56E6A8530E}.Debug|ARM64.Deploy.0 = Debug|ARM64
		{6BA47F4D-86F7-4565-B19E-BA56E6A8530E}.Release|Win32.ActiveCfg = Release|Win32
		{6BA47F4D-86F7-4565-B19E-BA56E6A8530E}.Release|Win32.Build.0 = Release|Win32
		{6BA47F4D-86F7-4565-B19E-BA56E6A8530E}.Release|Win32.Deploy.0 = Release|Win32
		{6BA47F4D-86F7-4565-B19E-BA56E6A8530E}.Release|x64.ActiveCfg = Release|x64
		{6BA47F4D-86F7-4565-B19E-BA56E6A8530E}.Release|x64.Build.0 = Release|x64
		{6BA47F4D-86F7-4565-B19E-BA56E6A8530E}.Release|x64.Deploy.0 = Release|x64
		{6BA47F4D-86F7-4565-B19E-BA56E6A8530E}.Release|ARM64.ActiveCfg = Release|ARM64
		{6BA47F4D-86F7-4565-B19E-BA56E6A8530E}.Release|ARM64.Build.0 = Release|ARM64
		{6BA47F4D-86F7-4565-B19E-BA56E6A8530E}.Release|ARM64.Deploy.0 = Release|ARM64
		{47863E17-2DA3-4B04-BD4F-EC44C25F6C3D}.Debug|Win32.ActiveCfg = Debug|Win32
		{47863E17-2DA3-4B04-BD4F-EC44C25F6C3D}.Debug|Win32.Build.0 = Debug|Win32
		{47863E17-2DA3-4B04-BD4F-EC44C25F6C3D}.Debug|Win32.Deploy.0 = Debug|Win32
		{47863E17-2DA3-4B04-BD4F-EC44C25F6C3D}.Debug|x64.ActiveCfg = Debug|x64
		{47863E17-2DA3-4B04-BD4F-EC44C25F6C3D}.Debug|x64.Build.0 = Debug|x64
		{47863E17-2DA3-4B04-BD4F-EC44C25F6C3D}.Debug|x64.Deploy.0 = Debug|x64
		{47863E17-2DA3-4B04-BD4F-EC44C25F6C3D}.Debug|ARM64.ActiveCfg = Debug|ARM64
		{47863E17-2DA3-4B04-BD4F-EC44C25F6C3D}.Debug|ARM64.Build.0 = Debug|ARM64
		{47863E17-2DA3-4B04-BD4F-EC44C25F6C3D}.Debug|ARM64.Deploy.0 = Debug|ARM64
		{47863E17-2DA3-4B04-BD4F-EC44C25F6C3D}.Release|Win32.ActiveCfg = Release|Win32
		{47863E17-2DA3-4B04-BD4F-EC44C25F6C3D}.Release|Win32.Build.0 = Release|Win32
		{47863E17-2DA3-4B04-BD4F-EC44C25F6C3D}.Release|Win32.Deploy.0 = Release|Win32
		{47863E17-2DA3-4B04-BD4F-EC44C25F6C3D}.Release|x64.ActiveCfg = Release|x64
		{47863E17-2DA3-4B04-BD4F-EC44C25F6C3D}.Release|x64.Build.0 = Release|x64
		{47863E17-2DA3-4B04-BD4F-EC44C25F6C3D}.Release|x64.Deploy.0 = Release|x64
		{47863E17-2DA3-4B04-BD4F-EC44C25F6C3D}.Release|ARM64.ActiveCfg = Release|ARM64
		{47863E17-2DA3-4B04-BD4F-EC44C25F6C3D}.Release|ARM64.Build.0 = Release|ARM64
		{47863E17-2DA3-4B04-BD4F-EC44C25F6C3D}.Release|ARM64.Deploy.0 = Release|ARM64
		{F4193ABC-7265-4FFC-A760-CD95E4FFFCA9}.Debug|Win32.ActiveCfg = Debug|Win32
		{F4193ABC-7265-4FFC-A760-CD95E4FFFCA9}.Debug|Win32.Build.0 = Debug|Win32
		{F4193ABC-7265-4FFC-A760-CD95E4FFFCA9}.Debug|Win32.Deploy.0 = Debug|Win32
		{F4193ABC-7265-4FFC-A760-CD95E4FFFCA9}.Debug|x64.ActiveCfg = Debug|x64
		{F4193ABC-7265-4FFC-A760-CD95E4FFFCA9}.Debug|x64.Build.0 = Debug|x64
		{F4193ABC-7265-4FFC-A760-CD95E4FFFCA9}.Debug|x64.Deploy.0 = Debug|x64
		{F4193ABC-7265-4FFC-A760-CD95E4FFFCA9}.Debug|ARM64.ActiveCfg = Debug|ARM64
		{F4193ABC-7265-4FFC-A760-CD95E4FFFCA9}.Debug|ARM64.Build.0 = Debug|ARM64
		{F4193ABC-7265-4FFC-A760-CD95E4FFFCA9}.Debug|ARM64.Deploy.0 = Debug|ARM64
		{F4193ABC-7265-4FFC-A760-CD95E4FFFCA9}.Release|Win32.ActiveCfg = Release|Win32
		{F4193ABC-7265-4FFC-A760-CD95E4FFFCA9}.Release|Win32.Build.0 = Release|Win32
		{F4193ABC-7265-4FFC-A760-CD95E4FFFCA9}.Release|Win32.Deploy.0 = Release|Win32
		{F4193ABC-7265-4FFC-A760-CD95E4FFFCA9}.Release|x64.ActiveCfg = Release|x64
		{F4193ABC-7265-4FFC-A760-CD95E4FFFCA9}.Release|x64.Build.0 = Release|x64
		{F4193ABC-7265-4FFC-A760-CD95E4FFFCA9}.Release|x64.Deploy.0 = Release|x64
		{F4193ABC-7265-4FFC-A760-CD95E4FFFCA9}.Release|ARM64.ActiveCfg = Release|ARM64
		{F4193ABC-7265-4FFC-A760-CD95E4FFFCA9}.Release|ARM64.Build.0 = Release|ARM64
		{F4193ABC-7265-4FFC-A760-CD95E4FFFCA9}.Release|ARM64.Deploy.0 = Release|ARM64
		{DF96FEFB-3663-405F-ACE9-79A3AAFA0302}.Debug|Win32.ActiveCfg = Debug|Win32
		{DF96FEFB-3663-405F-ACE9-79A3AAFA0302}.Debug|Win32.Build.0 = Debug|Win32
		{DF96FEFB-3663-405F-ACE9-79A3AAFA0302}.Debug|Win32.Deploy.0 = Debug|Win32
		{DF96FEFB-3663-405F-ACE9-79A3AAFA0302}.Debug|x64.ActiveCfg = Debug|x64
		{DF96FEFB-3663-405F-ACE9-79A3AAFA0302}.Debug|x64.Build.0 = Debug|x64
		{DF96FEFB-3663-405F-ACE9-79A3AAFA0302}.Debug|x64.Deploy.0 = Debug|x64
		{DF96FEFB-3663-405F-ACE9-79A3AAFA0302}.Debug|ARM64.ActiveCfg = Debug|ARM64
		{DF96FEFB-3663-405F-ACE9-79A3AAFA0302}.Debug|ARM64.Build.0 = Debug|ARM64
		{DF96FEFB-3663-405F-ACE9-79A3AAFA0302}.Debug|ARM64.Deploy.0 = Debug|ARM64
		{DF96FEFB-3663-405F-ACE9-79A3AAFA0302}.Release|Win32.ActiveCfg = Release|Win32
		{DF96FEFB-3663-405F-ACE9-79A3AAFA0302}.Release|Win32.Build.0 = Release|Win32
		{DF96FEFB-3663-405F-ACE9-79A3AAFA0302}.Release|Win32.Deploy.0 = Release|Win32
		{DF96FEFB-3663-405F-ACE9-79A3AAFA0302}.Release|x64.ActiveCfg = Release|x64
		{DF96FEFB-3663-405F-ACE9-79A3AAFA0302}.Release|x64.Build.0 = Release|x64
		{DF96FEFB-3663-405F-ACE9-79A3AAFA0302}.Release|x64.Deploy.0 = Release|x64
		{DF96FEFB-3663-405F-ACE9-79A3AAFA0302}.Release|ARM64.ActiveCfg = Release|ARM64
		{DF96FEFB-3663-405F-ACE9-79A3AAFA0302}.Release|ARM64.Build.0 = Release|ARM64
		{DF96FEFB-3663-405F-ACE9-79A3AAFA0302}.Release|ARM64.Deploy.0 = Release|ARM64
		{D8F13991-054F-4904-8B72-94B2D493E2A4}.Debug|Win32.ActiveCfg = Debug|Win32
		{D8F13991-054F-4904-8B72-94B2D493E2A4}.Debug|Win32.Build.0 = Debug|Win32
		{D8F13991-054F-4904-8B72-94B2D493E2A4}.Debug|Win32.Deploy.0 = Debug|Win32
		{D8F13991-054F-4904-8B72-94B2D493E2A4}.Debug|x64.ActiveCfg = Debug|x64
		{D8F13991-054F-4904-8B72-94B2D493E2A4}.Debug|x64.Build.0 = Debug|x64
		{D8F13991-054F-4904-8B72-94B2D493E2A4}.Debug|x64.Deploy.0 = Debug|x64
		{D8F13991-054F-4904-8B72-94B2D493E2A4}.Debug|ARM64.ActiveCfg = Debug|ARM64
		{D8F13991-054F-4904-8B72-94B2D493E2A4}.Debug|ARM64.Build.0 = Debug|ARM64
		{D8F13991-054F-4904-8B72-94B2D493E2A4}.Debug|ARM64.Deploy.0 = Debug|ARM64
		{D8F13991-054F-4904-8B72-94B2D493E2A4}.Release|Win32.ActiveCfg = Release|Win32
		{D8F13991-054F-4904-8B72-94B2D493E2A4}.Release|Win32.Build.0 = Release|Win32
		{D8F13991-054F-4904-8B72-94B2D493E2A4}.Release|Win32.Deploy.0 = Release|Win32
		{D8F13991-054F-4904-8B72-94B2D493E2A4}.Release|x64.ActiveCfg = Release|x64
		{D8F13991-054F-4904-8B72-94B2D493E2A4}.Release|x64.Build.0 = Release|x64
		{D8F13991-054F-4904-8B72-94B2D493E2A4}.Release|x64.Deploy.0 = Release|x64
		{D8F13991-054F-4904-8B72-94B2D493E2A4}.Release|ARM64.ActiveCfg = Release|ARM64
		{D8F13991-054F-4904-8B72-94B2D493E2A4}.Release|ARM64.Build.0 = Release|ARM64
		{D8F13991-054F-4904-8B72-94B2D493E2A4}.Release|ARM64.Deploy.0 = Release|ARM64
		{57EEB488-1772-44C2-BDF6-457329D93868}.Debug|Win32.ActiveCfg = Debug|Win32
		{57EEB488-1772-44C2-BDF6-457329D93868}.Debug|Win32.Build.0 = Debug|Win32
		{57EEB488-1772-44C2-BDF6-457329D93868}.Debug|Win32.Deploy.0 = Debug|Win32
		{57EEB488-1772-44C2-BDF6-457329D93868}.Debug|x64.ActiveCfg = Debug|x64
		{57EEB488-1772-44C2-BDF6-457329D93868}.Debug|x64.Build.0 = Debug|x64
		{57EEB488-1772-44C2-BDF6-457329D93868}.Debug|x64.Deploy.0 = Debug|x64
		{57EEB488-1772-44C2-BDF6-457329D93868}.Debug|ARM64.ActiveCfg = Debug|ARM64
		{57EEB488-1772-44C2-BDF6-457329D93868}.Debug|ARM64.Build.0 = Debug|ARM64
		{57EEB488-1772-44C2-BDF6-457329D93868}.Debug|ARM64.Deploy.0 = Debug|ARM64
		{57EEB488-1772-44C2-BDF6-457329D93868}.Release|Win32.ActiveCfg = Release|Win32
		{57EEB488-1772-44C2-BDF6-457329D93868}.Release|Win32.Build.0 = Release|Win32
		{57EEB488-1772-44C2-BDF6-457329D93868}.Release|Win32.Deploy.0 = Release|Win32
		{57EEB488-1772-44C2-BDF6-457329D93868}.Release|x64.ActiveCfg = Release|x64
		{57EEB488-1772-44C2-BDF6-457329D93868}.Release|x64.Build.0 = Release|x64
		{57EEB488-1772-44C2-BDF6-457329D93868}.Release|x64.Deploy.0 = Release|x64
		{57EEB488-1772-44C2-BDF6-457329D93868}.Release|ARM64.ActiveCfg = Release|ARM64
		{57EEB488-1772-44C2-BDF6-457329D93868}.Release|ARM64.Build.0 = Release|ARM64
		{57EEB488-1772-44C2-BDF6-457329D93868}.Release|ARM64.Deploy.0 = Release|ARM64
		{A29DDCCB-F44A-409B-9294-7037B86F81AA}.Debug|Win32.ActiveCfg = Debug|Win32
		{A29DDCCB-F44A-409B-9294-7037B86F81AA}.Debug|Win32.Build.0 = Debug|Win32
		{A29DDCCB-F44A-409B-9294-7037B86F81AA}.Debug|Win32.Deploy.0 = Debug|Win32
		{A29DDCCB-F44A-409B-9294-7037B86F81AA}.Debug|x64.ActiveCfg = Debug|x64
		{A29DDCCB-F44A-409B-9294-7037B86F81AA}.Debug|x64.Build.0 = Debug|x64
		{A29DDCCB-F44A-409B-9294-7037B86F81AA}.Debug|x64.Deploy.0 = Debug|x64
		{A29DDCCB-F44A-409B-9294-7037B86F81AA}.Debug|ARM64.ActiveCfg = Debug|ARM64
		{A29DDCCB-F44A-409B-9294-7037B86F81AA}.Debug|ARM64.Build.0 = Debug|ARM64
		{A29DDCCB-F44A-409B-9294-7037B86F81AA}.Debug|ARM64.Deploy.0 = Debug|ARM64
		{A29DDCCB-F44A-409B-9294-7037B86F81AA}.Release|Win32.ActiveCfg = Release|Win32
		{A29DDCCB-F44A-409B-9294-7037B86F81AA}.Release|Win32.Build.0 = Release|Win32
		{A29DDCCB-F44A-409B-9294-7037B86F81AA}.Release|Win32.Deploy.0 = Release|Win32
		{A29DDCCB-F44A-409B-9294-7037B86F81AA}.Release|x64.ActiveCfg = Release|x64
		{A29DDCCB-F44A-409B-9294-7037B86F81AA}.Release|x64.Build.0 = Release|x64
		{A29DDCCB-F44A-409B-9294-7037B86F81AA}.Release|x64.Deploy.0 = Release|x64
		{A29DDCCB-F44A-409B-9294-7037B86F81AA}.Release|ARM64.ActiveCfg = Release|ARM64
		{A29DDCCB-F44A-409B-9294-7037B86F81AA}.Release|ARM64.Build.0 = Release|ARM64
		{A29DDCCB-F44A-409B-9294-7037B86F81AA}.Release|ARM64.Deploy.0 = Release|ARM64
		{BC8F3C87-181C-460B-91C6-A0132AF4272C}.Debug|Win32.ActiveCfg = Debug|Win32
		{BC8F3C87-181C-460B-91C6-A0132AF4272C}.Debug|Win32.Build.0 = Debug|Win32
		{BC8F3C87-181C-460B-91C6-A0132AF4272C}.Debug|Win32.Deploy.0 = Debug|Win32
		{BC8F3C87-181C-460B-91C6-A0132AF4272C}.Debug|x64.ActiveCfg = Debug|x64
		{BC8F3C87-181C-460B-91C6-A0132AF4272C}.Debug|x64.Build.0 = Debug|x64
		{BC8F3C87-181C-460B-91C6-A0132AF4272C}.Debug|x64.Deploy.0 = Debug|x64
		{BC8F3C87-181C-460B-91C6-A0132AF4272C}.Debug|ARM64.ActiveCfg = Debug|ARM64
		{BC8F3C87-181C-460B-91C6-A0132AF4272C}.Debug|ARM64.Build.0 = Debug|ARM64
		{BC8F3C87-181C-460B-91C6-A0132AF4272C}.Debug|ARM64.Deploy.0 = Debug|ARM64
		{BC8F3C87-181C-460B-91C6-A0132AF4272C}.Release|Win32.ActiveCfg = Release|Win32
		{BC8F3C87-181C-460B-91C6-A0132AF4272C}.Release|Win32.Build.0 = Release|Win32
		{BC8F3C87-181C-460B-91C6-A0132AF4272C}.Release|Win32.Deploy.0 = Release|Win32
		{BC8F3C87-181C-460B-91C6-A0132AF4272C}.Release|x64.ActiveCfg = Release|x64
		{BC8F3C87-181C-460B-91C6-A0132AF4272C}.Release|x64.Build.0 = Release|x64
		{BC8F3C87-181C-460B-91C6-A0132AF4272C}.Release|x64.Deploy.0 = Release|x64
		{BC8F3C87-181C-460B-91C6-A0132AF4272C}.Release|ARM64.ActiveCfg = Release|ARM64
		{BC8F3C87-181C-460B-91C6-A0132AF4272C}.Release|ARM64.Build.0 = Release|ARM64
		{BC8F3C87-181C-460B-91C6-A0132AF4272C}.Release|ARM64.Deploy.0 = Release|ARM64
		{651C93F6-F177-4C6D-8160-CEF917570DB4}.Debug|Win32.ActiveCfg = Debug|Win32
		{651C93F6-F177-4C6D-8160-CEF917570DB4}.Debug|Win32.Build.0 = Debug|Win32
		{651C93F6-F177-4C6D-8160-CEF917570DB4}.Debug|Win32.Deploy.0 = Debug|Win32
		{651C93F6-F177-4C6D-8160-CEF917570DB4}.Debug|x64.ActiveCfg = Debug|x64
		{651C93F6-F177-4C6D-8160-CEF917570DB4}.Debug|x64.Build.0 = Debug|x64
		{651C93F6-F177-4C6D-8160-CEF917570DB4}.Debug|x64.Deploy.0 = Debug|x64
		{651C93F6-F177-4C6D-8160-CEF917570DB4}.Debug|ARM64.ActiveCfg = Debug|ARM64
		{651C93F6-F177-4C6D-8160-CEF917570DB4}.Debug|ARM64.Build.0 = Debug|ARM64
		{651C93F6-F177-4C6D-8160-CEF917570DB4}.Debug|ARM64.Deploy.0 = Debug|ARM64
		{651C93F6-F177-4C6D-8160-CEF917570DB4}.Release|Win32.ActiveCfg = Release|Win32
		{651C93F6-F177-4C6D-8160-CEF917570DB4}.Release|Win32.Build.0 = Release|Win32
		{651C93F6-F177-4C6D-8160-CEF917570DB4}.Release|Win32.Deploy.0 = Release|Win32
		{651C93F6-F177-4C6D-8160-CEF917570DB4}.Release|x64.ActiveCfg = Release|x64
		{651C93F6-F177-4C6D-8160-CEF917570DB4}.Release|x64.Build.0 = Release|x64
		{651C93F6-F177-4C6D-8160-CEF917570DB4}.Release|x64.Deploy.0 = Release|x64
		{651C93F6-F177-4C6D-8160-CEF917570DB4}.Release|ARM64.ActiveCfg = Release|ARM64
		{651C93F6-F177-4C6D-8160-CEF917570DB4}.Release|ARM64.Build.0 = Release|ARM64
		{651C93F6-F177-4C6D-8160-CEF917570DB4}.Release|ARM64.Deploy.0 = Release|ARM64
		{B62960E1-7A98-4DF3-AB1C-6EF4A8CF40EB}.Debug|Win32.ActiveCfg = Debug|Win32
		{B62960E1-7A98-4DF3-AB1C-6EF4A8CF40EB}.Debug|Win32.Build.0 = Debug|Win32
		{B62960E1-7A98-4DF3-AB1C-6EF4A8CF40EB}.Debug|Win32.Deploy.0 = Debug|Win32
		{B62960E1-7A98-4DF3-AB1C-6EF4A8CF40EB}.Debug|x64.ActiveCfg = Debug|x64
		{B62960E1-7A98-4DF3-AB1C-6EF4A8CF40EB}.Debug|x64.Build.0 = Debug|x64
		{B62960E1-7A98-4DF3-AB1C-6EF4A8CF40EB}.Debug|x64.Deploy.0 = Debug|x64
		{B62960E1-7A98-4DF3-AB1C-6EF4A8CF40EB}.Debug|ARM64.ActiveCfg = Debug|ARM64
		{B62960E1-7A98-4DF3-AB1C-6EF4A8CF40EB}.Debug|ARM64.Build.0 = Debug|ARM64
		{B62960E1-7A98-4DF3-AB1C-6EF4A8CF40EB}.Debug|ARM64.Deploy.0 = Debug|ARM64
		{B62960E1-7A98-4DF3-AB1C-6EF4A8CF40EB}.Release|Win32.ActiveCfg = Release|Win32
		{B62960E1-7A98-4DF3-AB1C-6EF4A8CF40EB}.Release|Win32.Build.0 = Release|Win32
		{B62960E1-7A98-4DF3-AB1C-6EF4A8CF40EB}.Release|Win32.Deploy.0 = Release|Win32
		{B62960E1-7A98-4DF3-AB1C-6EF4A8CF40EB}.Release|x64.ActiveCfg = Release|x64
		{B62960E1-7A98-4DF3-AB1C-6EF4A8CF40EB}.Release|x64.Build.0 = Release|x64
		{B62960E1-7A98-4DF3-AB1C-6EF4A8CF40EB}.Release|x64.Deploy.0 = Release|x64
		{B62960E1-7A98-4DF3-AB1C-6EF4A8CF40EB}.Release|ARM64.ActiveCfg = Release|ARM64
		{B62960E1-7A98-4DF3-AB1C-6EF4A8CF40EB}.Release|ARM64.Build.0 = Release|ARM64
		{B62960E1-7A98-4DF3-AB1C-6EF4A8CF40EB}.Release|ARM64.Deploy.0 = Release|ARM64
		{85BB7D18-8624-4B61-8AA2-B35F6D676DB3}.Debug|Win32.ActiveCfg = Debug|Win32
		{85BB7D18-8624-4B61-8AA2-B35F6D676DB3}.Debug|Win32.Build.0 = Debug|Win32
		{85BB7D18-8624-4B61-8AA2-B35F6D676DB3}.Debug|Win32.Deploy.0 = Debug|Win32
		{85BB7D18-8624-4B61-8AA2-B35F6D676DB3}.Debug|x64.ActiveCfg = Debug|x64
		{85BB7D18-8624-4B61-8AA2-B35F6D676DB3}.Debug|x64.Build.0 = Debug|x64
		{85BB7D18-8624-4B61-8AA2-B35F6D676DB3}.Debug|x64.Deploy.0 = Debug|x64
		{85BB7D18-8624-4B61-8AA2-B35F6D676DB3}.Debug|ARM64.ActiveCfg = Debug|ARM64
		{85BB7D18-8624-4B61-8AA2-B35F6D676DB3}.Debug|ARM64.Build.0 = Debug|ARM64
		{85BB7D18-8624-4B61-8AA2-B35F6D676DB3}.Debug|ARM64.Deploy.0 = Debug|ARM64
		{85BB7D18-8624-4B61-8AA2-B35F6D676DB3}.Release|Win32.ActiveCfg = Release|Win32
		{85BB7D18-8624-4B61-8AA2-B35F6D676DB3}.Release|Win32.Build.0 = Release|Win32
		{85BB7D18-8624-4B61-8AA2-B35F6D676DB3}.Release|Win32.Deploy.0 = Release|Win32
		{85BB7D18-8624-4B61-8AA2-B35F6D676DB3}.Release|x64.ActiveCfg = Release|x64
		{85BB7D18-8624-4B61-8AA2-B35F6D676DB3}.Release|x64.Build.0 = Release|x64
		{85BB7D18-8624-4B61-8AA2-B35F6D676DB3}.Release|x64.Deploy.0 = Release|x64
		{85BB7D18-8624-4B61-8AA2-B35F6D676DB3}.Release|ARM64.ActiveCfg = Release|ARM64
		{85BB7D18-8624-4B61-8AA2-B35F6D676DB3}.Release|ARM64.Build.0 = Release|ARM64
		{85BB7D18-8624-4B61-8AA2-B35F6D676DB3}.Release|ARM64.Deploy.0 = Release|ARM64
		{45295700-DE11-4AE0-98A7-00B2E5DC3B89}.Debug|Win32.ActiveCfg = Debug|Win32
		{45295700-DE11-4AE0-98A7-00B2E5DC3B89}.Debug|Win32.Build.0 = Debug|Win32
		{45295700-DE11-4AE0-98A7-00B2E5DC3B89}.Debug|Win32.Deploy.0 = Debug|Win32
		{45295700-DE11-4AE0-98A7-00B2E5DC3B89}.Debug|x64.ActiveCfg = Debug|x64
		{45295700-DE11-4AE0-98A7-00B2E5DC3B89}.Debug|x64.Build.0 = Debug|x64
		{45295700-DE11-4AE0-98A7-00B2E5DC3B89}.Debug|x64.Deploy.0 = Debug|x64
		{45295700-DE11-4AE0-98A7-00B2E5DC3B89}.Debug|ARM64.ActiveCfg = Debug|ARM64
		{45295700-DE11-4AE0-98A7-00B2E5DC3B89}.Debug|ARM64.Build.0 = Debug|ARM64
		{45295700-DE11-4AE0-98A7-00B2E5DC3B89}.Debug|ARM64.Deploy.0 = Debug|ARM64
		{45295700-DE11-4AE0-98A7-00B2E5DC3B89}.Release|Win32.ActiveCfg = Release|Win32
		{45295700-DE11-4AE0-98A7-00B2E5DC3B89}.Release|Win32.Build.0 = Release|Win32
		{45295700-DE11-4AE0-98A7-00B2E5DC3B89}.Release|Win32.Deploy.0 = Release|Win32
		{45295700-DE11-4AE0-98A7-00B2E5DC3B89}.Release|x64.ActiveCfg = Release|x64
		{45295700-DE11-4AE0-98A7-00B2E5DC3B89}.Release|x64.Build.0 = Release|x64
		{45295700-DE11-4AE0-98A7-00B2E5DC3B89}.Release|x64.Deploy.0 = Release|x64
		{45295700-DE11-4AE0-98A7-00B2E5DC3B89}.Release|ARM64.ActiveCfg = Release|ARM64
		{45295700-DE11-4AE0-98A7-00B2E5DC3B89}.Release|ARM64.Build.0 = Release|ARM64
		{45295700-DE11-4AE0-98A7-00B2E5DC3B89}.Release|ARM64.Deploy.0 = Release|ARM64
		{82F77FC2-DB03-4B20-979D-935B2269F9EC}.Debug|Win32.ActiveCfg = Debug|Win32
		{82F77FC2-DB03-4B20-979D-935B2269F9EC}.Debug|Win32.Build.0 = Debug|Win32
		{82F77FC2-DB03-4B20-979D-935B2269F9EC}.Debug|Win32.Deploy.0 = Debug|Win32
		{82F77FC2-DB03-4B20-979D-935B2269F9EC}.Debug|x64.ActiveCfg = Debug|x64
		{82F77FC2-DB03-4B20-979D-935B2269F9EC}.Debug|x64.Build.0 = Debug|x64
		{82F77FC2-DB03-4B20-979D-935B2269F9EC}.Debug|x64.Deploy.0 = Debug|x64
		{82F77FC2-DB03-4B20-979D-935B2269F9EC}.Debug|ARM64.ActiveCfg = Debug|ARM64
		{82F77FC2-DB03-4B20-979D-935B2269F9EC}.Debug|ARM64.Build.0 = Debug|ARM64
		{82F77FC2-DB03-4B20-979D-935B2269F9EC}.Debug|ARM64.Deploy.0 = Debug|ARM64
		{82F77FC2-DB03-4B20-979D-935B2269F9EC}.Release|Win32.ActiveCfg = Release|Win32
		{82F77FC2-DB03-4B20-979D-935B2269F9EC}.Release|Win32.Build.0 = Release|Win32
		{82F77FC2-DB03-4B20-979D-935B2269F9EC}.Release|Win32.Deploy.0 = Release|Win32
		{82F77FC2-DB03-4B20-979D-935B2269F9EC}.Release|x64.ActiveCfg = Release|x64
		{82F77FC2-DB03-4B20-979D-935B2269F9EC}.Release|x64.Build.0 = Release|x64
		{82F77FC2-DB03-4B20-979D-935B2269F9EC}.Release|x64.Deploy.0 = Release|x64
		{82F77FC2-DB03-4B20-979D-935B2269F9EC}.Release|ARM64.ActiveCfg = Release|ARM64
		{82F77FC2-DB03-4B20-979D-935B2269F9EC}.Release|ARM64.Build.0 = Release|ARM64
		{82F77FC2-DB03-4B20-979D-935B2269F9EC}.Release|ARM64.Deploy.0 = Release|ARM64
		{6F0DD69A-E374-4E05-B8D3-581BF4BF2FDD}.Debug|Win32.ActiveCfg = Debug|Win32
		{6F0DD69A-E374-4E05-B8D3-581BF4BF2FDD}.Debug|Win32.Build.0 = Debug|Win32
		{6F0DD69A-E374-4E05-B8D3-581BF4BF2FDD}.Debug|Win32.Deploy.0 = Debug|Win32
		{6F0DD69A-E374-4E05-B8D3-581BF4BF2FDD}.Debug|x64.ActiveCfg = Debug|x64
		{6F0DD69A-E374-4E05-B8D3-581BF4BF2FDD}.Debug|x64.Build.0 = Debug|x64
		{6F0DD69A-E374-4E05-B8D3-581BF4BF2FDD}.Debug|x64.Deploy.0 = Debug|x64
		{6F0DD69A-E374-4E05-B8D3-581BF4BF2FDD}.Debug|ARM64.ActiveCfg = Debug|ARM64
		{6F0DD69A-E374-4E05-B8D3-581BF4BF2FDD}.Debug|ARM64.Build.0 = Debug|ARM64
		{6F0DD69A-E374-4E05-B8D3-581BF4BF2FDD}.Debug|ARM64.Deploy.0 = Debug|ARM64
		{6F0DD69A-E374-4E05-B8D3-581BF4BF2FDD}.Release|Win32.ActiveCfg = Release|Win32
		{6F0DD69A-E374-4E05-B8D3-581BF4BF2FDD}.Release|Win32.Build.0 = Release|Win32
		{6F0DD69A-E374-4E05-B8D3-581BF4BF2FDD}.Release|Win32.Deploy.0 = Release|Win32
		{6F0DD69A-E374-4E05-B8D3-581BF4BF2FDD}.Release|x64.ActiveCfg = Release|x64
		{6F0DD69A-E374-4E05-B8D3-581BF4BF2FDD}.Release|x64.Build.0 = Release|x64
		{6F0DD69A-E374-4E05-B8D3-581BF4BF2FDD}.Release|x64.Deploy.0 = Release|x64
		{6F0DD69A-E374-4E05-B8D3-581BF4BF2FDD}.Release|ARM64.ActiveCfg = Release|ARM64
		{6F0DD69A-E374-4E05-B8D3-581BF4BF2FDD}.Release|ARM64.Build.0 = Release|ARM64
		{6F0DD69A-E374-4E05-B8D3-581BF4BF2FDD}.Release|ARM64.Deploy.0 = Release|ARM64
		{9CD3FDE9-4F76-43A6-93B3-3D6F9F372BAC}.Debug|Win32.ActiveCfg = Debug|Win32
		{9CD3FDE9-4F76-43A6-93B3-3D6F9F372BAC}.Debug|Win32.Build.0 = Debug|Win32
		{9CD3FDE9-4F76-43A6-93B3-3D6F9F372BAC}.Debug|Win32.Deploy.0 = Debug|Win32
		{9CD3FDE9-4F76-43A6-93B3-3D6F9F372BAC}.Debug|x64.ActiveCfg = Debug|x64
		{9CD3FDE9-4F76-43A6-93B3-3D6F9F372BAC}.Debug|x64.Build.0 = Debug|x64
		{9CD3FDE9-4F76-43A6-93B3-3D6F9F372BAC}.Debug|x64.Deploy.0 = Debug|x64
		{9CD3FDE9-4F76-43A6-93B3-3D6F9F372BAC}.Debug|ARM64.ActiveCfg = Debug|ARM64
		{9CD3FDE9-4F76-43A6-93B3-3D6F9F372BAC}.Debug|ARM64.Build.0 = Debug|ARM64
		{9CD3FDE9-4F76-43A6-93B3-3D6F9F372BAC}.Debug|ARM64.Deploy.0 = Debug|ARM64
		{9CD3FDE9-4F76-43A6-93B3-3D6F9F372BAC}.Release|Win32.ActiveCfg = Release|Win32
		{9CD3FDE9-4F76-43A6-93B3-3D6F9F372BAC}.Release|Win32.Build.0 = Release|Win32
		{9CD3FDE9-4F76-43A6-93B3-3D6F9F372BAC}.Release|Win32.Deploy.0 = Release|Win32
		{9CD3FDE9-4F76-43A6-93B3-3D6F9F372BAC}.Release|x64.ActiveCfg = Release|x64
		{9CD3FDE9-4F76-43A6-93B3-3D6F9F372BAC}.Release|x64.Build.0 = Release|x64
		{9CD3FDE9-4F76-43A6-93B3-3D6F9F372BAC}.Release|x64.Deploy.0 = Release|x64
		{9CD3FDE9-4F76-43A6-93B3-3D6F9F372BAC}.Release|ARM64.ActiveCfg = Release|ARM64
		{9CD3FDE9-4F76-43A6-93B3-3D6F9F372BAC}.Release|ARM64.Build.0 = Release|ARM64
		{9CD3FDE9-4F76-43A6-93B3-3D6F9F372BAC}.Release|ARM64.Deploy.0 = Release|ARM64
		{88566027-1AC0-44D9-A99C-58C6E8F66DCD}.Debug|Win32.ActiveCfg = Debug|Win32
		{88566027-1AC0-44D9-A99C-58C6E8F66DCD}.Debug|Win32.Build.0 = Debug|Win32
		{88566027-1AC0-44D9-A99C-58C6E8F66DCD}.Debug|Win32.Deploy.0 = Debug|Win32
		{88566027-1AC0-44D9-A99C-58C6E8F66DCD}.Debug|x64.ActiveCfg = Debug|x64
		{88566027-1AC0-44D9-A99C-58C6E8F66DCD}.Debug|x64.Build.0 = Debug|x64
		{88566027-1AC0-44D9-A99C-58C6E8F66DCD}.Debug|x64.Deploy.0 = Debug|x64
		{88566027-1AC0-44D9-A99C-58C6E8F66DCD}.Debug|ARM64.ActiveCfg = Debug|ARM64
		{88566027-1AC0-44D9-A99C-58C6E8F66DCD}.Debug|ARM64.Build.0 = Debug|ARM64
		{88566027-1AC0-44D9-A99C-58C6E8F66DCD}.Debug|ARM64.Deploy.0 = Debug|ARM64
		{88566027-1AC0-44D9-A99C-58C6E8F66DCD}.Release|Win32.ActiveCfg = Release|Win32
		{88566027-1AC0-44D9-A99C-58C6E8F66DCD}.Release|Win32.Build.0 = Release|Win32
		{88566027-1AC0-44D9-A99C-58C6E8F66DCD}.Release|Win32.Deploy.0 = Release|Win32
		{88566027-1AC0-44D9-A99C-58C6E8F66DCD}.Release|x64.ActiveCfg = Release|x64
		{88566027-1AC0-44D9-A99C-58C6E8F66DCD}.Release|x64.Build.0 = Release|x64
		{88566027-1AC0-44D9-A99C-58C6E8F66DCD}.Release|x64.Deploy.0 = Release|x64
		{88566027-1AC0-44D9-A99C-58C6E8F66DCD}.Release|ARM64.ActiveCfg = Release|ARM64
		{88566027-1AC0-44D9-A99C-58C6E8F66DCD}.Release|ARM64.Build.0 = Release|ARM64
		{88566027-1AC0-44D9-A99C-58C6E8F66DCD}.Release|ARM64.Deploy.0 = Release|ARM64
		{AE3FC83D-37AF-4130-AB73-BBDF14EEC029}.Debug|Win32.ActiveCfg = Debug|Win32
		{AE3FC83D-37AF-4130-AB73-BBDF14EEC029}.Debug|Win32.Build.0 = Debug|Win32
		{AE3FC83D-37AF-4130-AB73-BBDF14EEC029}.Debug|Win32.Deploy.0 = Debug|Win32
		{AE3FC83D-37AF-4130-AB73-BBDF14EEC029}.Debug|x64.ActiveCfg = Debug|x64
		{AE3FC83D-37AF-4130-AB73-BBDF14EEC029}.Debug|x64.Build.0 = Debug|x64
		{AE3FC83D-37AF-4130-AB73-BBDF14EEC029}.Debug|x64.Deploy.0 = Debug|x64
		{AE3FC83D-37AF-4130-AB73-BBDF14EEC029}.Debug|ARM64.ActiveCfg = Debug|ARM64
		{AE3FC83D-37AF-4130-AB73-BBDF14EEC029}.Debug|ARM64.Build.0 = Debug|ARM64
		{AE3FC83D-37AF-4130-AB73-BBDF14EEC029}.Debug|ARM64.Deploy.0 = Debug|ARM64
		{AE3FC83D-37AF-4130-AB73-BBDF14EEC029}.Release|Win32.ActiveCfg = Release|Win32
		{AE3FC83D-37AF-4130-AB73-BBDF14EEC029}.Release|Win32.Build.0 = Release|Win32
		{AE3FC83D-37AF-4130-AB73-BBDF14EEC029}.Release|Win32.Deploy.0 = Release|Win32
		{AE3FC83D-37AF-4130-AB73-BBDF14EEC029}.Release|x64.ActiveCfg = Release|x64
		{AE3FC83D-37AF-4130-AB73-BBDF14EEC029}.Release|x64.Build.0 = Release|x64
		{AE3FC83D-37AF-4130-AB73-BBDF14EEC029}.Release|x64.Deploy.0 = Release|x64
		{AE3FC83D-37AF-4130-AB73-BBDF14EEC029}.Release|ARM64.ActiveCfg = Release|ARM64
		{AE3FC83D-37AF-4130-AB73-BBDF14EEC029}.Release|ARM64.Build.0 = Release|ARM64
		{AE3FC83D-37AF-4130-AB73-BBDF14EEC029}.Release|ARM64.Deploy.0 = Release|ARM64
		{A996C068-FDB5-4751-B287-3D855BEF2BA5}.Debug|Win32.ActiveCfg = Debug|Win32
		{A996C068-FDB5-4751-B287-3D855BEF2BA5}.Debug|Win32.Build.0 = Debug|Win32
		{A996C068-FDB5-4751-B287-3D855BEF2BA5}.Debug|Win32.Deploy.0 = Debug|Win32
		{A996C068-FDB5-4751-B287-3D855BEF2BA5}.Debug|x64.ActiveCfg = Debug|x64
		{A996C068-FDB5-4751-B287-3D855BEF2BA5}.Debug|x64.Build.0 = Debug|x64
		{A996C068-FDB5-4751-B287-3D855BEF2BA5}.Debug|x64.Deploy.0 = Debug|x64
		{A996C068-FDB5-4751-B287-3D855BEF2BA5}.Debug|ARM64.ActiveCfg = Debug|ARM64
		{A996C068-FDB5-4751-B287-3D855BEF2BA5}.Debug|ARM64.Build.0 = Debug|ARM64
		{A996C068-FDB5-4751-B287-3D855BEF2BA5}.Debug|ARM64.Deploy.0 = Debug|ARM64
		{A996C068-FDB5-4751-B287-3D855BEF2BA5}.Release|Win32.ActiveCfg = Release|Win32
		{A996C068-FDB5-4751-B287-3D855BEF2BA5}.Release|Win32.Build.0 = Release|Win32
		{A996C068-FDB5-4751-B287-3D855BEF2BA5}.Release|Win32.Deploy.0 = Release|Win32
		{A996C068-FDB5-4751-B287-3D855BEF2BA5}.Release|x64.ActiveCfg = Release|x64
		{A996C068-FDB5-4751-B287-3D855BEF2BA5}.Release|x64.Build.0 = Release|x64
		{A996C068-FDB5-4751-B287-3D855BEF2BA5}.Release|x64.Deploy.0 = Release|x64
		{A996C068-FDB5-4751-B287-3D855BEF2BA5}.Release|ARM64.ActiveCfg = Release|ARM64
		{A996C068-FDB5-4751-B287-3D855BEF2BA5}.Release|ARM64.Build.0 = Release|ARM64
		{A996C068-FDB5-4751-B287-3D855BEF2BA5}.Release|ARM64.Deploy.0 = Release|ARM64
		{31C784C7-FE62-4743-BBDC-19505C7FFD17}.Debug|Win32.ActiveCfg = Debug|Win32
		{31C784C7-FE62-4743-BBDC-19505C7FFD17}.Debug|Win32.Build.0 = Debug|Win32
		{31C784C7-FE62-4743-BBDC-19505C7FFD17}.Debug|Win32.Deploy.0 = Debug|Win32
		{31C784C7-FE62-4743-BBDC-19505C7FFD17}.Debug|x64.ActiveCfg = Debug|x64
		{31C784C7-FE62-4743-BBDC-19505C7FFD17}.Debug|x64.Build.0 = Debug|x64
		{31C784C7-FE62-4743-BBDC-19505C7FFD17}.Debug|x64.Deploy.0 = Debug|x64
		{31C784C7-FE62-4743-BBDC-19505C7FFD17}.Debug|ARM64.ActiveCfg = Debug|ARM64
		{31C784C7-FE62-4743-BBDC-19505C7FFD17}.Debug|ARM64.Build.0 = Debug|ARM64
		{31C784C7-FE62-4743-BBDC-19505C7FFD17}.Debug|ARM64.Deploy.0 = Debug|ARM64
		{31C784C7-FE62-4743-BBDC-19505C7FFD17}.Release|Win32.ActiveCfg = Release|Win32
		{31C784C7-FE62-4743-BBDC-19505C7FFD17}.Release|Win32.Build.0 = Release|Win32
		{31C784C7-FE62-4743-BBDC-19505C7FFD17}.Release|Win32.Deploy.0 = Release|Win32
		{31C784C7-FE62-4743-BBDC-19505C7FFD17}.Release|x64.ActiveCfg = Release|x64
		{31C784C7-FE62-4743-BBDC-19505C7FFD17}.Release|x64.Build.0 = Release|x64
		{31C784C7-FE62-4743-BBDC-19505C7FFD17}.Release|x64.Deploy.0 = Release|x64
		{31C784C7-FE62-4743-BBDC-19505C7FFD17}.Release|ARM64.ActiveCfg = Release|ARM64
		{31C784C7-FE62-4743-BBDC-19505C7FFD17}.Release|ARM64.Build.0 = Release|ARM64
		{31C784C7-FE62-4743-BBDC-19505C7FFD17}.Release|ARM64.Deploy.0 = Release|ARM64
		{8722A18B-42F6-48FC-B130-19140DFBAA96}.Debug|Win32.ActiveCfg = Debug|Win32
		{8722A18B-42F6-48FC-B130-19140DFBAA96}.Debug|Win32.Build.0 = Debug|Win32
		{8722A18B-42F6-48FC-B130-19140DFBAA96}.Debug|Win32.Deploy.0 = Debug|Win32
		{8722A18B-42F6-48FC-B130-19140DFBAA96}.Debug|x64.ActiveCfg = Debug|x64
		{8722A18B-42F6-48FC-B130-19140DFBAA96}.Debug|x64.Build.0 = Debug|x64
		{8722A18B-42F6-48FC-B130-19140DFBAA96}.Debug|x64.Deploy.0 = Debug|x64
		{8722A18B-42F6-48FC-B130-19140DFBAA96}.Debug|ARM64.ActiveCfg = Debug|ARM64
		{8722A18B-42F6-48FC-B130-19140DFBAA96}.Debug|ARM64.Build.0 = Debug|ARM64
		{8722A18B-42F6-48FC-B130-19140DFBAA96}.Debug|ARM64.Deploy.0 = Debug|ARM64
		{8722A18B-42F6-48FC-B130-19140DFBAA96}.Release|Win32.ActiveCfg = Release|Win32
		{8722A18B-42F6-48FC-B130-19140DFBAA96}.Release|Win32.Build.0 = Release|Win32
		{8722A18B-42F6-48FC-B130-19140DFBAA96}.Release|Win32.Deploy.0 = Release|Win32
		{8722A18B-42F6-48FC-B130-19140DFBAA96}.Release|x64.ActiveCfg = Release|x64
		{8722A18B-42F6-48FC-B130-19140DFBAA96}.Release|x64.Build.0 = Release|x64
		{8722A18B-42F6-48FC-B130-19140DFBAA96}.Release|x64.Deploy.0 = Release|x64
		{8722A18B-42F6-48FC-B130-19140DFBAA96}.Release|ARM64.ActiveCfg = Release|ARM64
		{8722A18B-42F6-48FC-B130-19140DFBAA96}.Release|ARM64.Build.0 = Release|ARM64
		{8722A18B-42F6-48FC-B130-19140DFBAA96}.Release|ARM64.Deploy.0 = Release|ARM64
		{B906B448-7754-4006-B1EC-7B678CF89ED1}.Debug|Win32.ActiveCfg = Debug|Win32
		{B906B448-7754-4006-B1EC-7B678CF89ED1}.Debug|Win32.Build.0 = Debug|Win32
		{B906B448-7754-4006-B1EC-7B678CF89ED1}.Debug|Win32.Deploy.0 = Debug|Win32
		{B906B448-7754-4006-B1EC-7B678CF89ED1}.Debug|x64.ActiveCfg = Debug|x64
		{B906B448-7754-4006-B1EC-7B678CF89ED1}.Debug|x64.Build.0 = Debug|x64
		{B906B448-7754-4006-B1EC-7B678CF89ED1}.Debug|x64.Deploy.0 = Debug|x64
		{B906B448-7754-4006-B1EC-7B678CF89ED1}.Debug|ARM64.ActiveCfg = Debug|ARM64
		{B906B448-7754-4006-B1EC-7B678CF89ED1}.Debug|ARM64.Build.0 = Debug|ARM64
		{B906B448-7754-4006-B1EC-7B678CF89ED1}.Debug|ARM64.Deploy.0 = Debug|ARM64
		{B906B448-7754-4006-B1EC-7B678CF89ED1}.Release|Win32.ActiveCfg = Release|Win32
		{B906B448-7754-4006-B1EC-7B678CF89ED1}.Release|Win32.Build.0 = Release|Win32
		{B906B448-7754-4006-B1EC-7B678CF89ED1}.Release|Win32.Deploy.0 = Release|Win32
		{B906B448-7754-4006-B1EC-7B678CF89ED1}.Release|x64.ActiveCfg = Release|x64
		{B906B448-7754-4006-B1EC-7B678CF89ED1}.Release|x64.Build.0 = Release|x64
		{B906B448-7754-4006-B1EC-7B678CF89ED1}.Release|x64.Deploy.0 = Release|x64
		{B906B448-7754-4006-B1EC-7B678CF89ED1}.Release|ARM64.ActiveCfg = Release|ARM64
		{B906B448-7754-4006-B1EC-7B678CF89ED1}.Release|ARM64.Build.0 = Release|ARM64
		{B906B448-7754-4006-B1EC-7B678CF89ED1}.Release|ARM64.Deploy.0 = Release|ARM64
		{76076CAC-FE3D-4675-9595-C1ECC796408C}.Debug|Win32.ActiveCfg = Debug|Win32
		{76076CAC-FE3D-4675-9595-C1ECC796408C}.Debug|Win32.Build.0 = Debug|Win32
		{76076CAC-FE3D-4675-9595-C1ECC796408C}.Debug|Win32.Deploy.0 = Debug|Win32
		{76076CAC-FE3D-4675-9595-C1ECC796408C}.Debug|x64.ActiveCfg = Debug|x64
		{76076CAC-FE3D-4675-9595-C1ECC796408C}.Debug|x64.Build.0 = Debug|x64
		{76076CAC-FE3D-4675-9595-C1ECC796408C}.Debug|x64.Deploy.0 = Debug|x64
		{76076CAC-FE3D-4675-9595-C1ECC796408C}.Debug|ARM64.ActiveCfg = Debug|ARM64
		{76076CAC-FE3D-4675-9595-C1ECC796408C}.Debug|ARM64.Build.0 = Debug|ARM64
		{76076CAC-FE3D-4675-9595-C1ECC796408C}.Debug|ARM64.Deploy.0 = Debug|ARM64
		{76076CAC-FE3D-4675-9595-C1ECC796408C}.Release|Win32.ActiveCfg = Release|Win32
		{76076CAC-FE3D-4675-9595-C1ECC796408C}.Release|Win32.Build.0 = Release|Win32
		{76076CAC-FE3D-4675-9595-C1ECC796408C}.Release|Win32.Deploy.0 = Release|Win32
		{76076CAC-FE3D-4675-9595-C1ECC796408C}.Release|x64.ActiveCfg = Release|x64
		{76076CAC-FE3D-4675-9595-C1ECC796408C}.Release|x64.Build.0 = Release|x64
		{76076CAC-FE3D-4675-9595-C1ECC796408C}.Release|x64.Deploy.0 = Release|x64
		{76076CAC-FE3D-4675-9595-C1ECC796408C}.Release|ARM64.ActiveCfg = Release|ARM64
		{76076CAC-FE3D-4675-9595-C1ECC796408C}.Release|ARM64.Build.0 = Release|ARM64
		{76076CAC-FE3D-4675-9595-C1ECC796408C}.Release|ARM64.Deploy.0 = Release|ARM64
	EndGlobalSection
	GlobalSection(SolutionProperties) = preSolution
		HideSolutionNode = FALSE
	EndGlobalSection
EndGlobal
