
Microsoft Visual Studio Solution File, Format Version 11.00
# Visual Studio Version 16
Project("{8BC9CEB8-8B4A-11D0-8D11-00A0C91BC942}") = "3d", "3d.vcxproj", "{C3B64435-5D02-4A11-A37C-45D414C7080E}"
EndProject
Project("{8BC9CEB8-8B4A-11D0-8D11-00A0C91BC942}") = "3d_multi", "3d_multi.vcxproj", "{4FA03DAC-19F3-4101-A675-AADA14D4EC70}"
EndProject
Project("{8BC9CEB8-8B4A-11D0-8D11-00A0C91BC942}") = "event_parameter", "event_parameter.vcxproj", "{289A580B-73F7-4F06-8289-2793CEF54152}"
EndProject
Project("{8BC9CEB8-8B4A-11D0-8D11-00A0C91BC942}") = "load_banks", "load_banks.vcxproj", "{5CB10EF3-EFAD-4D6A-8974-4B44E44B1DEB}"
EndProject
Project("{8BC9CEB8-8B4A-11D0-8D11-00A0C91BC942}") = "music_callbacks", "music_callbacks.vcxproj", "{7B02F659-7C88-4DA1-86BD-784E7570B3E6}"
EndProject
Project("{8BC9CEB8-8B4A-11D0-8D11-00A0C91BC942}") = "objectpan", "objectpan.vcxproj", "{8D995657-3BE6-4373-82AF-7894E334D2C9}"
EndProject
Project("{8BC9CEB8-8B4A-11D0-8D11-00A0C91BC942}") = "programmer_sound", "programmer_sound.vcxproj", "{BE57401D-289C-44B5-A3A1-598866FA8DB3}"
EndProject
Project("{8BC9CEB8-8B4A-11D0-8D11-00A0C91BC942}") = "recording_playback", "recording_playback.vcxproj", "{BABE4864-B9AA-46A5-9823-58C108EBCE1C}"
EndProject
Project("{8BC9CEB8-8B4A-11D0-8D11-00A0C91BC942}") = "simple_event", "simple_event.vcxproj", "{C4F95981-1D9B-4260-B512-E35AEF6A231F}"
EndProject
Global
	GlobalSection(SolutionConfigurationPlatforms) = preSolution
		Debug|Win32 = Debug|Win32
		Debug|x64 = Debug|x64
		Debug|ARM64 = Debug|ARM64
		Release|Win32 = Release|Win32
		Release|x64 = Release|x64
		Release|ARM64 = Release|ARM64
	EndGlobalSection
	GlobalSection(ProjectConfigurationPlatforms) = postSolution
		{C3B64435-5D02-4A11-A37C-45D414C7080E}.Debug|Win32.ActiveCfg = Debug|Win32
		{C3B64435-5D02-4A11-A37C-45D414C7080E}.Debug|Win32.Build.0 = Debug|Win32
		{C3B64435-5D02-4A11-A37C-45D414C7080E}.Debug|Win32.Deploy.0 = Debug|Win32
		{C3B64435-5D02-4A11-A37C-45D414C7080E}.Debug|x64.ActiveCfg = Debug|x64
		{C3B64435-5D02-4A11-A37C-45D414C7080E}.Debug|x64.Build.0 = Debug|x64
		{C3B64435-5D02-4A11-A37C-45D414C7080E}.Debug|x64.Deploy.0 = Debug|x64
		{C3B64435-5D02-4A11-A37C-45D414C7080E}.Debug|ARM64.ActiveCfg = Debug|ARM64
		{C3B64435-5D02-4A11-A37C-45D414C7080E}.Debug|ARM64.Build.0 = Debug|ARM64
		{C3B64435-5D02-4A11-A37C-45D414C7080E}.Debug|ARM64.Deploy.0 = Debug|ARM64
		{C3B64435-5D02-4A11-A37C-45D414C7080E}.Release|Win32.ActiveCfg = Release|Win32
		{C3B64435-5D02-4A11-A37C-45D414C7080E}.Release|Win32.Build.0 = Release|Win32
		{C3B64435-5D02-4A11-A37C-45D414C7080E}.Release|Win32.Deploy.0 = Release|Win32
		{C3B64435-5D02-4A11-A37C-45D414C7080E}.Release|x64.ActiveCfg = Release|x64
		{C3B64435-5D02-4A11-A37C-45D414C7080E}.Release|x64.Build.0 = Release|x64
		{C3B64435-5D02-4A11-A37C-45D414C7080E}.Release|x64.Deploy.0 = Release|x64
		{C3B64435-5D02-4A11-A37C-45D414C7080E}.Release|ARM64.ActiveCfg = Release|ARM64
		{C3B64435-5D02-4A11-A37C-45D414C7080E}.Release|ARM64.Build.0 = Release|ARM64
		{C3B64435-5D02-4A11-A37C-45D414C7080E}.Release|ARM64.Deploy.0 = Release|ARM64
		{4FA03DAC-19F3-4101-A675-AADA14D4EC70}.Debug|Win32.ActiveCfg = Debug|Win32
		{4FA03DAC-19F3-4101-A675-AADA14D4EC70}.Debug|Win32.Build.0 = Debug|Win32
		{4FA03DAC-19F3-4101-A675-AADA14D4EC70}.Debug|Win32.Deploy.0 = Debug|Win32
		{4FA03DAC-19F3-4101-A675-AADA14D4EC70}.Debug|x64.ActiveCfg = Debug|x64
		{4FA03DAC-19F3-4101-A675-AADA14D4EC70}.Debug|x64.Build.0 = Debug|x64
		{4FA03DAC-19F3-4101-A675-AADA14D4EC70}.Debug|x64.Deploy.0 = Debug|x64
		{4FA03DAC-19F3-4101-A675-AADA14D4EC70}.Debug|ARM64.ActiveCfg = Debug|ARM64
		{4FA03DAC-19F3-4101-A675-AADA14D4EC70}.Debug|ARM64.Build.0 = Debug|ARM64
		{4FA03DAC-19F3-4101-A675-AADA14D4EC70}.Debug|ARM64.Deploy.0 = Debug|ARM64
		{4FA03DAC-19F3-4101-A675-AADA14D4EC70}.Release|Win32.ActiveCfg = Release|Win32
		{4FA03DAC-19F3-4101-A675-AADA14D4EC70}.Release|Win32.Build.0 = Release|Win32
		{4FA03DAC-19F3-4101-A675-AADA14D4EC70}.Release|Win32.Deploy.0 = Release|Win32
		{4FA03DAC-19F3-4101-A675-AADA14D4EC70}.Release|x64.ActiveCfg = Release|x64
		{4FA03DAC-19F3-4101-A675-AADA14D4EC70}.Release|x64.Build.0 = Release|x64
		{4FA03DAC-19F3-4101-A675-AADA14D4EC70}.Release|x64.Deploy.0 = Release|x64
		{4FA03DAC-19F3-4101-A675-AADA14D4EC70}.Release|ARM64.ActiveCfg = Release|ARM64
		{4FA03DAC-19F3-4101-A675-AADA14D4EC70}.Release|ARM64.Build.0 = Release|ARM64
		{4FA03DAC-19F3-4101-A675-AADA14D4EC70}.Release|ARM64.Deploy.0 = Release|ARM64
		{289A580B-73F7-4F06-8289-2793CEF54152}.Debug|Win32.ActiveCfg = Debug|Win32
		{289A580B-73F7-4F06-8289-2793CEF54152}.Debug|Win32.Build.0 = Debug|Win32
		{289A580B-73F7-4F06-8289-2793CEF54152}.Debug|Win32.Deploy.0 = Debug|Win32
		{289A580B-73F7-4F06-8289-2793CEF54152}.Debug|x64.ActiveCfg = Debug|x64
		{289A580B-73F7-4F06-8289-2793CEF54152}.Debug|x64.Build.0 = Debug|x64
		{289A580B-73F7-4F06-8289-2793CEF54152}.Debug|x64.Deploy.0 = Debug|x64
		{289A580B-73F7-4F06-8289-2793CEF54152}.Debug|ARM64.ActiveCfg = Debug|ARM64
		{289A580B-73F7-4F06-8289-2793CEF54152}.Debug|ARM64.Build.0 = Debug|ARM64
		{289A580B-73F7-4F06-8289-2793CEF54152}.Debug|ARM64.Deploy.0 = Debug|ARM64
		{289A580B-73F7-4F06-8289-2793CEF54152}.Release|Win32.ActiveCfg = Release|Win32
		{289A580B-73F7-4F06-8289-2793CEF54152}.Release|Win32.Build.0 = Release|Win32
		{289A580B-73F7-4F06-8289-2793CEF54152}.Release|Win32.Deploy.0 = Release|Win32
		{289A580B-73F7-4F06-8289-2793CEF54152}.Release|x64.ActiveCfg = Release|x64
		{289A580B-73F7-4F06-8289-2793CEF54152}.Release|x64.Build.0 = Release|x64
		{289A580B-73F7-4F06-8289-2793CEF54152}.Release|x64.Deploy.0 = Release|x64
		{289A580B-73F7-4F06-8289-2793CEF54152}.Release|ARM64.ActiveCfg = Release|ARM64
		{289A580B-73F7-4F06-8289-2793CEF54152}.Release|ARM64.Build.0 = Release|ARM64
		{289A580B-73F7-4F06-8289-2793CEF54152}.Release|ARM64.Deploy.0 = Release|ARM64
		{5CB10EF3-EFAD-4D6A-8974-4B44E44B1DEB}.Debug|Win32.ActiveCfg = Debug|Win32
		{5CB10EF3-EFAD-4D6A-8974-4B44E44B1DEB}.Debug|Win32.Build.0 = Debug|Win32
		{5CB10EF3-EFAD-4D6A-8974-4B44E44B1DEB}.Debug|Win32.Deploy.0 = Debug|Win32
		{5CB10EF3-EFAD-4D6A-8974-4B44E44B1DEB}.Debug|x64.ActiveCfg = Debug|x64
		{5CB10EF3-EFAD-4D6A-8974-4B44E44B1DEB}.Debug|x64.Build.0 = Debug|x64
		{5CB10EF3-EFAD-4D6A-8974-4B44E44B1DEB}.Debug|x64.Deploy.0 = Debug|x64
		{5CB10EF3-EFAD-4D6A-8974-4B44E44B1DEB}.Debug|ARM64.ActiveCfg = Debug|ARM64
		{5CB10EF3-EFAD-4D6A-8974-4B44E44B1DEB}.Debug|ARM64.Build.0 = Debug|ARM64
		{5CB10EF3-EFAD-4D6A-8974-4B44E44B1DEB}.Debug|ARM64.Deploy.0 = Debug|ARM64
		{5CB10EF3-EFAD-4D6A-8974-4B44E44B1DEB}.Release|Win32.ActiveCfg = Release|Win32
		{5CB10EF3-EFAD-4D6A-8974-4B44E44B1DEB}.Release|Win32.Build.0 = Release|Win32
		{5CB10EF3-EFAD-4D6A-8974-4B44E44B1DEB}.Release|Win32.Deploy.0 = Release|Win32
		{5CB10EF3-EFAD-4D6A-8974-4B44E44B1DEB}.Release|x64.ActiveCfg = Release|x64
		{5CB10EF3-EFAD-4D6A-8974-4B44E44B1DEB}.Release|x64.Build.0 = Release|x64
		{5CB10EF3-EFAD-4D6A-8974-4B44E44B1DEB}.Release|x64.Deploy.0 = Release|x64
		{5CB10EF3-EFAD-4D6A-8974-4B44E44B1DEB}.Release|ARM64.ActiveCfg = Release|ARM64
		{5CB10EF3-EFAD-4D6A-8974-4B44E44B1DEB}.Release|ARM64.Build.0 = Release|ARM64
		{5CB10EF3-EFAD-4D6A-8974-4B44E44B1DEB}.Release|ARM64.Deploy.0 = Release|ARM64
		{7B02F659-7C88-4DA1-86BD-784E7570B3E6}.Debug|Win32.ActiveCfg = Debug|Win32
		{7B02F659-7C88-4DA1-86BD-784E7570B3E6}.Debug|Win32.Build.0 = Debug|Win32
		{7B02F659-7C88-4DA1-86BD-784E7570B3E6}.Debug|Win32.Deploy.0 = Debug|Win32
		{7B02F659-7C88-4DA1-86BD-784E7570B3E6}.Debug|x64.ActiveCfg = Debug|x64
		{7B02F659-7C88-4DA1-86BD-784E7570B3E6}.Debug|x64.Build.0 = Debug|x64
		{7B02F659-7C88-4DA1-86BD-784E7570B3E6}.Debug|x64.Deploy.0 = Debug|x64
		{7B02F659-7C88-4DA1-86BD-784E7570B3E6}.Debug|ARM64.ActiveCfg = Debug|ARM64
		{7B02F659-7C88-4DA1-86BD-784E7570B3E6}.Debug|ARM64.Build.0 = Debug|ARM64
		{7B02F659-7C88-4DA1-86BD-784E7570B3E6}.Debug|ARM64.Deploy.0 = Debug|ARM64
		{7B02F659-7C88-4DA1-86BD-784E7570B3E6}.Release|Win32.ActiveCfg = Release|Win32
		{7B02F659-7C88-4DA1-86BD-784E7570B3E6}.Release|Win32.Build.0 = Release|Win32
		{7B02F659-7C88-4DA1-86BD-784E7570B3E6}.Release|Win32.Deploy.0 = Release|Win32
		{7B02F659-7C88-4DA1-86BD-784E7570B3E6}.Release|x64.ActiveCfg = Release|x64
		{7B02F659-7C88-4DA1-86BD-784E7570B3E6}.Release|x64.Build.0 = Release|x64
		{7B02F659-7C88-4DA1-86BD-784E7570B3E6}.Release|x64.Deploy.0 = Release|x64
		{7B02F659-7C88-4DA1-86BD-784E7570B3E6}.Release|ARM64.ActiveCfg = Release|ARM64
		{7B02F659-7C88-4DA1-86BD-784E7570B3E6}.Release|ARM64.Build.0 = Release|ARM64
		{7B02F659-7C88-4DA1-86BD-784E7570B3E6}.Release|ARM64.Deploy.0 = Release|ARM64
		{8D995657-3BE6-4373-82AF-7894E334D2C9}.Debug|Win32.ActiveCfg = Debug|Win32
		{8D995657-3BE6-4373-82AF-7894E334D2C9}.Debug|Win32.Build.0 = Debug|Win32
		{8D995657-3BE6-4373-82AF-7894E334D2C9}.Debug|Win32.Deploy.0 = Debug|Win32
		{8D995657-3BE6-4373-82AF-7894E334D2C9}.Debug|x64.ActiveCfg = Debug|x64
		{8D995657-3BE6-4373-82AF-7894E334D2C9}.Debug|x64.Build.0 = Debug|x64
		{8D995657-3BE6-4373-82AF-7894E334D2C9}.Debug|x64.Deploy.0 = Debug|x64
		{8D995657-3BE6-4373-82AF-7894E334D2C9}.Debug|ARM64.ActiveCfg = Debug|ARM64
		{8D995657-3BE6-4373-82AF-7894E334D2C9}.Debug|ARM64.Build.0 = Debug|ARM64
		{8D995657-3BE6-4373-82AF-7894E334D2C9}.Debug|ARM64.Deploy.0 = Debug|ARM64
		{8D995657-3BE6-4373-82AF-7894E334D2C9}.Release|Win32.ActiveCfg = Release|Win32
		{8D995657-3BE6-4373-82AF-7894E334D2C9}.Release|Win32.Build.0 = Release|Win32
		{8D995657-3BE6-4373-82AF-7894E334D2C9}.Release|Win32.Deploy.0 = Release|Win32
		{8D995657-3BE6-4373-82AF-7894E334D2C9}.Release|x64.ActiveCfg = Release|x64
		{8D995657-3BE6-4373-82AF-7894E334D2C9}.Release|x64.Build.0 = Release|x64
		{8D995657-3BE6-4373-82AF-7894E334D2C9}.Release|x64.Deploy.0 = Release|x64
		{8D995657-3BE6-4373-82AF-7894E334D2C9}.Release|ARM64.ActiveCfg = Release|ARM64
		{8D995657-3BE6-4373-82AF-7894E334D2C9}.Release|ARM64.Build.0 = Release|ARM64
		{8D995657-3BE6-4373-82AF-7894E334D2C9}.Release|ARM64.Deploy.0 = Release|ARM64
		{BE57401D-289C-44B5-A3A1-598866FA8DB3}.Debug|Win32.ActiveCfg = Debug|Win32
		{BE57401D-289C-44B5-A3A1-598866FA8DB3}.Debug|Win32.Build.0 = Debug|Win32
		{BE57401D-289C-44B5-A3A1-598866FA8DB3}.Debug|Win32.Deploy.0 = Debug|Win32
		{BE57401D-289C-44B5-A3A1-598866FA8DB3}.Debug|x64.ActiveCfg = Debug|x64
		{BE57401D-289C-44B5-A3A1-598866FA8DB3}.Debug|x64.Build.0 = Debug|x64
		{BE57401D-289C-44B5-A3A1-598866FA8DB3}.Debug|x64.Deploy.0 = Debug|x64
		{BE57401D-289C-44B5-A3A1-598866FA8DB3}.Debug|ARM64.ActiveCfg = Debug|ARM64
		{BE57401D-289C-44B5-A3A1-598866FA8DB3}.Debug|ARM64.Build.0 = Debug|ARM64
		{BE57401D-289C-44B5-A3A1-598866FA8DB3}.Debug|ARM64.Deploy.0 = Debug|ARM64
		{BE57401D-289C-44B5-A3A1-598866FA8DB3}.Release|Win32.ActiveCfg = Release|Win32
		{BE57401D-289C-44B5-A3A1-598866FA8DB3}.Release|Win32.Build.0 = Release|Win32
		{BE57401D-289C-44B5-A3A1-598866FA8DB3}.Release|Win32.Deploy.0 = Release|Win32
		{BE57401D-289C-44B5-A3A1-598866FA8DB3}.Release|x64.ActiveCfg = Release|x64
		{BE57401D-289C-44B5-A3A1-598866FA8DB3}.Release|x64.Build.0 = Release|x64
		{BE57401D-289C-44B5-A3A1-598866FA8DB3}.Release|x64.Deploy.0 = Release|x64
		{BE57401D-289C-44B5-A3A1-598866FA8DB3}.Release|ARM64.ActiveCfg = Release|ARM64
		{BE57401D-289C-44B5-A3A1-598866FA8DB3}.Release|ARM64.Build.0 = Release|ARM64
		{BE57401D-289C-44B5-A3A1-598866FA8DB3}.Release|ARM64.Deploy.0 = Release|ARM64
		{BABE4864-B9AA-46A5-9823-58C108EBCE1C}.Debug|Win32.ActiveCfg = Debug|Win32
		{BABE4864-B9AA-46A5-9823-58C108EBCE1C}.Debug|Win32.Build.0 = Debug|Win32
		{BABE4864-B9AA-46A5-9823-58C108EBCE1C}.Debug|Win32.Deploy.0 = Debug|Win32
		{BABE4864-B9AA-46A5-9823-58C108EBCE1C}.Debug|x64.ActiveCfg = Debug|x64
		{BABE4864-B9AA-46A5-9823-58C108EBCE1C}.Debug|x64.Build.0 = Debug|x64
		{BABE4864-B9AA-46A5-9823-58C108EBCE1C}.Debug|x64.Deploy.0 = Debug|x64
		{BABE4864-B9AA-46A5-9823-58C108EBCE1C}.Debug|ARM64.ActiveCfg = Debug|ARM64
		{BABE4864-B9AA-46A5-9823-58C108EBCE1C}.Debug|ARM64.Build.0 = Debug|ARM64
		{BABE4864-B9AA-46A5-9823-58C108EBCE1C}.Debug|ARM64.Deploy.0 = Debug|ARM64
		{BABE4864-B9AA-46A5-9823-58C108EBCE1C}.Release|Win32.ActiveCfg = Release|Win32
		{BABE4864-B9AA-46A5-9823-58C108EBCE1C}.Release|Win32.Build.0 = Release|Win32
		{BABE4864-B9AA-46A5-9823-58C108EBCE1C}.Release|Win32.Deploy.0 = Release|Win32
		{BABE4864-B9AA-46A5-9823-58C108EBCE1C}.Release|x64.ActiveCfg = Release|x64
		{BABE4864-B9AA-46A5-9823-58C108EBCE1C}.Release|x64.Build.0 = Release|x64
		{BABE4864-B9AA-46A5-9823-58C108EBCE1C}.Release|x64.Deploy.0 = Release|x64
		{BABE4864-B9AA-46A5-9823-58C108EBCE1C}.Release|ARM64.ActiveCfg = Release|ARM64
		{BABE4864-B9AA-46A5-9823-58C108EBCE1C}.Release|ARM64.Build.0 = Release|ARM64
		{BABE4864-B9AA-46A5-9823-58C108EBCE1C}.Release|ARM64.Deploy.0 = Release|ARM64
		{C4F95981-1D9B-4260-B512-E35AEF6A231F}.Debug|Win32.ActiveCfg = Debug|Win32
		{C4F95981-1D9B-4260-B512-E35AEF6A231F}.Debug|Win32.Build.0 = Debug|Win32
		{C4F95981-1D9B-4260-B512-E35AEF6A231F}.Debug|Win32.Deploy.0 = Debug|Win32
		{C4F95981-1D9B-4260-B512-E35AEF6A231F}.Debug|x64.ActiveCfg = Debug|x64
		{C4F95981-1D9B-4260-B512-E35AEF6A231F}.Debug|x64.Build.0 = Debug|x64
		{C4F95981-1D9B-4260-B512-E35AEF6A231F}.Debug|x64.Deploy.0 = Debug|x64
		{C4F95981-1D9B-4260-B512-E35AEF6A231F}.Debug|ARM64.ActiveCfg = Debug|ARM64
		{C4F95981-1D9B-4260-B512-E35AEF6A231F}.Debug|ARM64.Build.0 = Debug|ARM64
		{C4F95981-1D9B-4260-B512-E35AEF6A231F}.Debug|ARM64.Deploy.0 = Debug|ARM64
		{C4F95981-1D9B-4260-B512-E35AEF6A231F}.Release|Win32.ActiveCfg = Release|Win32
		{C4F95981-1D9B-4260-B512-E35AEF6A231F}.Release|Win32.Build.0 = Release|Win32
		{C4F95981-1D9B-4260-B512-E35AEF6A231F}.Release|Win32.Deploy.0 = Release|Win32
		{C4F95981-1D9B-4260-B512-E35AEF6A231F}.Release|x64.ActiveCfg = Release|x64
		{C4F95981-1D9B-4260-B512-E35AEF6A231F}.Release|x64.Build.0 = Release|x64
		{C4F95981-1D9B-4260-B512-E35AEF6A231F}.Release|x64.Deploy.0 = Release|x64
		{C4F95981-1D9B-4260-B512-E35AEF6A231F}.Release|ARM64.ActiveCfg = Release|ARM64
		{C4F95981-1D9B-4260-B512-E35AEF6A231F}.Release|ARM64.Build.0 = Release|ARM64
		{C4F95981-1D9B-4260-B512-E35AEF6A231F}.Release|ARM64.Deploy.0 = Release|ARM64
	EndGlobalSection
	GlobalSection(SolutionProperties) = preSolution
		HideSolutionNode = FALSE
	EndGlobalSection
EndGlobal
