<?xml version="1.0" encoding="utf-8"?>
<Project ToolsVersion="4.0" xmlns="http://schemas.microsoft.com/developer/msbuild/2003">
  <ItemGroup>
    <Filter Include="GameObjects">
      <UniqueIdentifier>{c40339f2-9163-4625-97c9-81e3ffacfd87}</UniqueIdentifier>
    </Filter>
    <Filter Include="GameObjects\Components">
      <UniqueIdentifier>{e2c0f765-0bef-4ca5-ac53-7b1cd9f14b73}</UniqueIdentifier>
    </Filter>
    <Filter Include="GameObjects\Components\UI">
      <UniqueIdentifier>{dd03d411-d6e7-408f-88a7-d5b0be38f4a6}</UniqueIdentifier>
    </Filter>
    <Filter Include="Shaders">
      <UniqueIdentifier>{eae03e29-c0a1-40a5-9022-4c4bcdb63480}</UniqueIdentifier>
    </Filter>
    <Filter Include="Utils">
      <UniqueIdentifier>{4278f5c1-5a22-42c2-b93e-aca83f7aff64}</UniqueIdentifier>
    </Filter>
    <Filter Include="Utils\Graphics">
      <UniqueIdentifier>{d82954d2-4bb8-41a1-ad71-afedc15f718e}</UniqueIdentifier>
    </Filter>
    <Filter Include="Utils\Timer">
      <UniqueIdentifier>{5ee1724e-c893-482b-949c-3afb15e426f6}</UniqueIdentifier>
    </Filter>
    <Filter Include="Core">
      <UniqueIdentifier>{ebe4d778-1573-4908-a5fb-711c381c9000}</UniqueIdentifier>
    </Filter>
    <Filter Include="Dependencies">
      <UniqueIdentifier>{36158dc5-31fc-4c28-8132-5fae509b45d3}</UniqueIdentifier>
    </Filter>
    <Filter Include="Resources">
      <UniqueIdentifier>{cb577aec-73de-401a-b5fa-5935b47e2644}</UniqueIdentifier>
    </Filter>
    <Filter Include="Importers">
      <UniqueIdentifier>{a25bd8cd-5945-4f37-85ea-1ad7ebafa058}</UniqueIdentifier>
    </Filter>
  </ItemGroup>
  <ItemGroup>
    <ClCompile Include="GameObject.cpp">
      <Filter>GameObjects</Filter>
    </ClCompile>
    <ClCompile Include="Tag.cpp">
      <Filter>GameObjects</Filter>
    </ClCompile>
    <ClCompile Include="AnimationComponent.cpp">
      <Filter>GameObjects\Components</Filter>
    </ClCompile>
    <ClCompile Include="AIAgentComponent.cpp">
      <Filter>GameObjects\Components</Filter>
    </ClCompile>
    <ClCompile Include="AudioListenerComponent.cpp">
      <Filter>GameObjects\Components</Filter>
    </ClCompile>
    <ClCompile Include="AudioSourceComponent.cpp">
      <Filter>GameObjects\Components</Filter>
    </ClCompile>
    <ClCompile Include="CameraComponent.cpp">
      <Filter>GameObjects\Components</Filter>
    </ClCompile>
    <ClCompile Include="Component.cpp">
      <Filter>GameObjects\Components</Filter>
    </ClCompile>
    <ClCompile Include="MeshRendererComponent.cpp">
      <Filter>GameObjects\Components</Filter>
    </ClCompile>
    <ClCompile Include="NavMeshObstacleComponent.cpp">
      <Filter>GameObjects\Components</Filter>
    </ClCompile>
    <ClCompile Include="PointLightComponent.cpp">
      <Filter>GameObjects\Components</Filter>
    </ClCompile>
    <ClCompile Include="ScriptComponent.cpp">
      <Filter>GameObjects\Components</Filter>
    </ClCompile>
    <ClCompile Include="SpotLightComponent.cpp">
      <Filter>GameObjects\Components</Filter>
    </ClCompile>
    <ClCompile Include="TestComponent.cpp">
      <Filter>GameObjects\Components</Filter>
    </ClCompile>
    <ClCompile Include="CanvasComponent.cpp">
      <Filter>GameObjects\Components\UI</Filter>
    </ClCompile>
    <ClCompile Include="SliderComponent.cpp">
      <Filter>GameObjects\Components\UI</Filter>
    </ClCompile>
    <ClCompile Include="TextComponent.cpp">
      <Filter>GameObjects\Components\UI</Filter>
    </ClCompile>
    <ClCompile Include="Transform2DComponent.cpp">
      <Filter>GameObjects\Components\UI</Filter>
    </ClCompile>
    <ClCompile Include="GeometryBatch.cpp">
      <Filter>Utils\Graphics</Filter>
    </ClCompile>
    <ClCompile Include="BatchManager.cpp">
      <Filter>Utils\Graphics</Filter>
    </ClCompile>
    <ClCompile Include="PreciseTimer.cpp">
      <Filter>Utils\Timer</Filter>
    </ClCompile>
    <ClCompile Include="Timer.cpp">
      <Filter>Utils\Timer</Filter>
    </ClCompile>
    <ClCompile Include="ResourceAnimation.cpp">
      <Filter>Resources</Filter>
    </ClCompile>
    <ClCompile Include="ResourceObject.cpp">
      <Filter>Resources</Filter>
    </ClCompile>
    <ClCompile Include="Resource.cpp">
      <Filter>Resources</Filter>
    </ClCompile>
    <ClCompile Include="ResourceMaterial.cpp">
      <Filter>Resources</Filter>
    </ClCompile>
    <ClCompile Include="ResourceMesh.cpp">
      <Filter>Resources</Filter>
    </ClCompile>
    <ClCompile Include="ResourceModel.cpp">
      <Filter>Resources</Filter>
    </ClCompile>
    <ClCompile Include="ResourceScript.cpp">
      <Filter>Resources</Filter>
    </ClCompile>
    <ClCompile Include="ResourceTexture.cpp">
      <Filter>Resources</Filter>
    </ClCompile>
    <ClCompile Include="ButtonComponent.cpp">
      <Filter>GameObjects\Components\UI</Filter>
    </ClCompile>
    <ClCompile Include="ImageComponent.cpp">
      <Filter>GameObjects\Components\UI</Filter>
    </ClCompile>
    <ClCompile Include="Archive.cpp">
      <Filter>Utils</Filter>
    </ClCompile>
    <ClCompile Include="SaveLoadMesh.cpp">
      <Filter>Importers</Filter>
    </ClCompile>
    <ClCompile Include="SaveLoadModel.cpp">
      <Filter>Importers</Filter>
    </ClCompile>
    <ClCompile Include="SaveLoadMaterial.cpp">
      <Filter>Importers</Filter>
    </ClCompile>
  </ItemGroup>
  <ItemGroup>
    <ClInclude Include="GameObject.h">
      <Filter>GameObjects</Filter>
    </ClInclude>
    <ClInclude Include="Tag.h">
      <Filter>GameObjects</Filter>
    </ClInclude>
    <ClInclude Include="AnimationComponent.h">
      <Filter>GameObjects\Components</Filter>
    </ClInclude>
    <ClInclude Include="AIAgentComponent.h">
      <Filter>GameObjects\Components</Filter>
    </ClInclude>
    <ClInclude Include="AudioListenerComponent.h">
      <Filter>GameObjects\Components</Filter>
    </ClInclude>
    <ClInclude Include="AudioSourceComponent.h">
      <Filter>GameObjects\Components</Filter>
    </ClInclude>
    <ClInclude Include="CameraComponent.h">
      <Filter>GameObjects\Components</Filter>
    </ClInclude>
    <ClInclude Include="Component.h">
      <Filter>GameObjects\Components</Filter>
    </ClInclude>
    <ClInclude Include="MeshRendererComponent.h">
      <Filter>GameObjects\Components</Filter>
    </ClInclude>
    <ClInclude Include="ScriptComponent.h">
      <Filter>GameObjects\Components</Filter>
    </ClInclude>
    <ClInclude Include="NavMeshObstacleComponent.h">
      <Filter>GameObjects\Components</Filter>
    </ClInclude>
    <ClInclude Include="PointLightComponent.h">
      <Filter>GameObjects\Components</Filter>
    </ClInclude>
    <ClInclude Include="SpotLightComponent.h">
      <Filter>GameObjects\Components</Filter>
    </ClInclude>
    <ClInclude Include="TestComponent.h">
      <Filter>GameObjects\Components</Filter>
    </ClInclude>
    <ClInclude Include="CanvasComponent.h">
      <Filter>GameObjects\Components\UI</Filter>
    </ClInclude>
    <ClInclude Include="SliderComponent.h">
      <Filter>GameObjects\Components\UI</Filter>
    </ClInclude>
    <ClInclude Include="TextComponent.h">
      <Filter>GameObjects\Components\UI</Filter>
    </ClInclude>
    <ClInclude Include="Transform2DComponent.h">
      <Filter>GameObjects\Components\UI</Filter>
    </ClInclude>
    <ClInclude Include="GeometryBatch.h">
      <Filter>Utils\Graphics</Filter>
    </ClInclude>
    <ClInclude Include="BatchManager.h">
      <Filter>Utils\Graphics</Filter>
    </ClInclude>
    <ClInclude Include="PreciseTimer.h">
      <Filter>Utils\Timer</Filter>
    </ClInclude>
    <ClInclude Include="Timer.h">
      <Filter>Utils\Timer</Filter>
    </ClInclude>
    <ClInclude Include="Globals.h">
      <Filter>Core</Filter>
    </ClInclude>
    <ClInclude Include="Module.h">
      <Filter>Core</Filter>
    </ClInclude>
    <ClInclude Include="ResourceScript.h">
      <Filter>Resources</Filter>
    </ClInclude>
    <ClInclude Include="ResourceAnimation.h">
      <Filter>Resources</Filter>
    </ClInclude>
    <ClInclude Include="Resource.h">
      <Filter>Resources</Filter>
    </ClInclude>
    <ClInclude Include="ResourceMaterial.h">
      <Filter>Resources</Filter>
    </ClInclude>
    <ClInclude Include="ResourceMesh.h">
      <Filter>Resources</Filter>
    </ClInclude>
    <ClInclude Include="ResourceModel.h">
      <Filter>Resources</Filter>
    </ClInclude>
    <ClInclude Include="ResourceTexture.h">
      <Filter>Resources</Filter>
    </ClInclude>
    <ClInclude Include="ButtonComponent.h">
      <Filter>GameObjects\Components\UI</Filter>
    </ClInclude>
    <ClInclude Include="ImageComponent.h">
      <Filter>GameObjects\Components\UI</Filter>
    </ClInclude>
    <ClInclude Include="Archive.h">
      <Filter>Utils</Filter>
    </ClInclude>
    <ClInclude Include="SaveLoadMesh.h">
      <Filter>Importers</Filter>
    </ClInclude>
    <ClInclude Include="SaveLoadModel.h">
      <Filter>Importers</Filter>
    </ClInclude>
    <ClInclude Include="SaveLoadMaterial.h">
      <Filter>Importers</Filter>
    </ClInclude>
  </ItemGroup>
  <ItemGroup>
    <None Include="..\Game\Assets\Shaders\PBRCT_PixelShader.glsl">
      <Filter>Shaders</Filter>
    </None>
    <None Include="..\Game\Assets\Shaders\PBRCT_VertexShader.glsl">
      <Filter>Shaders</Filter>
    </None>
    <None Include="..\Game\Assets\Shaders\skinning.comp">
      <Filter>Shaders</Filter>
    </None>
    <None Include="..\Game\Assets\Shaders\skybox.fs">
      <Filter>Shaders</Filter>
    </None>
    <None Include="..\Game\Assets\Shaders\skybox.vs">
      <Filter>Shaders</Filter>
    </None>
    <None Include="..\Game\Assets\Shaders\ui.fs">
      <Filter>Shaders</Filter>
    </None>
    <None Include="..\Game\Assets\Shaders\ui.vs">
      <Filter>Shaders</Filter>
    </None>
  </ItemGroup>
</Project>