<?xml version="1.0" encoding="utf-8"?>
<Project ToolsVersion="4.0" xmlns="http://schemas.microsoft.com/developer/msbuild/2003">
  <ItemGroup>
    <ClCompile Include="Dependencies\ImGui-1.90-docking\include\imgui.cpp">
      <Filter>Dependencies\ImGui</Filter>
    </ClCompile>
    <ClCompile Include="Dependencies\ImGui-1.90-docking\include\imgui_demo.cpp">
      <Filter>Dependencies\ImGui</Filter>
    </ClCompile>
    <ClCompile Include="Dependencies\ImGui-1.90-docking\include\imgui_draw.cpp">
      <Filter>Dependencies\ImGui</Filter>
    </ClCompile>
    <ClCompile Include="Dependencies\ImGui-1.90-docking\include\imgui_tables.cpp">
      <Filter>Dependencies\ImGui</Filter>
    </ClCompile>
    <ClCompile Include="Dependencies\ImGui-1.90-docking\include\imgui_widgets.cpp">
      <Filter>Dependencies\ImGui</Filter>
    </ClCompile>
    <ClCompile Include="Dependencies\ImGui-1.90-docking\include\backends\imgui_impl_opengl3.cpp">
      <Filter>Dependencies\ImGui\Backends</Filter>
    </ClCompile>
    <ClCompile Include="Dependencies\ImGui-1.90-docking\include\backends\imgui_impl_sdl2.cpp">
      <Filter>Dependencies\ImGui\Backends</Filter>
    </ClCompile>
    <ClCompile Include="Panel.cpp">
      <Filter>Panels</Filter>
    </ClCompile>
    <ClCompile Include="AboutPanel.cpp">
      <Filter>Panels</Filter>
    </ClCompile>
    <ClCompile Include="ConsolePanel.cpp">
      <Filter>Panels</Filter>
    </ClCompile>
    <ClCompile Include="ImporterTexture.cpp">
      <Filter>Importers</Filter>
    </ClCompile>
    <ClCompile Include="ImporterMesh.cpp">
      <Filter>Importers</Filter>
    </ClCompile>
    <ClCompile Include="ImporterModel.cpp">
      <Filter>Importers</Filter>
    </ClCompile>
    <ClCompile Include="HierarchyPanel.cpp">
      <Filter>Panels</Filter>
    </ClCompile>
    <ClCompile Include="InspectorPanel.cpp">
      <Filter>Panels</Filter>
    </ClCompile>
    <ClCompile Include="ScenePanel.cpp">
      <Filter>Panels</Filter>
    </ClCompile>
    <ClCompile Include="Dependencies\MikkTSpace\mikktspace.c">
      <Filter>Dependencies\MikkTspace</Filter>
    </ClCompile>
    <ClCompile Include="Dependencies\MikkTSpace\weldmesh.c">
      <Filter>Dependencies\MikkTspace</Filter>
    </ClCompile>
    <ClCompile Include="ProjectPanel.cpp">
      <Filter>Panels</Filter>
    </ClCompile>
    <ClCompile Include="DebugPanel.cpp">
      <Filter>Panels</Filter>
    </ClCompile>
    <ClCompile Include="LightningPanel.cpp">
      <Filter>Panels</Filter>
    </ClCompile>
    <ClCompile Include="ImporterMaterial.cpp">
      <Filter>Importers</Filter>
    </ClCompile>
    <ClCompile Include="ModuleEditor.cpp">
      <Filter>Modules</Filter>
    </ClCompile>
    <ClCompile Include="ResourcePanel.cpp">
      <Filter>Panels</Filter>
    </ClCompile>
    <ClCompile Include="TimerPanel.cpp">
      <Filter>Panels</Filter>
    </ClCompile>
    <ClCompile Include="Dependencies\ImGuizmo-1.83\include\GraphEditor.cpp">
      <Filter>Dependencies\ImGuizmo</Filter>
    </ClCompile>
    <ClCompile Include="Dependencies\ImGuizmo-1.83\include\ImCurveEdit.cpp">
      <Filter>Dependencies\ImGuizmo</Filter>
    </ClCompile>
    <ClCompile Include="Dependencies\ImGuizmo-1.83\include\ImGradient.cpp">
      <Filter>Dependencies\ImGuizmo</Filter>
    </ClCompile>
    <ClCompile Include="Dependencies\ImGuizmo-1.83\include\ImGuizmo.cpp">
      <Filter>Dependencies\ImGuizmo</Filter>
    </ClCompile>
    <ClCompile Include="Dependencies\ImGuizmo-1.83\include\ImSequencer.cpp">
      <Filter>Dependencies\ImGuizmo</Filter>
    </ClCompile>
    <ClCompile Include="EditorControlPanel.cpp">
      <Filter>Panels</Filter>
    </ClCompile>
    <ClCompile Include="ImporterAnimation.cpp">
      <Filter>Importers</Filter>
    </ClCompile>
    <ClCompile Include="OptickAdapter.cpp">
      <Filter>Utils</Filter>
    </ClCompile>
    <ClCompile Include="ImporterScript.cpp">
      <Filter>Importers</Filter>
    </ClCompile>
    <ClCompile Include="NavMeshControllerPanel.cpp">
      <Filter>Panels</Filter>
    </ClCompile>
    <ClCompile Include="SettingsPanel.cpp">
      <Filter>Panels</Filter>
    </ClCompile>
    <ClCompile Include="Dependencies\ImGuiFileDialog-0.6.7\ImGuiFileDialog.cpp">
      <Filter>Dependencies\ImGuiFileDialog</Filter>
    </ClCompile>
    <ClCompile Include="EngineMain.cpp">
      <Filter>Core</Filter>
    </ClCompile>
    <ClCompile Include="EngineLog.cpp">
      <Filter>Core</Filter>
    </ClCompile>
    <ClCompile Include="EngineApp.cpp">
      <Filter>Core</Filter>
    </ClCompile>
    <ClCompile Include="ModuleEngineResource.cpp">
      <Filter>Modules</Filter>
    </ClCompile>
    <ClCompile Include="ModuleEngineInput.cpp">
      <Filter>Modules</Filter>
    </ClCompile>
    <ClCompile Include="ModuleEngineScriptManager.cpp">
      <Filter>Modules</Filter>
    </ClCompile>
    <ClCompile Include="ImporterNavMesh.cpp">
      <Filter>Importers</Filter>
    </ClCompile>
    <ClCompile Include="NavMeshController.cpp">
      <Filter>Utils</Filter>
    </ClCompile>
    <ClCompile Include="Dependencies\Recast\Include\Recast.cpp">
      <Filter>Dependencies\Recast</Filter>
    </ClCompile>
    <ClCompile Include="Dependencies\Recast\Include\RecastAlloc.cpp">
      <Filter>Dependencies\Recast</Filter>
    </ClCompile>
    <ClCompile Include="Dependencies\Recast\Include\RecastArea.cpp">
      <Filter>Dependencies\Recast</Filter>
    </ClCompile>
    <ClCompile Include="Dependencies\Recast\Include\RecastAssert.cpp">
      <Filter>Dependencies\Recast</Filter>
    </ClCompile>
    <ClCompile Include="Dependencies\Recast\Include\RecastContour.cpp">
      <Filter>Dependencies\Recast</Filter>
    </ClCompile>
    <ClCompile Include="Dependencies\Recast\Include\RecastFilter.cpp">
      <Filter>Dependencies\Recast</Filter>
    </ClCompile>
    <ClCompile Include="Dependencies\Recast\Include\RecastLayers.cpp">
      <Filter>Dependencies\Recast</Filter>
    </ClCompile>
    <ClCompile Include="Dependencies\Recast\Include\RecastMesh.cpp">
      <Filter>Dependencies\Recast</Filter>
    </ClCompile>
    <ClCompile Include="Dependencies\Recast\Include\RecastMeshDetail.cpp">
      <Filter>Dependencies\Recast</Filter>
    </ClCompile>
    <ClCompile Include="Dependencies\Recast\Include\RecastRasterization.cpp">
      <Filter>Dependencies\Recast</Filter>
    </ClCompile>
    <ClCompile Include="Dependencies\Recast\Include\RecastRegion.cpp">
      <Filter>Dependencies\Recast</Filter>
    </ClCompile>
    <ClCompile Include="Dependencies\DetourCrowd\Include\DetourCrowd.cpp">
      <Filter>Dependencies\Detour</Filter>
    </ClCompile>
    <ClCompile Include="Dependencies\DetourCrowd\Include\DetourLocalBoundary.cpp">
      <Filter>Dependencies\Detour</Filter>
    </ClCompile>
    <ClCompile Include="Dependencies\DetourCrowd\Include\DetourObstacleAvoidance.cpp">
      <Filter>Dependencies\Detour</Filter>
    </ClCompile>
    <ClCompile Include="Dependencies\DetourCrowd\Include\DetourPathCorridor.cpp">
      <Filter>Dependencies\Detour</Filter>
    </ClCompile>
    <ClCompile Include="Dependencies\DetourCrowd\Include\DetourPathQueue.cpp">
      <Filter>Dependencies\Detour</Filter>
    </ClCompile>
    <ClCompile Include="Dependencies\DetourCrowd\Include\DetourProximityGrid.cpp">
      <Filter>Dependencies\Detour</Filter>
    </ClCompile>
    <ClCompile Include="Dependencies\DetourTileCache\Include\DetourTileCache.cpp">
      <Filter>Dependencies\Detour</Filter>
    </ClCompile>
    <ClCompile Include="Dependencies\DetourTileCache\Include\DetourTileCacheBuilder.cpp">
      <Filter>Dependencies\Detour</Filter>
    </ClCompile>
    <ClCompile Include="Dependencies\Detour\Include\DetourAlloc.cpp">
      <Filter>Dependencies\Detour</Filter>
    </ClCompile>
    <ClCompile Include="Dependencies\Detour\Include\DetourAssert.cpp">
      <Filter>Dependencies\Detour</Filter>
    </ClCompile>
    <ClCompile Include="Dependencies\Detour\Include\DetourCommon.cpp">
      <Filter>Dependencies\Detour</Filter>
    </ClCompile>
    <ClCompile Include="Dependencies\Detour\Include\DetourNavMesh.cpp">
      <Filter>Dependencies\Detour</Filter>
    </ClCompile>
    <ClCompile Include="Dependencies\Detour\Include\DetourNavMeshBuilder.cpp">
      <Filter>Dependencies\Detour</Filter>
    </ClCompile>
    <ClCompile Include="Dependencies\Detour\Include\DetourNavMeshQuery.cpp">
      <Filter>Dependencies\Detour</Filter>
    </ClCompile>
    <ClCompile Include="Dependencies\Detour\Include\DetourNode.cpp">
      <Filter>Dependencies\Detour</Filter>
    </ClCompile>
    <ClCompile Include="ImBezier.cpp">
      <Filter>Utils</Filter>
    </ClCompile>
    <ClCompile Include="ModuleEngineCamera.cpp">
      <Filter>Modules</Filter>
    </ClCompile>
    <ClCompile Include="ModuleDebugDraw.cpp">
      <Filter>Modules</Filter>
    </ClCompile>
    <ClCompile Include="ImColorGradient.cpp">
      <Filter>Utils</Filter>
    </ClCompile>
    <ClCompile Include="AnimationSMPanel.cpp">
      <Filter>Panels</Filter>
    </ClCompile>
    <ClCompile Include="Dependencies\imgui-node-editor-0.9.3\crude_json.cpp">
      <Filter>Dependencies\ImguiNode</Filter>
    </ClCompile>
    <ClCompile Include="Dependencies\imgui-node-editor-0.9.3\imgui_canvas.cpp">
      <Filter>Dependencies\ImguiNode</Filter>
    </ClCompile>
    <ClCompile Include="Dependencies\imgui-node-editor-0.9.3\imgui_node_editor.cpp">
      <Filter>Dependencies\ImguiNode</Filter>
    </ClCompile>
    <ClCompile Include="Dependencies\imgui-node-editor-0.9.3\imgui_node_editor_api.cpp">
      <Filter>Dependencies\ImguiNode</Filter>
    </ClCompile>
    <ClCompile Include="ImporterStateMachine.cpp">
      <Filter>Importers</Filter>
    </ClCompile>
    <ClCompile Include="ImporterScene.cpp">
      <Filter>Importers</Filter>
    </ClCompile>
    <ClCompile Include="ImporterPrefab.cpp">
      <Filter>Importers</Filter>
    </ClCompile>
    <ClCompile Include="ImporterIBL.cpp">
      <Filter>Importers</Filter>
    </ClCompile>
  </ItemGroup>
  <ItemGroup>
    <ClInclude Include="Dependencies\ImGui-1.90-docking\include\imconfig.h">
      <Filter>Dependencies\ImGui</Filter>
    </ClInclude>
    <ClInclude Include="Dependencies\ImGui-1.90-docking\include\imgui.h">
      <Filter>Dependencies\ImGui</Filter>
    </ClInclude>
    <ClInclude Include="Dependencies\ImGui-1.90-docking\include\imgui_internal.h">
      <Filter>Dependencies\ImGui</Filter>
    </ClInclude>
    <ClInclude Include="Dependencies\ImGui-1.90-docking\include\imstb_rectpack.h">
      <Filter>Dependencies\ImGui</Filter>
    </ClInclude>
    <ClInclude Include="Dependencies\ImGui-1.90-docking\include\imstb_textedit.h">
      <Filter>Dependencies\ImGui</Filter>
    </ClInclude>
    <ClInclude Include="Dependencies\ImGui-1.90-docking\include\imstb_truetype.h">
      <Filter>Dependencies\ImGui</Filter>
    </ClInclude>
    <ClInclude Include="Dependencies\ImGui-1.90-docking\include\backends\imgui_impl_opengl3.h">
      <Filter>Dependencies\ImGui\Backends</Filter>
    </ClInclude>
    <ClInclude Include="Dependencies\ImGui-1.90-docking\include\backends\imgui_impl_opengl3_loader.h">
      <Filter>Dependencies\ImGui\Backends</Filter>
    </ClInclude>
    <ClInclude Include="Dependencies\ImGui-1.90-docking\include\backends\imgui_impl_sdl2.h">
      <Filter>Dependencies\ImGui\Backends</Filter>
    </ClInclude>
    <ClInclude Include="Panel.h">
      <Filter>Panels</Filter>
    </ClInclude>
    <ClInclude Include="AboutPanel.h">
      <Filter>Panels</Filter>
    </ClInclude>
    <ClInclude Include="ConsolePanel.h">
      <Filter>Panels</Filter>
    </ClInclude>
    <ClInclude Include="HierarchyPanel.h">
      <Filter>Panels</Filter>
    </ClInclude>
    <ClInclude Include="InspectorPanel.h">
      <Filter>Panels</Filter>
    </ClInclude>
    <ClInclude Include="HierarchyPanel.h">
      <Filter>Panels</Filter>
    </ClInclude>
    <ClInclude Include="ImporterTexture.h">
      <Filter>Importers</Filter>
    </ClInclude>
    <ClInclude Include="ImporterMesh.h">
      <Filter>Importers</Filter>
    </ClInclude>
    <ClInclude Include="Dependencies\Tinygltf-2.8.19\tiny_gltf.h">
      <Filter>Dependencies\TinyGLTF</Filter>
    </ClInclude>
    <ClInclude Include="Dependencies\Tinygltf-2.8.19\json.hpp">
      <Filter>Dependencies\TinyGLTF</Filter>
    </ClInclude>
    <ClInclude Include="Dependencies\Tinygltf-2.8.19\stb_image.h">
      <Filter>Dependencies\TinyGLTF</Filter>
    </ClInclude>
    <ClInclude Include="Dependencies\Tinygltf-2.8.19\stb_image_write.h">
      <Filter>Dependencies\TinyGLTF</Filter>
    </ClInclude>
    <ClInclude Include="ImporterModel.h">
      <Filter>Importers</Filter>
    </ClInclude>
    <ClInclude Include="InspectorPanel.h" />
    <ClInclude Include="Dependencies\DebugDraw\debug_draw.hpp">
      <Filter>Dependencies\DebugDraw</Filter>
    </ClInclude>
    <ClInclude Include="Dependencies\DebugDraw\debugdraw.h">
      <Filter>Dependencies\DebugDraw</Filter>
    </ClInclude>
    <ClInclude Include="ScenePanel.h">
      <Filter>Panels</Filter>
    </ClInclude>
    <ClInclude Include="Dependencies\MikkTSpace\mikktspace.h">
      <Filter>Dependencies\MikkTspace</Filter>
    </ClInclude>
    <ClInclude Include="Dependencies\MikkTSpace\weldmesh.h">
      <Filter>Dependencies\MikkTspace</Filter>
    </ClInclude>
    <ClInclude Include="ProjectPanel.h">
      <Filter>Panels</Filter>
    </ClInclude>
    <ClInclude Include="DebugPanel.h">
      <Filter>Panels</Filter>
    </ClInclude>
    <ClInclude Include="LightningPanel.h">
      <Filter>Panels</Filter>
    </ClInclude>
    <ClInclude Include="ImporterMaterial.h">
      <Filter>Importers</Filter>
    </ClInclude>
    <ClInclude Include="ModuleEditor.h">
      <Filter>Modules</Filter>
    </ClInclude>
    <ClInclude Include="ModuleDebugDraw.h">
      <Filter>Modules</Filter>
    </ClInclude>
    <ClInclude Include="ModuleDebugDraw.h">
      <Filter>Modules</Filter>
    </ClInclude>
    <ClInclude Include="ResourcePanel.h">
      <Filter>Panels</Filter>
    </ClInclude>
    <ClInclude Include="TimerPanel.h">
      <Filter>Panels</Filter>
    </ClInclude>
    <ClInclude Include="Dependencies\ImGuizmo-1.83\include\GraphEditor.h">
      <Filter>Dependencies\ImGuizmo</Filter>
    </ClInclude>
    <ClInclude Include="Dependencies\ImGuizmo-1.83\include\ImCurveEdit.h">
      <Filter>Dependencies\ImGuizmo</Filter>
    </ClInclude>
    <ClInclude Include="Dependencies\ImGuizmo-1.83\include\ImGradient.h">
      <Filter>Dependencies\ImGuizmo</Filter>
    </ClInclude>
    <ClInclude Include="Dependencies\ImGuizmo-1.83\include\ImGuizmo.h">
      <Filter>Dependencies\ImGuizmo</Filter>
    </ClInclude>
    <ClInclude Include="Dependencies\ImGuizmo-1.83\include\ImSequencer.h">
      <Filter>Dependencies\ImGuizmo</Filter>
    </ClInclude>
    <ClInclude Include="Dependencies\ImGuizmo-1.83\include\ImZoomSlider.h">
      <Filter>Dependencies\ImGuizmo</Filter>
    </ClInclude>
    <ClInclude Include="InspectorPanel.h">
      <Filter>Panels</Filter>
    </ClInclude>
    <ClInclude Include="OptickAdapter.h">
      <Filter>Utils</Filter>
    </ClInclude>
    <ClInclude Include="ImporterScript.h">
      <Filter>Importers</Filter>
    </ClInclude>
    <ClInclude Include="NavMeshControllerPanel.h">
      <Filter>Panels</Filter>
    </ClInclude>
    <ClInclude Include="EditorControlPanel.h">
      <Filter>Panels</Filter>
    </ClInclude>
    <ClInclude Include="SettingsPanel.h">
      <Filter>Panels</Filter>
    </ClInclude>
    <ClInclude Include="Dependencies\ImGuiFileDialog-0.6.7\ImGuiFileDialog.h">
      <Filter>Dependencies\ImGuiFileDialog</Filter>
    </ClInclude>
    <ClInclude Include="IconsFontAwesome6.h">
      <Filter>Utils</Filter>
    </ClInclude>
    <ClInclude Include="ImporterAnimation.h">
      <Filter>Importers</Filter>
    </ClInclude>
    <ClInclude Include="EngineApp.h">
      <Filter>Core</Filter>
    </ClInclude>
    <ClInclude Include="ModuleEngineResource.h">
      <Filter>Modules</Filter>
    </ClInclude>
    <ClInclude Include="ModuleEngineInput.h">
      <Filter>Modules</Filter>
    </ClInclude>
    <ClInclude Include="ModuleEngineScriptManager.h">
      <Filter>Modules</Filter>
    </ClInclude>
    <ClInclude Include="ImporterNavMesh.h">
      <Filter>Importers</Filter>
    </ClInclude>
    <ClInclude Include="NavMeshController.h">
      <Filter>Utils</Filter>
    </ClInclude>
    <ClInclude Include="Dependencies\Recast\Include\Recast.h">
      <Filter>Dependencies\Recast</Filter>
    </ClInclude>
    <ClInclude Include="Dependencies\Recast\Include\RecastAlloc.h">
      <Filter>Dependencies\Recast</Filter>
    </ClInclude>
    <ClInclude Include="Dependencies\Recast\Include\RecastAssert.h">
      <Filter>Dependencies\Recast</Filter>
    </ClInclude>
    <ClInclude Include="Dependencies\DetourCrowd\Include\DetourCrowd.h">
      <Filter>Dependencies\Detour</Filter>
    </ClInclude>
    <ClInclude Include="Dependencies\DetourCrowd\Include\DetourLocalBoundary.h">
      <Filter>Dependencies\Detour</Filter>
    </ClInclude>
    <ClInclude Include="Dependencies\DetourCrowd\Include\DetourObstacleAvoidance.h">
      <Filter>Dependencies\Detour</Filter>
    </ClInclude>
    <ClInclude Include="Dependencies\DetourCrowd\Include\DetourPathCorridor.h">
      <Filter>Dependencies\Detour</Filter>
    </ClInclude>
    <ClInclude Include="Dependencies\DetourCrowd\Include\DetourPathQueue.h">
      <Filter>Dependencies\Detour</Filter>
    </ClInclude>
    <ClInclude Include="Dependencies\DetourCrowd\Include\DetourProximityGrid.h">
      <Filter>Dependencies\Detour</Filter>
    </ClInclude>
    <ClInclude Include="Dependencies\DetourTileCache\Include\DetourTileCache.h">
      <Filter>Dependencies\Detour</Filter>
    </ClInclude>
    <ClInclude Include="Dependencies\DetourTileCache\Include\DetourTileCacheBuilder.h">
      <Filter>Dependencies\Detour</Filter>
    </ClInclude>
    <ClInclude Include="Dependencies\Detour\Include\DetourAlloc.h">
      <Filter>Dependencies\Detour</Filter>
    </ClInclude>
    <ClInclude Include="Dependencies\Detour\Include\DetourAssert.h">
      <Filter>Dependencies\Detour</Filter>
    </ClInclude>
    <ClInclude Include="Dependencies\Detour\Include\DetourCommon.h">
      <Filter>Dependencies\Detour</Filter>
    </ClInclude>
    <ClInclude Include="Dependencies\Detour\Include\DetourMath.h">
      <Filter>Dependencies\Detour</Filter>
    </ClInclude>
    <ClInclude Include="Dependencies\Detour\Include\DetourNavMesh.h">
      <Filter>Dependencies\Detour</Filter>
    </ClInclude>
    <ClInclude Include="Dependencies\Detour\Include\DetourNavMeshBuilder.h">
      <Filter>Dependencies\Detour</Filter>
    </ClInclude>
    <ClInclude Include="Dependencies\Detour\Include\DetourNavMeshQuery.h">
      <Filter>Dependencies\Detour</Filter>
    </ClInclude>
    <ClInclude Include="Dependencies\Detour\Include\DetourNode.h">
      <Filter>Dependencies\Detour</Filter>
    </ClInclude>
    <ClInclude Include="Dependencies\Detour\Include\DetourStatus.h">
      <Filter>Dependencies\Detour</Filter>
    </ClInclude>
    <ClInclude Include="ImBezier.h">
      <Filter>Utils</Filter>
    </ClInclude>
    <ClInclude Include="ModuleEngineCamera.h">
      <Filter>Modules</Filter>
    </ClInclude>
    <ClInclude Include="ModuleDebugDraw.h">
      <Filter>Modules</Filter>
    </ClInclude>
    <ClInclude Include="ImColorGradient.h">
      <Filter>Utils</Filter>
    </ClInclude>
    <ClInclude Include="AnimationSMPanel.h">
      <Filter>Panels</Filter>
    </ClInclude>
    <ClInclude Include="Dependencies\imgui-node-editor-0.9.3\crude_json.h">
      <Filter>Dependencies\ImguiNode</Filter>
    </ClInclude>
    <ClInclude Include="Dependencies\imgui-node-editor-0.9.3\imgui_bezier_math.h">
      <Filter>Dependencies\ImguiNode</Filter>
    </ClInclude>
    <ClInclude Include="Dependencies\imgui-node-editor-0.9.3\imgui_canvas.h">
      <Filter>Dependencies\ImguiNode</Filter>
    </ClInclude>
    <ClInclude Include="Dependencies\imgui-node-editor-0.9.3\imgui_extra_math.h">
      <Filter>Dependencies\ImguiNode</Filter>
    </ClInclude>
    <ClInclude Include="Dependencies\imgui-node-editor-0.9.3\imgui_node_editor.h">
      <Filter>Dependencies\ImguiNode</Filter>
    </ClInclude>
    <ClInclude Include="Dependencies\imgui-node-editor-0.9.3\imgui_node_editor_internal.h">
      <Filter>Dependencies\ImguiNode</Filter>
    </ClInclude>
    <ClInclude Include="ImporterStateMachine.h">
      <Filter>Importers</Filter>
    </ClInclude>
    <ClInclude Include="ImporterScene.h">
      <Filter>Importers</Filter>
    </ClInclude>
    <ClInclude Include="ImporterPrefab.h">
      <Filter>Importers</Filter>
    </ClInclude>
    <ClInclude Include="ImporterIBL.h">
      <Filter>Importers</Filter>
    </ClInclude>
  </ItemGroup>
  <ItemGroup>
    <Filter Include="Dependencies">
      <UniqueIdentifier>{b4d566a1-da6b-4459-8060-3c9b3f339050}</UniqueIdentifier>
    </Filter>
    <Filter Include="Dependencies\ImGui">
      <UniqueIdentifier>{f21e2237-4826-4cfa-b7d0-390076d6a7b4}</UniqueIdentifier>
    </Filter>
    <Filter Include="Dependencies\ImGui\Backends">
      <UniqueIdentifier>{3f2f64a4-60a8-4119-8bc2-db3e955a823a}</UniqueIdentifier>
    </Filter>
    <Filter Include="Panels">
      <UniqueIdentifier>{484d2c23-7ed4-47b5-8208-e922e3a7d9c6}</UniqueIdentifier>
    </Filter>
    <Filter Include="Importers">
      <UniqueIdentifier>{59a2e3e5-812b-45f5-9a1a-5096740588ea}</UniqueIdentifier>
    </Filter>
    <Filter Include="Dependencies\TinyGLTF">
      <UniqueIdentifier>{b7577db9-f68a-494d-a49f-c95d2c21f9ae}</UniqueIdentifier>
    </Filter>
    <Filter Include="Dependencies\DebugDraw">
      <UniqueIdentifier>{2c4a22f9-4369-4564-a01f-b373358df20e}</UniqueIdentifier>
    </Filter>
    <Filter Include="Dependencies\MikkTspace">
      <UniqueIdentifier>{58fe3eb7-9da9-4e89-b4ef-7117bf4acc3c}</UniqueIdentifier>
    </Filter>
    <Filter Include="Modules">
      <UniqueIdentifier>{98168401-14e8-41e0-8b15-2f32846b84cd}</UniqueIdentifier>
    </Filter>
    <Filter Include="Utils">
      <UniqueIdentifier>{616b0fe6-3e4b-4bf8-a42a-1b8adbdf6007}</UniqueIdentifier>
    </Filter>
    <Filter Include="Core">
      <UniqueIdentifier>{0c0b9c77-614f-4cc0-93e2-e64ce3d5fb1b}</UniqueIdentifier>
    </Filter>
    <Filter Include="Dependencies\ImGuizmo">
      <UniqueIdentifier>{507b6f07-d49a-45f6-88cc-c49673feecf8}</UniqueIdentifier>
    </Filter>
    <Filter Include="Dependencies\ImGuiFileDialog">
      <UniqueIdentifier>{5f6fa63f-3e02-45f7-83ea-433622a96a28}</UniqueIdentifier>
    </Filter>
    <Filter Include="Dependencies\Recast">
      <UniqueIdentifier>{237f5c89-3748-4a31-95ba-182ac559504e}</UniqueIdentifier>
    </Filter>
    <Filter Include="Dependencies\Detour">
      <UniqueIdentifier>{37ae183b-2780-4bd8-b3ca-a0b37fa72e92}</UniqueIdentifier>
    </Filter>
    <Filter Include="Dependencies\ImguiNode">
      <UniqueIdentifier>{b7c067c1-c775-483e-906b-cc704984d02c}</UniqueIdentifier>
    </Filter>
  </ItemGroup>
  <ItemGroup>
    <None Include="Dependencies\imgui-node-editor-0.9.3\imgui_bezier_math.inl">
      <Filter>Dependencies\ImguiNode</Filter>
    </None>
    <None Include="Dependencies\imgui-node-editor-0.9.3\imgui_extra_math.inl">
      <Filter>Dependencies\ImguiNode</Filter>
    </None>
    <None Include="Dependencies\imgui-node-editor-0.9.3\imgui_node_editor_internal.inl">
      <Filter>Dependencies\ImguiNode</Filter>
    </None>
  </ItemGroup>
</Project>