<?xml version="1.0" encoding="utf-8"?>
<Project ToolsVersion="4.0" xmlns="http://schemas.microsoft.com/developer/msbuild/2003">
  <ItemGroup>
    <ClCompile Include="Application.cpp" />
    <ClCompile Include="log.cpp" />
    <ClCompile Include="Main.cpp" />
    <ClCompile Include="ModuleInput.cpp" />
    <ClCompile Include="ModuleOpenGL.cpp" />
    <ClCompile Include="ModuleWindow.cpp" />
    <ClCompile Include="Dependencies\ImGui-1.90-docking\include\imgui.cpp">
      <Filter>Dependencies\ImGui</Filter>
    </ClCompile>
    <ClCompile Include="Dependencies\ImGui-1.90-docking\include\imgui_demo.cpp">
      <Filter>Dependencies\ImGui</Filter>
    </ClCompile>
    <ClCompile Include="Dependencies\ImGui-1.90-docking\include\imgui_draw.cpp">
      <Filter>Dependencies\ImGui</Filter>
    </ClCompile>
    <ClCompile Include="Dependencies\ImGui-1.90-docking\include\imgui_tables.cpp">
      <Filter>Dependencies\ImGui</Filter>
    </ClCompile>
    <ClCompile Include="Dependencies\ImGui-1.90-docking\include\imgui_widgets.cpp">
      <Filter>Dependencies\ImGui</Filter>
    </ClCompile>
    <ClCompile Include="Dependencies\ImGui-1.90-docking\include\backends\imgui_impl_opengl3.cpp">
      <Filter>Dependencies\ImGui\Backends</Filter>
    </ClCompile>
    <ClCompile Include="Dependencies\ImGui-1.90-docking\include\backends\imgui_impl_sdl2.cpp">
      <Filter>Dependencies\ImGui\Backends</Filter>
    </ClCompile>
    <ClCompile Include="ModuleEditor.cpp" />
    <ClCompile Include="Component.cpp" />
    <ClCompile Include="GameObject.cpp" />
    <ClCompile Include="MeshRendererComponent.cpp" />
    <ClCompile Include="ModuleScene.cpp" />
    <ClCompile Include="Panel.cpp">
      <Filter>Panels</Filter>
    </ClCompile>
    <ClCompile Include="AboutPanel.cpp">
      <Filter>Panels</Filter>
    </ClCompile>
    <ClCompile Include="ConsolePanel.cpp">
      <Filter>Panels</Filter>
    </ClCompile>
    <ClCompile Include="HierarchyPanel.cpp">
      <Filter>Panels</Filter>
    </ClCompile>
    <ClCompile Include="InspectorPanel.cpp">
      <Filter>Panels</Filter>
    </ClCompile>
    <ClCompile Include="Dependencies\MathGeoLib-v1.5\include\Geometry\AABB.cpp" />
    <ClCompile Include="TestComponent.cpp" />
    <ClCompile Include="ModuleCamera.cpp" />
    <ClCompile Include="ModuleRenderTest.cpp" />
    <ClCompile Include="ModuleDebugDraw.cpp" />
    <ClCompile Include="Dependencies\MathGeoLib-v1.5\include\Geometry\AABB.cpp" />
    <ClCompile Include="Dependencies\MathGeoLib-v1.5\include\Geometry\AABB.cpp">
      <Filter>Dependencies\MathGeoLib</Filter>
    </ClCompile>
    <ClCompile Include="Dependencies\MathGeoLib-v1.5\include\Geometry\AABB.cpp" />
    <ClCompile Include="HierarchyPanel.cpp">
      <Filter>Panels</Filter>
    </ClCompile>
    <ClCompile Include="InspectorPanel.cpp">
      <Filter>Panels</Filter>
    </ClCompile>
    <ClCompile Include="Dependencies\MathGeoLib-v1.5\include\Geometry\AABB.cpp" />
    <ClCompile Include="TestComponent.cpp" />
    <ClCompile Include="ModuleCamera.cpp" />
    <ClCompile Include="ModuleRenderTest.cpp" />
    <ClCompile Include="ModuleDebugDraw.cpp" />
    <ClCompile Include="Dependencies\MathGeoLib-v1.5\include\Geometry\AABB.cpp" />
    <ClCompile Include="Dependencies\MathGeoLib-v1.5\include\Time\Clock.cpp">
      <Filter>Dependencies\MathGeoLib\Time</Filter>
    </ClCompile>
    <ClCompile Include="Dependencies\MathGeoLib-v1.5\include\Algorithm\Random\LCG.cpp">
      <Filter>Dependencies\MathGeoLib\Algorithm</Filter>
    </ClCompile>
    <ClCompile Include="Dependencies\MathGeoLib-v1.5\include\Geometry\AABB.cpp">
      <Filter>Dependencies\MathGeoLib\Geometry</Filter>
    </ClCompile>
    <ClCompile Include="Dependencies\MathGeoLib-v1.5\include\Geometry\Capsule.cpp">
      <Filter>Dependencies\MathGeoLib\Geometry</Filter>
    </ClCompile>
    <ClCompile Include="Dependencies\MathGeoLib-v1.5\include\Geometry\Circle.cpp">
      <Filter>Dependencies\MathGeoLib\Geometry</Filter>
    </ClCompile>
    <ClCompile Include="Dependencies\MathGeoLib-v1.5\include\Geometry\Cone.cpp">
      <Filter>Dependencies\MathGeoLib\Geometry</Filter>
    </ClCompile>
    <ClCompile Include="Dependencies\MathGeoLib-v1.5\include\Geometry\Cylinder.cpp">
      <Filter>Dependencies\MathGeoLib\Geometry</Filter>
    </ClCompile>
    <ClCompile Include="Dependencies\MathGeoLib-v1.5\include\Geometry\Frustum.cpp">
      <Filter>Dependencies\MathGeoLib\Geometry</Filter>
    </ClCompile>
    <ClCompile Include="Dependencies\MathGeoLib-v1.5\include\Geometry\Line.cpp">
      <Filter>Dependencies\MathGeoLib\Geometry</Filter>
    </ClCompile>
    <ClCompile Include="Dependencies\MathGeoLib-v1.5\include\Geometry\LineSegment.cpp">
      <Filter>Dependencies\MathGeoLib\Geometry</Filter>
    </ClCompile>
    <ClCompile Include="Dependencies\MathGeoLib-v1.5\include\Geometry\OBB.cpp">
      <Filter>Dependencies\MathGeoLib\Geometry</Filter>
    </ClCompile>
    <ClCompile Include="Dependencies\MathGeoLib-v1.5\include\Geometry\Plane.cpp">
      <Filter>Dependencies\MathGeoLib\Geometry</Filter>
    </ClCompile>
    <ClCompile Include="Dependencies\MathGeoLib-v1.5\include\Geometry\Polygon.cpp">
      <Filter>Dependencies\MathGeoLib\Geometry</Filter>
    </ClCompile>
    <ClCompile Include="Dependencies\MathGeoLib-v1.5\include\Geometry\Polyhedron.cpp">
      <Filter>Dependencies\MathGeoLib\Geometry</Filter>
    </ClCompile>
    <ClCompile Include="Dependencies\MathGeoLib-v1.5\include\Geometry\Ray.cpp">
      <Filter>Dependencies\MathGeoLib\Geometry</Filter>
    </ClCompile>
    <ClCompile Include="Dependencies\MathGeoLib-v1.5\include\Geometry\Sphere.cpp">
      <Filter>Dependencies\MathGeoLib\Geometry</Filter>
    </ClCompile>
    <ClCompile Include="Dependencies\MathGeoLib-v1.5\include\Geometry\Triangle.cpp">
      <Filter>Dependencies\MathGeoLib\Geometry</Filter>
    </ClCompile>
    <ClCompile Include="Dependencies\MathGeoLib-v1.5\include\Geometry\TriangleMesh.cpp">
      <Filter>Dependencies\MathGeoLib\Geometry</Filter>
    </ClCompile>
    <ClCompile Include="Dependencies\MathGeoLib-v1.5\include\Math\BitOps.cpp">
      <Filter>Dependencies\MathGeoLib\Math</Filter>
    </ClCompile>
    <ClCompile Include="Dependencies\MathGeoLib-v1.5\include\Math\float2.cpp">
      <Filter>Dependencies\MathGeoLib\Math</Filter>
    </ClCompile>
    <ClCompile Include="Dependencies\MathGeoLib-v1.5\include\Math\float3.cpp">
      <Filter>Dependencies\MathGeoLib\Math</Filter>
    </ClCompile>
    <ClCompile Include="Dependencies\MathGeoLib-v1.5\include\Math\float3x3.cpp">
      <Filter>Dependencies\MathGeoLib\Math</Filter>
    </ClCompile>
    <ClCompile Include="Dependencies\MathGeoLib-v1.5\include\Math\float3x4.cpp">
      <Filter>Dependencies\MathGeoLib\Math</Filter>
    </ClCompile>
    <ClCompile Include="Dependencies\MathGeoLib-v1.5\include\Math\float4.cpp">
      <Filter>Dependencies\MathGeoLib\Math</Filter>
    </ClCompile>
    <ClCompile Include="Dependencies\MathGeoLib-v1.5\include\Math\float4x4.cpp">
      <Filter>Dependencies\MathGeoLib\Math</Filter>
    </ClCompile>
    <ClCompile Include="Dependencies\MathGeoLib-v1.5\include\Math\MathFunc.cpp">
      <Filter>Dependencies\MathGeoLib\Math</Filter>
    </ClCompile>
    <ClCompile Include="Dependencies\MathGeoLib-v1.5\include\Math\MathLog.cpp">
      <Filter>Dependencies\MathGeoLib\Math</Filter>
    </ClCompile>
    <ClCompile Include="Dependencies\MathGeoLib-v1.5\include\Math\MathOps.cpp">
      <Filter>Dependencies\MathGeoLib\Math</Filter>
    </ClCompile>
    <ClCompile Include="Dependencies\MathGeoLib-v1.5\include\Math\Polynomial.cpp">
      <Filter>Dependencies\MathGeoLib\Math</Filter>
    </ClCompile>
    <ClCompile Include="Dependencies\MathGeoLib-v1.5\include\Math\Quat.cpp">
      <Filter>Dependencies\MathGeoLib\Math</Filter>
    </ClCompile>
    <ClCompile Include="Dependencies\MathGeoLib-v1.5\include\Math\SSEMath.cpp">
      <Filter>Dependencies\MathGeoLib\Math</Filter>
    </ClCompile>
    <ClCompile Include="Dependencies\MathGeoLib-v1.5\include\Math\TransformOps.cpp">
      <Filter>Dependencies\MathGeoLib\Math</Filter>
    </ClCompile>
  </ItemGroup>
  <ItemGroup>
    <ClInclude Include="Application.h" />
    <ClInclude Include="Dummy.h" />
    <ClInclude Include="Globals.h" />
    <ClInclude Include="Module.h" />
    <ClInclude Include="ModuleInput.h" />
    <ClInclude Include="ModuleOpenGL.h" />
    <ClInclude Include="ModuleWindow.h" />
    <ClInclude Include="Dependencies\ImGui-1.90-docking\include\imconfig.h">
      <Filter>Dependencies\ImGui</Filter>
    </ClInclude>
    <ClInclude Include="Dependencies\ImGui-1.90-docking\include\imgui.h">
      <Filter>Dependencies\ImGui</Filter>
    </ClInclude>
    <ClInclude Include="Dependencies\ImGui-1.90-docking\include\imgui_internal.h">
      <Filter>Dependencies\ImGui</Filter>
    </ClInclude>
    <ClInclude Include="Dependencies\ImGui-1.90-docking\include\imstb_rectpack.h">
      <Filter>Dependencies\ImGui</Filter>
    </ClInclude>
    <ClInclude Include="Dependencies\ImGui-1.90-docking\include\imstb_textedit.h">
      <Filter>Dependencies\ImGui</Filter>
    </ClInclude>
    <ClInclude Include="Dependencies\ImGui-1.90-docking\include\imstb_truetype.h">
      <Filter>Dependencies\ImGui</Filter>
    </ClInclude>
    <ClInclude Include="Dependencies\ImGui-1.90-docking\include\backends\imgui_impl_opengl3.h">
      <Filter>Dependencies\ImGui\Backends</Filter>
    </ClInclude>
    <ClInclude Include="Dependencies\ImGui-1.90-docking\include\backends\imgui_impl_opengl3_loader.h">
      <Filter>Dependencies\ImGui\Backends</Filter>
    </ClInclude>
    <ClInclude Include="Dependencies\ImGui-1.90-docking\include\backends\imgui_impl_sdl2.h">
      <Filter>Dependencies\ImGui\Backends</Filter>
    </ClInclude>
    <ClInclude Include="ModuleEditor.h" />
    <ClInclude Include="Component.h" />
    <ClInclude Include="GameObject.h" />
    <ClInclude Include="MeshRendererComponent.h" />
    <ClInclude Include="ModuleScene.h" />
    <ClInclude Include="Panel.h">
      <Filter>Panels</Filter>
    </ClInclude>
    <ClInclude Include="AboutPanel.h">
      <Filter>Panels</Filter>
    </ClInclude>
    <ClInclude Include="ConsolePanel.h">
      <Filter>Panels</Filter>
    </ClInclude>
    <ClInclude Include="InspectorPanel.h">
      <Filter>Panels</Filter>
    </ClInclude>
    <ClInclude Include="HierarchyPanel.h">
      <Filter>Panels</Filter>
    </ClInclude>
    <ClInclude Include="TestComponent.h" />
    <ClInclude Include="ModuleCamera.h" />
    <ClInclude Include="ModuleRenderTest.h" />
    <ClInclude Include="ModuleDebugDraw.h" />
    <ClInclude Include="debugdraw.h">
      <Filter>Dependencies\DebugDraw</Filter>
    </ClInclude>
    <ClInclude Include="debug_draw.hpp">
      <Filter>Dependencies\DebugDraw</Filter>
    </ClInclude>
    <ClInclude Include="InspectorPanel.h">
      <Filter>Panels</Filter>
    </ClInclude>
    <ClInclude Include="HierarchyPanel.h">
      <Filter>Panels</Filter>
    </ClInclude>
    <ClInclude Include="TestComponent.h" />
    <ClInclude Include="ModuleCamera.h" />
    <ClInclude Include="ModuleRenderTest.h" />
    <ClInclude Include="ModuleDebugDraw.h" />
    <ClInclude Include="debugdraw.h">
      <Filter>Dependencies\DebugDraw</Filter>
    </ClInclude>
    <ClInclude Include="debug_draw.hpp">
      <Filter>Dependencies\DebugDraw</Filter>
    </ClInclude>
    <ClInclude Include="Dependencies\MathGeoLib-v1.5\include\MathBuildConfig.h">
      <Filter>Dependencies\MathGeoLib</Filter>
    </ClInclude>
    <ClInclude Include="Dependencies\MathGeoLib-v1.5\include\MathGeoLib.h">
      <Filter>Dependencies\MathGeoLib</Filter>
    </ClInclude>
    <ClInclude Include="Dependencies\MathGeoLib-v1.5\include\MathGeoLibFwd.h">
      <Filter>Dependencies\MathGeoLib</Filter>
    </ClInclude>
    <ClInclude Include="Dependencies\MathGeoLib-v1.5\include\Time\Clock.h">
      <Filter>Dependencies\MathGeoLib\Time</Filter>
    </ClInclude>
    <ClInclude Include="Dependencies\MathGeoLib-v1.5\include\Algorithm\Random\LCG.h">
      <Filter>Dependencies\MathGeoLib\Algorithm</Filter>
    </ClInclude>
    <ClInclude Include="Dependencies\MathGeoLib-v1.5\include\Geometry\AABB.h">
      <Filter>Dependencies\MathGeoLib\Geometry</Filter>
    </ClInclude>
    <ClInclude Include="Dependencies\MathGeoLib-v1.5\include\Geometry\AABB2D.h">
      <Filter>Dependencies\MathGeoLib\Geometry</Filter>
    </ClInclude>
    <ClInclude Include="Dependencies\MathGeoLib-v1.5\include\Geometry\Capsule.h">
      <Filter>Dependencies\MathGeoLib\Geometry</Filter>
    </ClInclude>
    <ClInclude Include="Dependencies\MathGeoLib-v1.5\include\Geometry\Circle.h">
      <Filter>Dependencies\MathGeoLib\Geometry</Filter>
    </ClInclude>
    <ClInclude Include="Dependencies\MathGeoLib-v1.5\include\Geometry\Cone.h">
      <Filter>Dependencies\MathGeoLib\Geometry</Filter>
    </ClInclude>
    <ClInclude Include="Dependencies\MathGeoLib-v1.5\include\Geometry\Cylinder.h">
      <Filter>Dependencies\MathGeoLib\Geometry</Filter>
    </ClInclude>
    <ClInclude Include="Dependencies\MathGeoLib-v1.5\include\Geometry\Frustum.h">
      <Filter>Dependencies\MathGeoLib\Geometry</Filter>
    </ClInclude>
    <ClInclude Include="Dependencies\MathGeoLib-v1.5\include\Geometry\GeometryAll.h">
      <Filter>Dependencies\MathGeoLib\Geometry</Filter>
    </ClInclude>
    <ClInclude Include="Dependencies\MathGeoLib-v1.5\include\Geometry\GeomType.h">
      <Filter>Dependencies\MathGeoLib\Geometry</Filter>
    </ClInclude>
    <ClInclude Include="Dependencies\MathGeoLib-v1.5\include\Geometry\HitInfo.h">
      <Filter>Dependencies\MathGeoLib\Geometry</Filter>
    </ClInclude>
    <ClInclude Include="Dependencies\MathGeoLib-v1.5\include\Geometry\KDTree.h">
      <Filter>Dependencies\MathGeoLib\Geometry</Filter>
    </ClInclude>
    <ClInclude Include="Dependencies\MathGeoLib-v1.5\include\Geometry\Line.h">
      <Filter>Dependencies\MathGeoLib\Geometry</Filter>
    </ClInclude>
    <ClInclude Include="Dependencies\MathGeoLib-v1.5\include\Geometry\LineSegment.h">
      <Filter>Dependencies\MathGeoLib\Geometry</Filter>
    </ClInclude>
    <ClInclude Include="Dependencies\MathGeoLib-v1.5\include\Geometry\OBB.h">
      <Filter>Dependencies\MathGeoLib\Geometry</Filter>
    </ClInclude>
    <ClInclude Include="Dependencies\MathGeoLib-v1.5\include\Geometry\PBVolume.h">
      <Filter>Dependencies\MathGeoLib\Geometry</Filter>
    </ClInclude>
    <ClInclude Include="Dependencies\MathGeoLib-v1.5\include\Geometry\Plane.h">
      <Filter>Dependencies\MathGeoLib\Geometry</Filter>
    </ClInclude>
    <ClInclude Include="Dependencies\MathGeoLib-v1.5\include\Geometry\Polygon.h">
      <Filter>Dependencies\MathGeoLib\Geometry</Filter>
    </ClInclude>
    <ClInclude Include="Dependencies\MathGeoLib-v1.5\include\Geometry\Polyhedron.h">
      <Filter>Dependencies\MathGeoLib\Geometry</Filter>
    </ClInclude>
    <ClInclude Include="Dependencies\MathGeoLib-v1.5\include\Geometry\QuadTree.h">
      <Filter>Dependencies\MathGeoLib\Geometry</Filter>
    </ClInclude>
    <ClInclude Include="Dependencies\MathGeoLib-v1.5\include\Geometry\Ray.h">
      <Filter>Dependencies\MathGeoLib\Geometry</Filter>
    </ClInclude>
    <ClInclude Include="Dependencies\MathGeoLib-v1.5\include\Geometry\Sphere.h">
      <Filter>Dependencies\MathGeoLib\Geometry</Filter>
    </ClInclude>
    <ClInclude Include="Dependencies\MathGeoLib-v1.5\include\Geometry\Triangle.h">
      <Filter>Dependencies\MathGeoLib\Geometry</Filter>
    </ClInclude>
    <ClInclude Include="Dependencies\MathGeoLib-v1.5\include\Geometry\TriangleMesh.h">
      <Filter>Dependencies\MathGeoLib\Geometry</Filter>
    </ClInclude>
    <ClInclude Include="Dependencies\MathGeoLib-v1.5\include\Math\assume.h">
      <Filter>Dependencies\MathGeoLib\Math</Filter>
    </ClInclude>
    <ClInclude Include="Dependencies\MathGeoLib-v1.5\include\Math\BitOps.h">
      <Filter>Dependencies\MathGeoLib\Math</Filter>
    </ClInclude>
    <ClInclude Include="Dependencies\MathGeoLib-v1.5\include\Math\Complex.h">
      <Filter>Dependencies\MathGeoLib\Math</Filter>
    </ClInclude>
    <ClInclude Include="Dependencies\MathGeoLib-v1.5\include\Math\CoordinateAxisConvention.h">
      <Filter>Dependencies\MathGeoLib\Math</Filter>
    </ClInclude>
    <ClInclude Include="Dependencies\MathGeoLib-v1.5\include\Math\FixedPoint.h">
      <Filter>Dependencies\MathGeoLib\Math</Filter>
    </ClInclude>
    <ClInclude Include="Dependencies\MathGeoLib-v1.5\include\Math\float2.h">
      <Filter>Dependencies\MathGeoLib\Math</Filter>
    </ClInclude>
    <ClInclude Include="Dependencies\MathGeoLib-v1.5\include\Math\float3.h">
      <Filter>Dependencies\MathGeoLib\Math</Filter>
    </ClInclude>
    <ClInclude Include="Dependencies\MathGeoLib-v1.5\include\Math\float3x3.h">
      <Filter>Dependencies\MathGeoLib\Math</Filter>
    </ClInclude>
    <ClInclude Include="Dependencies\MathGeoLib-v1.5\include\Math\float3x4.h">
      <Filter>Dependencies\MathGeoLib\Math</Filter>
    </ClInclude>
    <ClInclude Include="Dependencies\MathGeoLib-v1.5\include\Math\float4.h">
      <Filter>Dependencies\MathGeoLib\Math</Filter>
    </ClInclude>
    <ClInclude Include="Dependencies\MathGeoLib-v1.5\include\Math\float4_neon.h">
      <Filter>Dependencies\MathGeoLib\Math</Filter>
    </ClInclude>
    <ClInclude Include="Dependencies\MathGeoLib-v1.5\include\Math\float4_sse.h">
      <Filter>Dependencies\MathGeoLib\Math</Filter>
    </ClInclude>
    <ClInclude Include="Dependencies\MathGeoLib-v1.5\include\Math\float4x4.h">
      <Filter>Dependencies\MathGeoLib\Math</Filter>
    </ClInclude>
    <ClInclude Include="Dependencies\MathGeoLib-v1.5\include\Math\float4x4_neon.h">
      <Filter>Dependencies\MathGeoLib\Math</Filter>
    </ClInclude>
    <ClInclude Include="Dependencies\MathGeoLib-v1.5\include\Math\float4x4_sse.h">
      <Filter>Dependencies\MathGeoLib\Math</Filter>
    </ClInclude>
    <ClInclude Include="Dependencies\MathGeoLib-v1.5\include\Math\FloatCmp.h">
      <Filter>Dependencies\MathGeoLib\Math</Filter>
    </ClInclude>
    <ClInclude Include="Dependencies\MathGeoLib-v1.5\include\Math\MathAll.h">
      <Filter>Dependencies\MathGeoLib\Math</Filter>
    </ClInclude>
    <ClInclude Include="Dependencies\MathGeoLib-v1.5\include\Math\MathConstants.h">
      <Filter>Dependencies\MathGeoLib\Math</Filter>
    </ClInclude>
    <ClInclude Include="Dependencies\MathGeoLib-v1.5\include\Math\MathFunc.h">
      <Filter>Dependencies\MathGeoLib\Math</Filter>
    </ClInclude>
    <ClInclude Include="Dependencies\MathGeoLib-v1.5\include\Math\MathLog.h">
      <Filter>Dependencies\MathGeoLib\Math</Filter>
    </ClInclude>
    <ClInclude Include="Dependencies\MathGeoLib-v1.5\include\Math\MathNamespace.h">
      <Filter>Dependencies\MathGeoLib\Math</Filter>
    </ClInclude>
    <ClInclude Include="Dependencies\MathGeoLib-v1.5\include\Math\MathTypes.h">
      <Filter>Dependencies\MathGeoLib\Math</Filter>
    </ClInclude>
    <ClInclude Include="Dependencies\MathGeoLib-v1.5\include\Math\MatrixProxy.h">
      <Filter>Dependencies\MathGeoLib\Math</Filter>
    </ClInclude>
    <ClInclude Include="Dependencies\MathGeoLib-v1.5\include\Math\myassert.h">
      <Filter>Dependencies\MathGeoLib\Math</Filter>
    </ClInclude>
    <ClInclude Include="Dependencies\MathGeoLib-v1.5\include\Math\Polynomial.h">
      <Filter>Dependencies\MathGeoLib\Math</Filter>
    </ClInclude>
    <ClInclude Include="Dependencies\MathGeoLib-v1.5\include\Math\Quat.h">
      <Filter>Dependencies\MathGeoLib\Math</Filter>
    </ClInclude>
    <ClInclude Include="Dependencies\MathGeoLib-v1.5\include\Math\quat_simd.h">
      <Filter>Dependencies\MathGeoLib\Math</Filter>
    </ClInclude>
    <ClInclude Include="Dependencies\MathGeoLib-v1.5\include\Math\Rect.h">
      <Filter>Dependencies\MathGeoLib\Math</Filter>
    </ClInclude>
    <ClInclude Include="Dependencies\MathGeoLib-v1.5\include\Math\Reinterpret.h">
      <Filter>Dependencies\MathGeoLib\Math</Filter>
    </ClInclude>
    <ClInclude Include="Dependencies\MathGeoLib-v1.5\include\Math\sse_mathfun.h">
      <Filter>Dependencies\MathGeoLib\Math</Filter>
    </ClInclude>
    <ClInclude Include="Dependencies\MathGeoLib-v1.5\include\Math\SSEMath.h">
      <Filter>Dependencies\MathGeoLib\Math</Filter>
    </ClInclude>
    <ClInclude Include="Dependencies\MathGeoLib-v1.5\include\Math\TransformOps.h">
      <Filter>Dependencies\MathGeoLib\Math</Filter>
    </ClInclude>
  </ItemGroup>
  <ItemGroup>
    <Filter Include="Dependencies">
      <UniqueIdentifier>{b4d566a1-da6b-4459-8060-3c9b3f339050}</UniqueIdentifier>
    </Filter>
    <Filter Include="Dependencies\ImGui">
      <UniqueIdentifier>{f21e2237-4826-4cfa-b7d0-390076d6a7b4}</UniqueIdentifier>
    </Filter>
    <Filter Include="Dependencies\ImGui\Backends">
      <UniqueIdentifier>{3f2f64a4-60a8-4119-8bc2-db3e955a823a}</UniqueIdentifier>
    </Filter>
    <Filter Include="Panels">
      <UniqueIdentifier>{484d2c23-7ed4-47b5-8208-e922e3a7d9c6}</UniqueIdentifier>
    </Filter>
    <Filter Include="Dependencies\DebugDraw">
      <UniqueIdentifier>{3e12352f-bdca-40ad-8564-2646a77ac41c}</UniqueIdentifier>
    </Filter>
    <Filter Include="Dependencies\DebugDraw">
      <UniqueIdentifier>{3e12352f-bdca-40ad-8564-2646a77ac41c}</UniqueIdentifier>
    </Filter>
    <Filter Include="Dependencies\MathGeoLib">
      <UniqueIdentifier>{d1ca0b5e-6cf2-4bd6-a0f8-60ad34ab11bb}</UniqueIdentifier>
    </Filter>
    <Filter Include="Dependencies\MathGeoLib\Math">
      <UniqueIdentifier>{9c1daccd-d1ad-4040-a84e-13fc07822eae}</UniqueIdentifier>
    </Filter>
    <Filter Include="Dependencies\MathGeoLib\Geometry">
      <UniqueIdentifier>{2ce5fefc-988b-464a-920d-8fac105dc475}</UniqueIdentifier>
    </Filter>
    <Filter Include="Dependencies\MathGeoLib\Algorithm">
      <UniqueIdentifier>{b1107844-120e-473d-a690-df600b8b74fc}</UniqueIdentifier>
    </Filter>
    <Filter Include="Dependencies\MathGeoLib\Time">
      <UniqueIdentifier>{6cbf4185-af1b-4c6a-88b9-2d7a2a367dc0}</UniqueIdentifier>
    </Filter>
  </ItemGroup>
</Project>