<?xml version="1.0" encoding="utf-8"?>
<Project ToolsVersion="4.0" xmlns="http://schemas.microsoft.com/developer/msbuild/2003">
  <ItemGroup>
    <ClCompile Include="Application.cpp" />
    <ClCompile Include="log.cpp" />
    <ClCompile Include="Main.cpp" />
    <ClCompile Include="ModuleInput.cpp" />
    <ClCompile Include="ModuleOpenGL.cpp" />
    <ClCompile Include="ModuleWindow.cpp" />
    <ClCompile Include="Dependencies\ImGui-1.90-docking\include\imgui.cpp">
      <Filter>Dependencies\ImGui</Filter>
    </ClCompile>
    <ClCompile Include="Dependencies\ImGui-1.90-docking\include\imgui_demo.cpp">
      <Filter>Dependencies\ImGui</Filter>
    </ClCompile>
    <ClCompile Include="Dependencies\ImGui-1.90-docking\include\imgui_draw.cpp">
      <Filter>Dependencies\ImGui</Filter>
    </ClCompile>
    <ClCompile Include="Dependencies\ImGui-1.90-docking\include\imgui_tables.cpp">
      <Filter>Dependencies\ImGui</Filter>
    </ClCompile>
    <ClCompile Include="Dependencies\ImGui-1.90-docking\include\imgui_widgets.cpp">
      <Filter>Dependencies\ImGui</Filter>
    </ClCompile>
    <ClCompile Include="Dependencies\ImGui-1.90-docking\include\backends\imgui_impl_opengl3.cpp">
      <Filter>Dependencies\ImGui\Backends</Filter>
    </ClCompile>
    <ClCompile Include="Dependencies\ImGui-1.90-docking\include\backends\imgui_impl_sdl2.cpp">
      <Filter>Dependencies\ImGui\Backends</Filter>
    </ClCompile>
    <ClCompile Include="ModuleEditor.cpp" />
    <ClCompile Include="ModuleScene.cpp" />
    <ClCompile Include="Panel.cpp">
      <Filter>Panels</Filter>
    </ClCompile>
    <ClCompile Include="AboutPanel.cpp">
      <Filter>Panels</Filter>
    </ClCompile>
    <ClCompile Include="ConsolePanel.cpp">
      <Filter>Panels</Filter>
    </ClCompile>
    <ClCompile Include="Dependencies\MathGeoLib-v1.5\include\Time\Clock.cpp">
      <Filter>Dependencies\MathGeoLib\Time</Filter>
    </ClCompile>
    <ClCompile Include="Dependencies\MathGeoLib-v1.5\include\Math\BitOps.cpp">
      <Filter>Dependencies\MathGeoLib\Math</Filter>
    </ClCompile>
    <ClCompile Include="Dependencies\MathGeoLib-v1.5\include\Math\float2.cpp">
      <Filter>Dependencies\MathGeoLib\Math</Filter>
    </ClCompile>
    <ClCompile Include="Dependencies\MathGeoLib-v1.5\include\Math\float3.cpp">
      <Filter>Dependencies\MathGeoLib\Math</Filter>
    </ClCompile>
    <ClCompile Include="Dependencies\MathGeoLib-v1.5\include\Math\float3x3.cpp">
      <Filter>Dependencies\MathGeoLib\Math</Filter>
    </ClCompile>
    <ClCompile Include="Dependencies\MathGeoLib-v1.5\include\Math\float3x4.cpp">
      <Filter>Dependencies\MathGeoLib\Math</Filter>
    </ClCompile>
    <ClCompile Include="Dependencies\MathGeoLib-v1.5\include\Math\float4.cpp">
      <Filter>Dependencies\MathGeoLib\Math</Filter>
    </ClCompile>
    <ClCompile Include="Dependencies\MathGeoLib-v1.5\include\Math\float4x4.cpp">
      <Filter>Dependencies\MathGeoLib\Math</Filter>
    </ClCompile>
    <ClCompile Include="Dependencies\MathGeoLib-v1.5\include\Math\MathFunc.cpp">
      <Filter>Dependencies\MathGeoLib\Math</Filter>
    </ClCompile>
    <ClCompile Include="Dependencies\MathGeoLib-v1.5\include\Math\MathLog.cpp">
      <Filter>Dependencies\MathGeoLib\Math</Filter>
    </ClCompile>
    <ClCompile Include="Dependencies\MathGeoLib-v1.5\include\Math\MathOps.cpp">
      <Filter>Dependencies\MathGeoLib\Math</Filter>
    </ClCompile>
    <ClCompile Include="Dependencies\MathGeoLib-v1.5\include\Math\Polynomial.cpp">
      <Filter>Dependencies\MathGeoLib\Math</Filter>
    </ClCompile>
    <ClCompile Include="Dependencies\MathGeoLib-v1.5\include\Math\Quat.cpp">
      <Filter>Dependencies\MathGeoLib\Math</Filter>
    </ClCompile>
    <ClCompile Include="Dependencies\MathGeoLib-v1.5\include\Math\SSEMath.cpp">
      <Filter>Dependencies\MathGeoLib\Math</Filter>
    </ClCompile>
    <ClCompile Include="Dependencies\MathGeoLib-v1.5\include\Math\TransformOps.cpp">
      <Filter>Dependencies\MathGeoLib\Math</Filter>
    </ClCompile>
    <ClCompile Include="Dependencies\MathGeoLib-v1.5\include\Geometry\AABB.cpp">
      <Filter>Dependencies\MathGeoLib\Geometry</Filter>
    </ClCompile>
    <ClCompile Include="Dependencies\MathGeoLib-v1.5\include\Geometry\Capsule.cpp">
      <Filter>Dependencies\MathGeoLib\Geometry</Filter>
    </ClCompile>
    <ClCompile Include="Dependencies\MathGeoLib-v1.5\include\Geometry\Circle.cpp">
      <Filter>Dependencies\MathGeoLib\Geometry</Filter>
    </ClCompile>
    <ClCompile Include="Dependencies\MathGeoLib-v1.5\include\Geometry\Cone.cpp">
      <Filter>Dependencies\MathGeoLib\Geometry</Filter>
    </ClCompile>
    <ClCompile Include="Dependencies\MathGeoLib-v1.5\include\Geometry\Cylinder.cpp">
      <Filter>Dependencies\MathGeoLib\Geometry</Filter>
    </ClCompile>
    <ClCompile Include="Dependencies\MathGeoLib-v1.5\include\Geometry\Frustum.cpp">
      <Filter>Dependencies\MathGeoLib\Geometry</Filter>
    </ClCompile>
    <ClCompile Include="Dependencies\MathGeoLib-v1.5\include\Geometry\Line.cpp">
      <Filter>Dependencies\MathGeoLib\Geometry</Filter>
    </ClCompile>
    <ClCompile Include="Dependencies\MathGeoLib-v1.5\include\Geometry\LineSegment.cpp">
      <Filter>Dependencies\MathGeoLib\Geometry</Filter>
    </ClCompile>
    <ClCompile Include="Dependencies\MathGeoLib-v1.5\include\Geometry\OBB.cpp">
      <Filter>Dependencies\MathGeoLib\Geometry</Filter>
    </ClCompile>
    <ClCompile Include="Dependencies\MathGeoLib-v1.5\include\Geometry\Plane.cpp">
      <Filter>Dependencies\MathGeoLib\Geometry</Filter>
    </ClCompile>
    <ClCompile Include="Dependencies\MathGeoLib-v1.5\include\Geometry\Polygon.cpp">
      <Filter>Dependencies\MathGeoLib\Geometry</Filter>
    </ClCompile>
    <ClCompile Include="Dependencies\MathGeoLib-v1.5\include\Geometry\Polyhedron.cpp">
      <Filter>Dependencies\MathGeoLib\Geometry</Filter>
    </ClCompile>
    <ClCompile Include="Dependencies\MathGeoLib-v1.5\include\Geometry\Ray.cpp">
      <Filter>Dependencies\MathGeoLib\Geometry</Filter>
    </ClCompile>
    <ClCompile Include="Dependencies\MathGeoLib-v1.5\include\Geometry\Sphere.cpp">
      <Filter>Dependencies\MathGeoLib\Geometry</Filter>
    </ClCompile>
    <ClCompile Include="Dependencies\MathGeoLib-v1.5\include\Geometry\Triangle.cpp">
      <Filter>Dependencies\MathGeoLib\Geometry</Filter>
    </ClCompile>
    <ClCompile Include="Dependencies\MathGeoLib-v1.5\include\Geometry\TriangleMesh.cpp">
      <Filter>Dependencies\MathGeoLib\Geometry</Filter>
    </ClCompile>
    <ClCompile Include="Dependencies\MathGeoLib-v1.5\include\Algorithm\Random\LCG.cpp">
      <Filter>Dependencies\MathGeoLib\Algorithm\Random</Filter>
    </ClCompile>
    <ClCompile Include="ModuleFileSystem.cpp" />
    <ClCompile Include="Importer.cpp">
      <Filter>Importers</Filter>
    </ClCompile>
    <ClCompile Include="ImporterTexture.cpp">
      <Filter>Importers</Filter>
    </ClCompile>
    <ClCompile Include="ImporterMesh.cpp">
      <Filter>Importers</Filter>
    </ClCompile>
    <ClCompile Include="ImporterScene.cpp">
      <Filter>Importers</Filter>
    </ClCompile>
    <ClCompile Include="ImporterModel.cpp">
      <Filter>Importers</Filter>
    </ClCompile>
    <ClCompile Include="ModuleCamera.cpp" />
    <ClCompile Include="ModuleDebugDraw.cpp" />
    <ClCompile Include="ModuleRenderTest.cpp" />
    <ClCompile Include="GameObject.cpp">
      <Filter>GameObjects</Filter>
    </ClCompile>
    <ClCompile Include="MeshRendererComponent.cpp">
      <Filter>GameObjects\Components</Filter>
    </ClCompile>
    <ClCompile Include="TestComponent.cpp">
      <Filter>GameObjects\Components</Filter>
    </ClCompile>
    <ClCompile Include="Component.cpp">
      <Filter>GameObjects\Components</Filter>
    </ClCompile>
    <ClCompile Include="HierarchyPanel.cpp">
      <Filter>Panels</Filter>
    </ClCompile>
    <ClCompile Include="InspectorPanel.cpp">
      <Filter>Panels</Filter>
    </ClCompile>
    <ClCompile Include="ImporterShader.cpp">
      <Filter>Importers</Filter>
    </ClCompile>
  </ItemGroup>
  <ItemGroup>
    <ClInclude Include="Application.h" />
    <ClInclude Include="Dummy.h" />
    <ClInclude Include="Globals.h" />
    <ClInclude Include="Module.h" />
    <ClInclude Include="ModuleInput.h" />
    <ClInclude Include="ModuleOpenGL.h" />
    <ClInclude Include="ModuleWindow.h" />
    <ClInclude Include="Dependencies\ImGui-1.90-docking\include\imconfig.h">
      <Filter>Dependencies\ImGui</Filter>
    </ClInclude>
    <ClInclude Include="Dependencies\ImGui-1.90-docking\include\imgui.h">
      <Filter>Dependencies\ImGui</Filter>
    </ClInclude>
    <ClInclude Include="Dependencies\ImGui-1.90-docking\include\imgui_internal.h">
      <Filter>Dependencies\ImGui</Filter>
    </ClInclude>
    <ClInclude Include="Dependencies\ImGui-1.90-docking\include\imstb_rectpack.h">
      <Filter>Dependencies\ImGui</Filter>
    </ClInclude>
    <ClInclude Include="Dependencies\ImGui-1.90-docking\include\imstb_textedit.h">
      <Filter>Dependencies\ImGui</Filter>
    </ClInclude>
    <ClInclude Include="Dependencies\ImGui-1.90-docking\include\imstb_truetype.h">
      <Filter>Dependencies\ImGui</Filter>
    </ClInclude>
    <ClInclude Include="Dependencies\ImGui-1.90-docking\include\backends\imgui_impl_opengl3.h">
      <Filter>Dependencies\ImGui\Backends</Filter>
    </ClInclude>
    <ClInclude Include="Dependencies\ImGui-1.90-docking\include\backends\imgui_impl_opengl3_loader.h">
      <Filter>Dependencies\ImGui\Backends</Filter>
    </ClInclude>
    <ClInclude Include="Dependencies\ImGui-1.90-docking\include\backends\imgui_impl_sdl2.h">
      <Filter>Dependencies\ImGui\Backends</Filter>
    </ClInclude>
    <ClInclude Include="ModuleEditor.h" />
    <ClInclude Include="ModuleScene.h" />
    <ClInclude Include="Panel.h">
      <Filter>Panels</Filter>
    </ClInclude>
    <ClInclude Include="AboutPanel.h">
      <Filter>Panels</Filter>
    </ClInclude>
    <ClInclude Include="ConsolePanel.h">
      <Filter>Panels</Filter>
    </ClInclude>
    <ClInclude Include="InspectorPanel.h">
      <Filter>Panels</Filter>
    </ClInclude>
    <ClInclude Include="HierarchyPanel.h">
      <Filter>Panels</Filter>
    </ClInclude>
    <ClInclude Include="ModuleCamera.h" />
    <ClInclude Include="ModuleRenderTest.h" />
    <ClInclude Include="ModuleDebugDraw.h" />
    <ClInclude Include="InspectorPanel.h">
      <Filter>Panels</Filter>
    </ClInclude>
    <ClInclude Include="HierarchyPanel.h">
      <Filter>Panels</Filter>
    </ClInclude>
    <ClInclude Include="ModuleCamera.h" />
    <ClInclude Include="ModuleRenderTest.h" />
    <ClInclude Include="ModuleDebugDraw.h" />
    <ClInclude Include="Dependencies\MathGeoLib-v1.5\include\MathBuildConfig.h">
      <Filter>Dependencies\MathGeoLib</Filter>
    </ClInclude>
    <ClInclude Include="Dependencies\MathGeoLib-v1.5\include\MathGeoLib.h">
      <Filter>Dependencies\MathGeoLib</Filter>
    </ClInclude>
    <ClInclude Include="Dependencies\MathGeoLib-v1.5\include\MathGeoLibFwd.h">
      <Filter>Dependencies\MathGeoLib</Filter>
    </ClInclude>
    <ClInclude Include="Dependencies\MathGeoLib-v1.5\include\Time\Clock.h">
      <Filter>Dependencies\MathGeoLib\Time</Filter>
    </ClInclude>
    <ClInclude Include="Dependencies\MathGeoLib-v1.5\include\Algorithm\Random\LCG.h">
      <Filter>Dependencies\MathGeoLib\Algorithm</Filter>
    </ClInclude>
    <ClInclude Include="Dependencies\MathGeoLib-v1.5\include\Geometry\AABB.h">
      <Filter>Dependencies\MathGeoLib\Geometry</Filter>
    </ClInclude>
    <ClInclude Include="Dependencies\MathGeoLib-v1.5\include\Geometry\AABB2D.h">
      <Filter>Dependencies\MathGeoLib\Geometry</Filter>
    </ClInclude>
    <ClInclude Include="Dependencies\MathGeoLib-v1.5\include\Geometry\Capsule.h">
      <Filter>Dependencies\MathGeoLib\Geometry</Filter>
    </ClInclude>
    <ClInclude Include="Dependencies\MathGeoLib-v1.5\include\Geometry\Circle.h">
      <Filter>Dependencies\MathGeoLib\Geometry</Filter>
    </ClInclude>
    <ClInclude Include="Dependencies\MathGeoLib-v1.5\include\Geometry\Cone.h">
      <Filter>Dependencies\MathGeoLib\Geometry</Filter>
    </ClInclude>
    <ClInclude Include="Dependencies\MathGeoLib-v1.5\include\Geometry\Cylinder.h">
      <Filter>Dependencies\MathGeoLib\Geometry</Filter>
    </ClInclude>
    <ClInclude Include="Dependencies\MathGeoLib-v1.5\include\Geometry\Frustum.h">
      <Filter>Dependencies\MathGeoLib\Geometry</Filter>
    </ClInclude>
    <ClInclude Include="Dependencies\MathGeoLib-v1.5\include\Geometry\GeometryAll.h">
      <Filter>Dependencies\MathGeoLib\Geometry</Filter>
    </ClInclude>
    <ClInclude Include="Dependencies\MathGeoLib-v1.5\include\Geometry\GeomType.h">
      <Filter>Dependencies\MathGeoLib\Geometry</Filter>
    </ClInclude>
    <ClInclude Include="Dependencies\MathGeoLib-v1.5\include\Geometry\HitInfo.h">
      <Filter>Dependencies\MathGeoLib\Geometry</Filter>
    </ClInclude>
    <ClInclude Include="Dependencies\MathGeoLib-v1.5\include\Geometry\KDTree.h">
      <Filter>Dependencies\MathGeoLib\Geometry</Filter>
    </ClInclude>
    <ClInclude Include="Dependencies\MathGeoLib-v1.5\include\Geometry\Line.h">
      <Filter>Dependencies\MathGeoLib\Geometry</Filter>
    </ClInclude>
    <ClInclude Include="Dependencies\MathGeoLib-v1.5\include\Geometry\LineSegment.h">
      <Filter>Dependencies\MathGeoLib\Geometry</Filter>
    </ClInclude>
    <ClInclude Include="Dependencies\MathGeoLib-v1.5\include\Geometry\OBB.h">
      <Filter>Dependencies\MathGeoLib\Geometry</Filter>
    </ClInclude>
    <ClInclude Include="Dependencies\MathGeoLib-v1.5\include\Geometry\PBVolume.h">
      <Filter>Dependencies\MathGeoLib\Geometry</Filter>
    </ClInclude>
    <ClInclude Include="Dependencies\MathGeoLib-v1.5\include\Geometry\Plane.h">
      <Filter>Dependencies\MathGeoLib\Geometry</Filter>
    </ClInclude>
    <ClInclude Include="Dependencies\MathGeoLib-v1.5\include\Geometry\Polygon.h">
      <Filter>Dependencies\MathGeoLib\Geometry</Filter>
    </ClInclude>
    <ClInclude Include="Dependencies\MathGeoLib-v1.5\include\Geometry\Polyhedron.h">
      <Filter>Dependencies\MathGeoLib\Geometry</Filter>
    </ClInclude>
    <ClInclude Include="Dependencies\MathGeoLib-v1.5\include\Geometry\QuadTree.h">
      <Filter>Dependencies\MathGeoLib\Geometry</Filter>
    </ClInclude>
    <ClInclude Include="Dependencies\MathGeoLib-v1.5\include\Geometry\Ray.h">
      <Filter>Dependencies\MathGeoLib\Geometry</Filter>
    </ClInclude>
    <ClInclude Include="Dependencies\MathGeoLib-v1.5\include\Geometry\Sphere.h">
      <Filter>Dependencies\MathGeoLib\Geometry</Filter>
    </ClInclude>
    <ClInclude Include="Dependencies\MathGeoLib-v1.5\include\Geometry\Triangle.h">
      <Filter>Dependencies\MathGeoLib\Geometry</Filter>
    </ClInclude>
    <ClInclude Include="Dependencies\MathGeoLib-v1.5\include\Geometry\TriangleMesh.h">
      <Filter>Dependencies\MathGeoLib\Geometry</Filter>
    </ClInclude>
    <ClInclude Include="Dependencies\MathGeoLib-v1.5\include\Math\assume.h">
      <Filter>Dependencies\MathGeoLib\Math</Filter>
    </ClInclude>
    <ClInclude Include="Dependencies\MathGeoLib-v1.5\include\Math\BitOps.h">
      <Filter>Dependencies\MathGeoLib\Math</Filter>
    </ClInclude>
    <ClInclude Include="Dependencies\MathGeoLib-v1.5\include\Math\Complex.h">
      <Filter>Dependencies\MathGeoLib\Math</Filter>
    </ClInclude>
    <ClInclude Include="Dependencies\MathGeoLib-v1.5\include\Math\CoordinateAxisConvention.h">
      <Filter>Dependencies\MathGeoLib\Math</Filter>
    </ClInclude>
    <ClInclude Include="Dependencies\MathGeoLib-v1.5\include\Math\FixedPoint.h">
      <Filter>Dependencies\MathGeoLib\Math</Filter>
    </ClInclude>
    <ClInclude Include="Dependencies\MathGeoLib-v1.5\include\Math\float2.h">
      <Filter>Dependencies\MathGeoLib\Math</Filter>
    </ClInclude>
    <ClInclude Include="Dependencies\MathGeoLib-v1.5\include\Math\float3.h">
      <Filter>Dependencies\MathGeoLib\Math</Filter>
    </ClInclude>
    <ClInclude Include="Dependencies\MathGeoLib-v1.5\include\Math\float3x3.h">
      <Filter>Dependencies\MathGeoLib\Math</Filter>
    </ClInclude>
    <ClInclude Include="Dependencies\MathGeoLib-v1.5\include\Math\float3x4.h">
      <Filter>Dependencies\MathGeoLib\Math</Filter>
    </ClInclude>
    <ClInclude Include="Dependencies\MathGeoLib-v1.5\include\Math\float4.h">
      <Filter>Dependencies\MathGeoLib\Math</Filter>
    </ClInclude>
    <ClInclude Include="Dependencies\MathGeoLib-v1.5\include\Math\float4_neon.h">
      <Filter>Dependencies\MathGeoLib\Math</Filter>
    </ClInclude>
    <ClInclude Include="Dependencies\MathGeoLib-v1.5\include\Math\float4_sse.h">
      <Filter>Dependencies\MathGeoLib\Math</Filter>
    </ClInclude>
    <ClInclude Include="Dependencies\MathGeoLib-v1.5\include\Math\float4x4.h">
      <Filter>Dependencies\MathGeoLib\Math</Filter>
    </ClInclude>
    <ClInclude Include="Dependencies\MathGeoLib-v1.5\include\Math\float4x4_neon.h">
      <Filter>Dependencies\MathGeoLib\Math</Filter>
    </ClInclude>
    <ClInclude Include="Dependencies\MathGeoLib-v1.5\include\Math\float4x4_sse.h">
      <Filter>Dependencies\MathGeoLib\Math</Filter>
    </ClInclude>
    <ClInclude Include="Dependencies\MathGeoLib-v1.5\include\Math\FloatCmp.h">
      <Filter>Dependencies\MathGeoLib\Math</Filter>
    </ClInclude>
    <ClInclude Include="Dependencies\MathGeoLib-v1.5\include\Math\MathAll.h">
      <Filter>Dependencies\MathGeoLib\Math</Filter>
    </ClInclude>
    <ClInclude Include="Dependencies\MathGeoLib-v1.5\include\Math\MathConstants.h">
      <Filter>Dependencies\MathGeoLib\Math</Filter>
    </ClInclude>
    <ClInclude Include="Dependencies\MathGeoLib-v1.5\include\Math\MathFunc.h">
      <Filter>Dependencies\MathGeoLib\Math</Filter>
    </ClInclude>
    <ClInclude Include="Dependencies\MathGeoLib-v1.5\include\Math\MathLog.h">
      <Filter>Dependencies\MathGeoLib\Math</Filter>
    </ClInclude>
    <ClInclude Include="Dependencies\MathGeoLib-v1.5\include\Math\MathNamespace.h">
      <Filter>Dependencies\MathGeoLib\Math</Filter>
    </ClInclude>
    <ClInclude Include="Dependencies\MathGeoLib-v1.5\include\Math\MathTypes.h">
      <Filter>Dependencies\MathGeoLib\Math</Filter>
    </ClInclude>
    <ClInclude Include="Dependencies\MathGeoLib-v1.5\include\Math\MatrixProxy.h">
      <Filter>Dependencies\MathGeoLib\Math</Filter>
    </ClInclude>
    <ClInclude Include="Dependencies\MathGeoLib-v1.5\include\Math\myassert.h">
      <Filter>Dependencies\MathGeoLib\Math</Filter>
    </ClInclude>
    <ClInclude Include="Dependencies\MathGeoLib-v1.5\include\Math\Polynomial.h">
      <Filter>Dependencies\MathGeoLib\Math</Filter>
    </ClInclude>
    <ClInclude Include="Dependencies\MathGeoLib-v1.5\include\Math\Quat.h">
      <Filter>Dependencies\MathGeoLib\Math</Filter>
    </ClInclude>
    <ClInclude Include="Dependencies\MathGeoLib-v1.5\include\Math\quat_simd.h">
      <Filter>Dependencies\MathGeoLib\Math</Filter>
    </ClInclude>
    <ClInclude Include="Dependencies\MathGeoLib-v1.5\include\Math\Rect.h">
      <Filter>Dependencies\MathGeoLib\Math</Filter>
    </ClInclude>
    <ClInclude Include="Dependencies\MathGeoLib-v1.5\include\Math\Reinterpret.h">
      <Filter>Dependencies\MathGeoLib\Math</Filter>
    </ClInclude>
    <ClInclude Include="Dependencies\MathGeoLib-v1.5\include\Math\sse_mathfun.h">
      <Filter>Dependencies\MathGeoLib\Math</Filter>
    </ClInclude>
    <ClInclude Include="Dependencies\MathGeoLib-v1.5\include\Math\SSEMath.h">
      <Filter>Dependencies\MathGeoLib\Math</Filter>
    </ClInclude>
    <ClInclude Include="Dependencies\MathGeoLib-v1.5\include\Math\TransformOps.h">
      <Filter>Dependencies\MathGeoLib\Math</Filter>
    </ClInclude>
    <ClInclude Include="Dependencies\MathGeoLib-v1.5\include\Geometry\AABB.h">
      <Filter>Dependencies\MathGeoLib\Geometry</Filter>
    </ClInclude>
    <ClInclude Include="Dependencies\MathGeoLib-v1.5\include\Geometry\AABB2D.h">
      <Filter>Dependencies\MathGeoLib\Geometry</Filter>
    </ClInclude>
    <ClInclude Include="Dependencies\MathGeoLib-v1.5\include\Geometry\Capsule.h">
      <Filter>Dependencies\MathGeoLib\Geometry</Filter>
    </ClInclude>
    <ClInclude Include="Dependencies\MathGeoLib-v1.5\include\Geometry\Circle.h">
      <Filter>Dependencies\MathGeoLib\Geometry</Filter>
    </ClInclude>
    <ClInclude Include="Dependencies\MathGeoLib-v1.5\include\Geometry\Cone.h">
      <Filter>Dependencies\MathGeoLib\Geometry</Filter>
    </ClInclude>
    <ClInclude Include="Dependencies\MathGeoLib-v1.5\include\Geometry\Cylinder.h">
      <Filter>Dependencies\MathGeoLib\Geometry</Filter>
    </ClInclude>
    <ClInclude Include="Dependencies\MathGeoLib-v1.5\include\Geometry\Frustum.h">
      <Filter>Dependencies\MathGeoLib\Geometry</Filter>
    </ClInclude>
    <ClInclude Include="Dependencies\MathGeoLib-v1.5\include\Geometry\GeometryAll.h">
      <Filter>Dependencies\MathGeoLib\Geometry</Filter>
    </ClInclude>
    <ClInclude Include="Dependencies\MathGeoLib-v1.5\include\Geometry\GeomType.h">
      <Filter>Dependencies\MathGeoLib\Geometry</Filter>
    </ClInclude>
    <ClInclude Include="Dependencies\MathGeoLib-v1.5\include\Geometry\HitInfo.h">
      <Filter>Dependencies\MathGeoLib\Geometry</Filter>
    </ClInclude>
    <ClInclude Include="Dependencies\MathGeoLib-v1.5\include\Geometry\KDTree.h">
      <Filter>Dependencies\MathGeoLib\Geometry</Filter>
    </ClInclude>
    <ClInclude Include="Dependencies\MathGeoLib-v1.5\include\Geometry\Line.h">
      <Filter>Dependencies\MathGeoLib\Geometry</Filter>
    </ClInclude>
    <ClInclude Include="Dependencies\MathGeoLib-v1.5\include\Geometry\LineSegment.h">
      <Filter>Dependencies\MathGeoLib\Geometry</Filter>
    </ClInclude>
    <ClInclude Include="Dependencies\MathGeoLib-v1.5\include\Geometry\OBB.h">
      <Filter>Dependencies\MathGeoLib\Geometry</Filter>
    </ClInclude>
    <ClInclude Include="Dependencies\MathGeoLib-v1.5\include\Geometry\PBVolume.h">
      <Filter>Dependencies\MathGeoLib\Geometry</Filter>
    </ClInclude>
    <ClInclude Include="Dependencies\MathGeoLib-v1.5\include\Geometry\Plane.h">
      <Filter>Dependencies\MathGeoLib\Geometry</Filter>
    </ClInclude>
    <ClInclude Include="Dependencies\MathGeoLib-v1.5\include\Geometry\Polygon.h">
      <Filter>Dependencies\MathGeoLib\Geometry</Filter>
    </ClInclude>
    <ClInclude Include="Dependencies\MathGeoLib-v1.5\include\Geometry\Polyhedron.h">
      <Filter>Dependencies\MathGeoLib\Geometry</Filter>
    </ClInclude>
    <ClInclude Include="Dependencies\MathGeoLib-v1.5\include\Geometry\QuadTree.h">
      <Filter>Dependencies\MathGeoLib\Geometry</Filter>
    </ClInclude>
    <ClInclude Include="Dependencies\MathGeoLib-v1.5\include\Geometry\Ray.h">
      <Filter>Dependencies\MathGeoLib\Geometry</Filter>
    </ClInclude>
    <ClInclude Include="Dependencies\MathGeoLib-v1.5\include\Geometry\Sphere.h">
      <Filter>Dependencies\MathGeoLib\Geometry</Filter>
    </ClInclude>
    <ClInclude Include="Dependencies\MathGeoLib-v1.5\include\Geometry\Triangle.h">
      <Filter>Dependencies\MathGeoLib\Geometry</Filter>
    </ClInclude>
    <ClInclude Include="Dependencies\MathGeoLib-v1.5\include\Geometry\TriangleMesh.h">
      <Filter>Dependencies\MathGeoLib\Geometry</Filter>
    </ClInclude>
    <ClInclude Include="Dependencies\MathGeoLib-v1.5\include\Algorithm\Random\LCG.h">
      <Filter>Dependencies\MathGeoLib\Algorithm\Random</Filter>
    </ClInclude>
    <ClInclude Include="ModuleFileSystem.h" />
    <ClInclude Include="Importer.h">
      <Filter>Importers</Filter>
    </ClInclude>
    <ClInclude Include="ImporterTexture.h">
      <Filter>Importers</Filter>
    </ClInclude>
    <ClInclude Include="ImporterMesh.h">
      <Filter>Importers</Filter>
    </ClInclude>
    <ClInclude Include="Dependencies\Tinygltf-2.8.19\tiny_gltf.h">
      <Filter>Dependencies\TinyGLTF</Filter>
    </ClInclude>
    <ClInclude Include="Dependencies\Tinygltf-2.8.19\json.hpp">
      <Filter>Dependencies\TinyGLTF</Filter>
    </ClInclude>
    <ClInclude Include="Dependencies\Tinygltf-2.8.19\stb_image.h">
      <Filter>Dependencies\TinyGLTF</Filter>
    </ClInclude>
    <ClInclude Include="Dependencies\Tinygltf-2.8.19\stb_image_write.h">
      <Filter>Dependencies\TinyGLTF</Filter>
    </ClInclude>
    <ClInclude Include="ImporterScene.h">
      <Filter>Importers</Filter>
    </ClInclude>
    <ClInclude Include="ImporterModel.h">
      <Filter>Importers</Filter>
    </ClInclude>
    <ClInclude Include="InspectorPanel.h" />
    <ClInclude Include="ModuleCamera.h" />
    <ClInclude Include="ModuleDebugDraw.h" />
    <ClInclude Include="ModuleRenderTest.h" />
    <ClInclude Include="debug_draw.hpp">
      <Filter>Dependencies\DebugDraw</Filter>
    </ClInclude>
    <ClInclude Include="debugdraw.h">
      <Filter>Dependencies\DebugDraw</Filter>
    </ClInclude>
    <ClInclude Include="GameObject.h">
      <Filter>GameObjects</Filter>
    </ClInclude>
    <ClInclude Include="MeshRendererComponent.h">
      <Filter>GameObjects\Components</Filter>
    </ClInclude>
    <ClInclude Include="TestComponent.h">
      <Filter>GameObjects\Components</Filter>
    </ClInclude>
    <ClInclude Include="Component.h">
      <Filter>GameObjects\Components</Filter>
    </ClInclude>
    <ClInclude Include="TestComponent.h">
      <Filter>GameObjects\Components</Filter>
    </ClInclude>
    <ClInclude Include="Dependencies\DebugDraw\debug_draw.hpp">
      <Filter>Dependencies\DebugDraw</Filter>
    </ClInclude>
    <ClInclude Include="Dependencies\DebugDraw\debugdraw.h">
      <Filter>Dependencies\DebugDraw</Filter>
    </ClInclude>
    <ClInclude Include="ImporterShader.h">
      <Filter>Importers</Filter>
    </ClInclude>
  </ItemGroup>
  <ItemGroup>
    <Filter Include="Dependencies">
      <UniqueIdentifier>{b4d566a1-da6b-4459-8060-3c9b3f339050}</UniqueIdentifier>
    </Filter>
    <Filter Include="Dependencies\ImGui">
      <UniqueIdentifier>{f21e2237-4826-4cfa-b7d0-390076d6a7b4}</UniqueIdentifier>
    </Filter>
    <Filter Include="Dependencies\ImGui\Backends">
      <UniqueIdentifier>{3f2f64a4-60a8-4119-8bc2-db3e955a823a}</UniqueIdentifier>
    </Filter>
    <Filter Include="Panels">
      <UniqueIdentifier>{484d2c23-7ed4-47b5-8208-e922e3a7d9c6}</UniqueIdentifier>
    </Filter>
    <Filter Include="Dependencies\MathGeoLib">
      <UniqueIdentifier>{9aff8f19-ea43-4183-9d45-44520e2c2829}</UniqueIdentifier>
    </Filter>
    <Filter Include="Dependencies\MathGeoLib\Algorithm">
      <UniqueIdentifier>{f52b5cf8-aed7-4250-89b6-8dadbc377122}</UniqueIdentifier>
    </Filter>
    <Filter Include="Dependencies\MathGeoLib\Geometry">
      <UniqueIdentifier>{3cdca794-57ee-42b6-8553-0547fb08db4c}</UniqueIdentifier>
    </Filter>
    <Filter Include="Dependencies\MathGeoLib\Math">
      <UniqueIdentifier>{c2a95d56-2579-4d2d-a3c3-97dd3a9e391b}</UniqueIdentifier>
    </Filter>
    <Filter Include="Dependencies\MathGeoLib\Time">
      <UniqueIdentifier>{ab0740ec-ecc2-4cbc-a287-a3b1ba9b4f79}</UniqueIdentifier>
    </Filter>
    <Filter Include="Dependencies\MathGeoLib\Algorithm\Random">
      <UniqueIdentifier>{dfad91e7-ed65-4749-add2-d1bfd98a511e}</UniqueIdentifier>
    </Filter>
    <Filter Include="Importers">
      <UniqueIdentifier>{59a2e3e5-812b-45f5-9a1a-5096740588ea}</UniqueIdentifier>
    </Filter>
    <Filter Include="Dependencies\TinyGLTF">
      <UniqueIdentifier>{b7577db9-f68a-494d-a49f-c95d2c21f9ae}</UniqueIdentifier>
    </Filter>
    <Filter Include="Dependencies\DebugDraw">
      <UniqueIdentifier>{2c4a22f9-4369-4564-a01f-b373358df20e}</UniqueIdentifier>
    </Filter>
    <Filter Include="GameObjects">
      <UniqueIdentifier>{5e6e8bce-ab02-47f2-9e17-afaf09a12b4c}</UniqueIdentifier>
    </Filter>
    <Filter Include="GameObjects\Components">
      <UniqueIdentifier>{81d59651-7fc9-4778-967f-0ecdcfa808ec}</UniqueIdentifier>
    </Filter>
  </ItemGroup>
  <ItemGroup>
    <None Include="Dependencies\MathGeoLib-v1.5\include\Math\Matrix.inl">
      <Filter>Dependencies\MathGeoLib\Math</Filter>
    </None>
    <None Include="Dependencies\MathGeoLib-v1.5\include\Geometry\KDTree.inl">
      <Filter>Dependencies\MathGeoLib\Geometry</Filter>
    </None>
    <None Include="Dependencies\MathGeoLib-v1.5\include\Geometry\QuadTree.inl">
      <Filter>Dependencies\MathGeoLib\Geometry</Filter>
    </None>
    <None Include="Dependencies\MathGeoLib-v1.5\include\Geometry\TriangleMesh_IntersectRay_AVX.inl">
      <Filter>Dependencies\MathGeoLib\Geometry</Filter>
    </None>
    <None Include="Dependencies\MathGeoLib-v1.5\include\Geometry\TriangleMesh_IntersectRay_CPP.inl">
      <Filter>Dependencies\MathGeoLib\Geometry</Filter>
    </None>
    <None Include="Dependencies\MathGeoLib-v1.5\include\Geometry\TriangleMesh_IntersectRay_SSE.inl">
      <Filter>Dependencies\MathGeoLib\Geometry</Filter>
    </None>
  </ItemGroup>
</Project>