<?xml version="1.0" encoding="utf-8"?>
<Project ToolsVersion="4.0" xmlns="http://schemas.microsoft.com/developer/msbuild/2003">
  <ItemGroup>
    <Filter Include="Core">
      <UniqueIdentifier>{ca38f01c-ce95-4f3e-b24b-017371a04adc}</UniqueIdentifier>
    </Filter>
    <Filter Include="Modules">
      <UniqueIdentifier>{475318fa-3408-4d57-9b6f-d10d44d0cea3}</UniqueIdentifier>
    </Filter>
    <Filter Include="Utils">
      <UniqueIdentifier>{1f9c3e8a-172d-4349-90f7-271d52276416}</UniqueIdentifier>
    </Filter>
    <Filter Include="Utils\Scripting">
      <UniqueIdentifier>{1c81d75a-250a-4302-ae6d-a9785ac5066d}</UniqueIdentifier>
    </Filter>
  </ItemGroup>
  <ItemGroup>
    <ClCompile Include="Application.cpp">
      <Filter>Core</Filter>
    </ClCompile>
    <ClCompile Include="ModuleScriptManager.cpp">
      <Filter>Modules</Filter>
    </ClCompile>
    <ClCompile Include="ModuleInput.cpp">
      <Filter>Modules</Filter>
    </ClCompile>
    <ClCompile Include="ModuleCamera.cpp">
      <Filter>Modules</Filter>
    </ClCompile>
    <ClCompile Include="ModuleResource.cpp">
      <Filter>Modules</Filter>
    </ClCompile>
    <ClCompile Include="Script.cpp">
      <Filter>Utils\Scripting</Filter>
    </ClCompile>
    <ClCompile Include="Physics.cpp">
      <Filter>Utils\Scripting</Filter>
    </ClCompile>
  </ItemGroup>
  <ItemGroup>
    <ClInclude Include="Script.h">
      <Filter>Utils\Scripting</Filter>
    </ClInclude>
    <ClInclude Include="Physics.h">
      <Filter>Utils\Scripting</Filter>
    </ClInclude>
  </ItemGroup>
</Project>